
Microsoft Visual Studio Solution File, Format Version 12.00
# Visual Studio Version 16
VisualStudioVersion = 16.0.29424.173
MinimumVisualStudioVersion = 10.0.40219.1
Project("{9A19103F-16F7-4668-BE54-9A1E7A4F7556}") = "HelloWorldCs", "Hello World\HelloWorldCs\HelloWorldCs.csproj", "{499C0954-AF60-42BA-9D62-E81E7B9328DE}"
EndProject
Project("{2150E333-8FDC-42A3-9474-1A3956D46DE8}") = "Hello World", "Hello World", "{24534CED-B5EB-407A-AF42-4DBB359BD2BE}"
EndProject
Project("{778DAE3C-4631-46EA-AA77-85C1314464D9}") = "HelloWorldVb", "Hello World\HelloWorldVb\HelloWorldVb.vbproj", "{D3C798A8-53C8-4DA6-A272-88ECB8094940}"
EndProject
Project("{2150E333-8FDC-42A3-9474-1A3956D46DE8}") = "ASP.NET", "ASP.NET", "{E7521472-FE42-4094-81C0-4D04E92B8AAD}"
EndProject
Project("{FAE04EC0-301F-11D3-BF4B-00C04F79EFBC}") = "MediumTrust", "ASP.NET\MediumTrustCs\MediumTrust.csproj", "{C7E73865-4A94-4E77-BCE1-ADABA5D876CA}"
EndProject
Project("{2150E333-8FDC-42A3-9474-1A3956D46DE8}") = "ASP.NET Core", "ASP.NET Core", "{A5C9855D-8523-4F5A-A248-CB5672521947}"
EndProject
Project("{9A19103F-16F7-4668-BE54-9A1E7A4F7556}") = "Document.Samples.Core", "ASP.NET Core\ASPNETCoreCs\Document.Samples.Core.csproj", "{CCB92E5C-0342-48BB-B7E2-75337C792BAE}"
EndProject
Project("{2150E333-8FDC-42A3-9474-1A3956D46DE8}") = "Bookmarks And Hyperlinks", "Bookmarks And Hyperlinks", "{587ED09C-4B43-4E7F-A8DE-01739CC33584}"
EndProject
Project("{9A19103F-16F7-4668-BE54-9A1E7A4F7556}") = "BookmarksAndHyperlinksCs", "Bookmarks And Hyperlinks\BookmarksAndHyperlinksCs\BookmarksAndHyperlinksCs.csproj", "{38D0DE87-BD51-4646-A9FF-ED2D3E3AFBF1}"
EndProject
Project("{778DAE3C-4631-46EA-AA77-85C1314464D9}") = "BookmarksAndHyperlinksVb", "Bookmarks And Hyperlinks\BookmarksAndHyperlinksVb\BookmarksAndHyperlinksVb.vbproj", "{F466EB07-1273-4719-A0CC-D74902508FE9}"
EndProject
Project("{2150E333-8FDC-42A3-9474-1A3956D46DE8}") = "Breaks", "Breaks", "{6576BB1C-23C8-4F16-9101-C27E4F23315F}"
EndProject
Project("{9A19103F-16F7-4668-BE54-9A1E7A4F7556}") = "BreaksCs", "Breaks\BreaksCs\BreaksCs.csproj", "{A8F10577-450E-42D1-95C0-6DD780ED68C1}"
EndProject
Project("{778DAE3C-4631-46EA-AA77-85C1314464D9}") = "BreaksVb", "Breaks\BreaksVb\BreaksVb.vbproj", "{A2AE8BB8-79DF-410C-8EC4-AD81DA0B7A6F}"
EndProject
Project("{2150E333-8FDC-42A3-9474-1A3956D46DE8}") = "Character Formatting", "Character Formatting", "{83EB0692-1E39-4151-9370-A1458AEE3BA0}"
EndProject
Project("{9A19103F-16F7-4668-BE54-9A1E7A4F7556}") = "CharacterFormattingCs", "Character Formatting\CharacterFormattingCs\CharacterFormattingCs.csproj", "{27B5ABF2-6EEC-46A7-AB35-719AABBA1DEF}"
EndProject
Project("{778DAE3C-4631-46EA-AA77-85C1314464D9}") = "CharacterFormattingVb", "Character Formatting\CharacterFormattingVb\CharacterFormattingVb.vbproj", "{B43BB4EA-68E7-40C1-A600-A2E9D6C0CC76}"
EndProject
Project("{2150E333-8FDC-42A3-9474-1A3956D46DE8}") = "Clear Options", "Clear Options", "{3C01293B-54C0-4D0C-83C5-6562F58B6EAA}"
EndProject
Project("{9A19103F-16F7-4668-BE54-9A1E7A4F7556}") = "ClearOptionsCs", "Clear Options\ClearOptionsCs\ClearOptionsCs.csproj", "{68CE127C-7388-4F11-89AB-8FAB164CDAB2}"
EndProject
Project("{778DAE3C-4631-46EA-AA77-85C1314464D9}") = "ClearOptionsVb", "Clear Options\ClearOptionsVb\ClearOptionsVb.vbproj", "{4FB2D464-FBFF-49B1-AF33-8F6C1413AD76}"
EndProject
Project("{2150E333-8FDC-42A3-9474-1A3956D46DE8}") = "Cloning", "Cloning", "{16C3BAA7-00C5-447F-B096-569261BF4B60}"
EndProject
Project("{9A19103F-16F7-4668-BE54-9A1E7A4F7556}") = "CloningCs", "Cloning\CloningCs\CloningCs.csproj", "{98C91FED-64F4-4ECF-80CB-8B6437D9E90D}"
EndProject
Project("{778DAE3C-4631-46EA-AA77-85C1314464D9}") = "CloningVb", "Cloning\CloningVb\CloningVb.vbproj", "{F376CB2C-0631-42D1-9907-2281B268339E}"
EndProject
Project("{2150E333-8FDC-42A3-9474-1A3956D46DE8}") = "COM", "COM", "{B80EBD40-6D4F-4D28-93FD-9B661516401E}"
	ProjectSection(SolutionItems) = preProject
		COM\ComTemplate.docx = COM\ComTemplate.docx
		COM\Program.php = COM\Program.php
		COM\Program.py = COM\Program.py
		COM\Program.vbs = COM\Program.vbs
	EndProjectSection
EndProject
Project("{2150E333-8FDC-42A3-9474-1A3956D46DE8}") = "Comments", "Comments", "{4D6943DF-A170-4989-B8D0-C66D9B5A7EEE}"
EndProject
Project("{9A19103F-16F7-4668-BE54-9A1E7A4F7556}") = "CommentsCs", "Comments\CommentsCs\CommentsCs.csproj", "{9F5F4B09-56CC-4E9E-8529-F79E049AE6A3}"
EndProject
Project("{778DAE3C-4631-46EA-AA77-85C1314464D9}") = "CommentsVb", "Comments\CommentsVb\CommentsVb.vbproj", "{EABEAB62-2667-448E-9A4C-2C3DF287EF8F}"
EndProject
Project("{2150E333-8FDC-42A3-9474-1A3956D46DE8}") = "Content Controls", "Content Controls", "{23256F49-2195-4AC6-B6CB-C2B8427DD86E}"
EndProject
Project("{9A19103F-16F7-4668-BE54-9A1E7A4F7556}") = "ContentControlsCs", "Content Controls\ContentControlsCs\ContentControlsCs.csproj", "{2829EB83-A68D-4BC7-B966-8DE891CED330}"
EndProject
Project("{778DAE3C-4631-46EA-AA77-85C1314464D9}") = "ContentControlsVb", "Content Controls\ContentControlsVb\ContentControlsVb.vbproj", "{33E16E41-F4B1-4824-A45A-9DD9582A517E}"
EndProject
Project("{2150E333-8FDC-42A3-9474-1A3956D46DE8}") = "Convert", "Convert", "{9EBB1BC1-365A-4F83-81BC-9B1055EF1895}"
EndProject
Project("{9A19103F-16F7-4668-BE54-9A1E7A4F7556}") = "ConvertCs", "Convert\ConvertCs\ConvertCs.csproj", "{B8B4245A-D965-4DC5-B689-62BC5AC9D81F}"
EndProject
Project("{778DAE3C-4631-46EA-AA77-85C1314464D9}") = "ConvertVb", "Convert\ConvertVb\ConvertVb.vbproj", "{9162F73D-E685-4FDA-8C8D-96DEB3D8F14D}"
EndProject
Project("{2150E333-8FDC-42A3-9474-1A3956D46DE8}") = "Convert To ImageSource", "Convert To ImageSource", "{38C23215-A9E1-427C-9635-21F163754531}"
EndProject
Project("{FAE04EC0-301F-11D3-BF4B-00C04F79EFBC}") = "ConvertToImageSourceCs", "Convert To ImageSource\ConvertToImageSourceCs\ConvertToImageSourceCs.csproj", "{4A93E440-0C1E-429B-8A50-C1CE789E31D5}"
EndProject
Project("{F184B08F-C81C-45F6-A57F-5ABD9991F28F}") = "ConvertToImageSourceVb", "Convert To ImageSource\ConvertToImageSourceVb\ConvertToImageSourceVb.vbproj", "{A557C74B-0E48-4CC0-9E1A-5FEF7F4EA542}"
EndProject
Project("{2150E333-8FDC-42A3-9474-1A3956D46DE8}") = "Convert To XpsDocument", "Convert To XpsDocument", "{442BE03D-5C5D-42B8-8E5F-29F6FA1D9132}"
EndProject
Project("{FAE04EC0-301F-11D3-BF4B-00C04F79EFBC}") = "ConvertToImageSourceCs", "Convert To XpsDocument\ConvertToImageSourceCs\ConvertToImageSourceCs.csproj", "{BD063B1D-E7BF-479D-8586-728E4589A118}"
EndProject
Project("{F184B08F-C81C-45F6-A57F-5ABD9991F28F}") = "ConvertToImageSourceVb", "Convert To XpsDocument\ConvertToImageSourceVb\ConvertToImageSourceVb.vbproj", "{6F85609F-511C-462A-A52A-5F0F6816E7DD}"
EndProject
Project("{2150E333-8FDC-42A3-9474-1A3956D46DE8}") = "Create Form", "Create Form", "{F910B90B-3AB0-4512-9E4D-A9BB44996872}"
EndProject
Project("{9A19103F-16F7-4668-BE54-9A1E7A4F7556}") = "CreateFormCs", "Create Form\CreateFormCs\CreateFormCs.csproj", "{E571C808-E4F0-42D9-A494-B8E5CBF50D55}"
EndProject
Project("{778DAE3C-4631-46EA-AA77-85C1314464D9}") = "CreateFormVb", "Create Form\CreateFormVb\CreateFormVb.vbproj", "{1A04CDD1-ECE6-4069-B3AC-86074ABEB154}"
EndProject
Project("{2150E333-8FDC-42A3-9474-1A3956D46DE8}") = "Customize Merge", "Customize Merge", "{95DC5A62-3BAB-45E6-8C8E-5110DF468913}"
EndProject
Project("{9A19103F-16F7-4668-BE54-9A1E7A4F7556}") = "CustomizeMergeCs", "Customize Merge\CustomizeMergeCs\CustomizeMergeCs.csproj", "{894D4EE6-F04D-45BB-9A5B-458337D6E507}"
EndProject
Project("{778DAE3C-4631-46EA-AA77-85C1314464D9}") = "CustomizeMergeVb", "Customize Merge\CustomizeMergeVb\CustomizeMergeVb.vbproj", "{D389E740-433E-460E-9B23-452FD95904A8}"
EndProject
Project("{2150E333-8FDC-42A3-9474-1A3956D46DE8}") = "Delete Content", "Delete Content", "{B63C21C6-02AB-4605-BE79-877D661E3A32}"
EndProject
Project("{9A19103F-16F7-4668-BE54-9A1E7A4F7556}") = "DeleteContentCs", "Delete Content\DeleteContentCs\DeleteContentCs.csproj", "{58FF8148-9976-46ED-BB6B-BD16D592B6A9}"
EndProject
Project("{778DAE3C-4631-46EA-AA77-85C1314464D9}") = "DeleteContentVb", "Delete Content\DeleteContentVb\DeleteContentVb.vbproj", "{4296FDEA-09AA-4528-98F9-AA5110389B55}"
EndProject
Project("{2150E333-8FDC-42A3-9474-1A3956D46DE8}") = "Document Properties", "Document Properties", "{D7F4ED1D-6EC0-4E82-A4A6-FBC1A109B27A}"
EndProject
Project("{9A19103F-16F7-4668-BE54-9A1E7A4F7556}") = "DocumentPropertiesCs", "Document Properties\DocumentPropertiesCs\DocumentPropertiesCs.csproj", "{CF158922-6EDE-4779-862A-0CD305FF478F}"
EndProject
Project("{778DAE3C-4631-46EA-AA77-85C1314464D9}") = "DocumentPropertiesVb", "Document Properties\DocumentPropertiesVb\DocumentPropertiesVb.vbproj", "{2FC0C8A4-2B99-4698-8831-AB32D3D9EFE1}"
EndProject
Project("{2150E333-8FDC-42A3-9474-1A3956D46DE8}") = "DOCX Encryption", "DOCX Encryption", "{3AF0AB50-671A-4B92-A96C-6BDEA051B659}"
EndProject
Project("{9A19103F-16F7-4668-BE54-9A1E7A4F7556}") = "DOCXEncryptionCs", "DOCX Encryption\DOCXEncryptionCs\DOCXEncryptionCs.csproj", "{9D12D73F-0DD4-4BC6-9589-8FE63948BC44}"
EndProject
Project("{778DAE3C-4631-46EA-AA77-85C1314464D9}") = "DOCXEncryptionVb", "DOCX Encryption\DOCXEncryptionVb\DOCXEncryptionVb.vbproj", "{5DE295D2-C978-4DDF-A52A-F883D2E74E23}"
EndProject
Project("{2150E333-8FDC-42A3-9474-1A3956D46DE8}") = "DOCX Write Protection", "DOCX Write Protection", "{90CE6F3C-CC0F-456C-9AC0-66BFD99C3BBF}"
EndProject
Project("{9A19103F-16F7-4668-BE54-9A1E7A4F7556}") = "DOCXWriteProtectionCs", "DOCX Write Protection\DOCXWriteProtectionCs\DOCXWriteProtectionCs.csproj", "{7DC651D6-9A72-43C8-A687-3397E76C2E6F}"
EndProject
Project("{778DAE3C-4631-46EA-AA77-85C1314464D9}") = "DOCXWriteProtectionVb", "DOCX Write Protection\DOCXWriteProtectionVb\DOCXWriteProtectionVb.vbproj", "{3BD8E9CD-750B-4C61-A3E7-4A373C192200}"
EndProject
Project("{2150E333-8FDC-42A3-9474-1A3956D46DE8}") = "Extract Text From PDF", "Extract Text From PDF", "{41DA93C9-5587-45BB-B4B5-BD133A5939B1}"
EndProject
Project("{9A19103F-16F7-4668-BE54-9A1E7A4F7556}") = "ExtractTextFromPDFCs", "Extract Text From PDF\ExtractTextFromPDFCs\ExtractTextFromPDFCs.csproj", "{7465A09B-EA77-48EC-9B78-578B01C1D91C}"
EndProject
Project("{778DAE3C-4631-46EA-AA77-85C1314464D9}") = "ExtractTextFromPDFVb", "Extract Text From PDF\ExtractTextFromPDFVb\ExtractTextFromPDFVb.vbproj", "{FB056F03-E98C-49B8-8E75-471DB3269B5A}"
EndProject
Project("{2150E333-8FDC-42A3-9474-1A3956D46DE8}") = "Fields", "Fields", "{7743719F-759E-4EE6-A0B9-BF493E87D658}"
EndProject
Project("{9A19103F-16F7-4668-BE54-9A1E7A4F7556}") = "FieldsCs", "Fields\FieldsCs\FieldsCs.csproj", "{F8A4472A-02E2-4150-AA84-9746F94A1DBA}"
EndProject
Project("{778DAE3C-4631-46EA-AA77-85C1314464D9}") = "FieldsVb", "Fields\FieldsVb\FieldsVb.vbproj", "{B4DAD53D-C3A7-4821-91B5-1FFC77259F53}"
EndProject
Project("{2150E333-8FDC-42A3-9474-1A3956D46DE8}") = "Find And Replace", "Find And Replace", "{C1AD9B7A-5197-447A-9E8D-3A5775B3A877}"
EndProject
Project("{9A19103F-16F7-4668-BE54-9A1E7A4F7556}") = "FindAndReplaceCs", "Find And Replace\FindAndReplaceCs\FindAndReplaceCs.csproj", "{40053D48-DC9A-4249-98BC-202A3B10D44F}"
EndProject
Project("{778DAE3C-4631-46EA-AA77-85C1314464D9}") = "FindAndReplaceVb", "Find And Replace\FindAndReplaceVb\FindAndReplaceVb.vbproj", "{D071DD9D-3836-42F3-A9D9-F5957B0B2FA8}"
EndProject
Project("{2150E333-8FDC-42A3-9474-1A3956D46DE8}") = "Footnotes And Endnotes", "Footnotes And Endnotes", "{D64B9C82-4986-4601-8347-3700A1DA82CC}"
EndProject
Project("{9A19103F-16F7-4668-BE54-9A1E7A4F7556}") = "FootnotesAndEndnotesCs", "Footnotes And Endnotes\FootnotesAndEndnotesCs\FootnotesAndEndnotesCs.csproj", "{B7643738-7E12-4ABE-9541-38417411C24E}"
EndProject
Project("{778DAE3C-4631-46EA-AA77-85C1314464D9}") = "FootnotesAndEndnotesVb", "Footnotes And Endnotes\FootnotesAndEndnotesVb\FootnotesAndEndnotesVb.vbproj", "{CBDB21B1-5082-4785-9C63-645DD43B64E1}"
EndProject
Project("{2150E333-8FDC-42A3-9474-1A3956D46DE8}") = "Get Content", "Get Content", "{97325F02-57C4-4101-AE0D-7BB2A2EF556A}"
EndProject
Project("{9A19103F-16F7-4668-BE54-9A1E7A4F7556}") = "GetContentCs", "Get Content\GetContentCs\GetContentCs.csproj", "{753CA30F-66AA-4C0E-B8FE-039B5CF09372}"
EndProject
Project("{778DAE3C-4631-46EA-AA77-85C1314464D9}") = "GetContentVb", "Get Content\GetContentVb\GetContentVb.vbproj", "{B8BCD8F6-3925-4C73-A850-BE5F1065E8D5}"
EndProject
Project("{2150E333-8FDC-42A3-9474-1A3956D46DE8}") = "Header And Footer", "Header And Footer", "{C918E9CC-7552-4661-93E4-C36E6E6DE414}"
EndProject
Project("{9A19103F-16F7-4668-BE54-9A1E7A4F7556}") = "HeaderAndFooterCs", "Header And Footer\HeaderAndFooterCs\HeaderAndFooterCs.csproj", "{E7110012-540D-4CA2-8209-661C1782C830}"
EndProject
Project("{778DAE3C-4631-46EA-AA77-85C1314464D9}") = "HeaderAndFooterVb", "Header And Footer\HeaderAndFooterVb\HeaderAndFooterVb.vbproj", "{075C5678-2E3A-4833-8954-7FC35142D536}"
EndProject
Project("{2150E333-8FDC-42A3-9474-1A3956D46DE8}") = "Html Import And Export", "Html Import And Export", "{682C355E-FABE-4F4D-AA6C-A8197AD4DE53}"
EndProject
Project("{9A19103F-16F7-4668-BE54-9A1E7A4F7556}") = "HtmlImportAndExportCs", "Html Import And Export\HtmlImportAndExportCs\HtmlImportAndExportCs.csproj", "{9BA4129B-343B-49BA-8EF2-C533A6740B65}"
EndProject
Project("{778DAE3C-4631-46EA-AA77-85C1314464D9}") = "HtmlImportAndExportVb", "Html Import And Export\HtmlImportAndExportVb\HtmlImportAndExportVb.vbproj", "{C0F544D7-E2BC-438B-8569-00F3FF1D7120}"
EndProject
Project("{2150E333-8FDC-42A3-9474-1A3956D46DE8}") = "If Fields", "If Fields", "{77836ACA-695B-4C28-91A4-9F84A48EA5BA}"
EndProject
Project("{9A19103F-16F7-4668-BE54-9A1E7A4F7556}") = "IfFieldsCs", "If Fields\IfFieldsCs\IfFieldsCs.csproj", "{CA772C29-9170-4E73-8E46-FC18C9D707D4}"
EndProject
Project("{778DAE3C-4631-46EA-AA77-85C1314464D9}") = "IfFieldsVb", "If Fields\IfFieldsVb\IfFieldsVb.vbproj", "{A48D0F22-720C-48C4-81B2-22E1628F7000}"
EndProject
Project("{2150E333-8FDC-42A3-9474-1A3956D46DE8}") = "Importing", "Importing", "{1C92EA33-DC00-49DD-B9C9-0137BBE4C5AC}"
EndProject
Project("{9A19103F-16F7-4668-BE54-9A1E7A4F7556}") = "ImportingCs", "Importing\ImportingCs\ImportingCs.csproj", "{4DC5D66F-E2F7-49F2-921D-A6415B69C953}"
EndProject
Project("{778DAE3C-4631-46EA-AA77-85C1314464D9}") = "ImportingVb", "Importing\ImportingVb\ImportingVb.vbproj", "{B19CC1CD-3F69-4F1B-9553-5BF9C7302BB5}"
EndProject
Project("{2150E333-8FDC-42A3-9474-1A3956D46DE8}") = "Insert Content", "Insert Content", "{9A421494-A119-4131-AD92-7501B8BD87AE}"
EndProject
Project("{9A19103F-16F7-4668-BE54-9A1E7A4F7556}") = "InsertContentCs", "Insert Content\InsertContentCs\InsertContentCs.csproj", "{FE8C3C22-4F27-41B2-8026-1C0211A45D73}"
EndProject
Project("{778DAE3C-4631-46EA-AA77-85C1314464D9}") = "InsertContentVb", "Insert Content\InsertContentVb\InsertContentVb.vbproj", "{B427E264-4289-49A6-AB36-0268FBA805B7}"
EndProject
Project("{2150E333-8FDC-42A3-9474-1A3956D46DE8}") = "Insert DataTable", "Insert DataTable", "{377FFB95-0892-445A-BF92-802D3CD5EDD2}"
EndProject
Project("{9A19103F-16F7-4668-BE54-9A1E7A4F7556}") = "InsertDataTableCs", "Insert DataTable\InsertDataTableCs\InsertDataTableCs.csproj", "{FA71B8E0-5B3E-49B8-A699-EF745FF84EAB}"
EndProject
Project("{778DAE3C-4631-46EA-AA77-85C1314464D9}") = "InsertDataTableVb", "Insert DataTable\InsertDataTableVb\InsertDataTableVb.vbproj", "{0A4BC3FA-7C40-43CC-BFDD-F7B4F6E85A3C}"
EndProject
Project("{2150E333-8FDC-42A3-9474-1A3956D46DE8}") = "Iterating", "Iterating", "{33164796-FC47-43C8-AAF3-400E9F4834A0}"
EndProject
Project("{9A19103F-16F7-4668-BE54-9A1E7A4F7556}") = "IteratingCs", "Iterating\IteratingCs\IteratingCs.csproj", "{4F78A7B8-9862-42F5-A399-F47E75477103}"
EndProject
Project("{778DAE3C-4631-46EA-AA77-85C1314464D9}") = "IteratingVb", "Iterating\IteratingVb\IteratingVb.vbproj", "{73D5AF3C-4574-4471-BC6A-7DBFA294F115}"
EndProject
Project("{2150E333-8FDC-42A3-9474-1A3956D46DE8}") = "Lists", "Lists", "{2D1D5E67-934C-49FE-8E0D-C728D0912B44}"
EndProject
Project("{9A19103F-16F7-4668-BE54-9A1E7A4F7556}") = "ListsCs", "Lists\ListsCs\ListsCs.csproj", "{68C407DE-0FCD-41C2-B74C-2205279AFB8B}"
EndProject
Project("{778DAE3C-4631-46EA-AA77-85C1314464D9}") = "ListsVb", "Lists\ListsVb\ListsVb.vbproj", "{A11E3B02-3114-48D8-A7C4-14222267FCBF}"
EndProject
Project("{2150E333-8FDC-42A3-9474-1A3956D46DE8}") = "Macros", "Macros", "{6A877606-F765-4266-B634-19CE9E176835}"
EndProject
Project("{9A19103F-16F7-4668-BE54-9A1E7A4F7556}") = "MacrosCs", "Macros\MacrosCs\MacrosCs.csproj", "{8A5B2B6F-8558-438E-A6F0-B73B3F947BB5}"
EndProject
Project("{778DAE3C-4631-46EA-AA77-85C1314464D9}") = "MacrosVb", "Macros\MacrosVb\MacrosVb.vbproj", "{B1227B28-1C98-4FBA-A83D-D0A56456784C}"
EndProject
Project("{2150E333-8FDC-42A3-9474-1A3956D46DE8}") = "Merge Cells", "Merge Cells", "{8C137A9D-F2A4-41B7-81A1-6E9FE0B4D3A0}"
EndProject
Project("{9A19103F-16F7-4668-BE54-9A1E7A4F7556}") = "MergeCellsCs", "Merge Cells\MergeCellsCs\MergeCellsCs.csproj", "{98A9C85D-3DE2-46DB-A15C-E5E27A5871D2}"
EndProject
Project("{778DAE3C-4631-46EA-AA77-85C1314464D9}") = "MergeCellsVb", "Merge Cells\MergeCellsVb\MergeCellsVb.vbproj", "{A7FE42EF-0240-4648-A9FE-FAE355DC6B43}"
EndProject
Project("{2150E333-8FDC-42A3-9474-1A3956D46DE8}") = "Merge Fields", "Merge Fields", "{8A33638A-0DC0-41A5-9788-515035C33FDF}"
EndProject
Project("{9A19103F-16F7-4668-BE54-9A1E7A4F7556}") = "MergeFieldsCs", "Merge Fields\MergeFieldsCs\MergeFieldsCs.csproj", "{7FA29F3C-1E0D-4C55-8BF1-648F50510CA6}"
EndProject
Project("{778DAE3C-4631-46EA-AA77-85C1314464D9}") = "MergeFieldsVb", "Merge Fields\MergeFieldsVb\MergeFieldsVb.vbproj", "{FEB1B33D-2AB1-4A5E-9B48-87E1FE986788}"
EndProject
Project("{2150E333-8FDC-42A3-9474-1A3956D46DE8}") = "Merge Pictures", "Merge Pictures", "{28CC5AB2-7BA7-483F-A46F-B6A4CFD945A4}"
EndProject
Project("{9A19103F-16F7-4668-BE54-9A1E7A4F7556}") = "MergePicturesCs", "Merge Pictures\MergePicturesCs\MergePicturesCs.csproj", "{5A409EF5-5F11-4FA7-887A-B7736319C6B3}"
EndProject
Project("{778DAE3C-4631-46EA-AA77-85C1314464D9}") = "MergePicturesVb", "Merge Pictures\MergePicturesVb\MergePicturesVb.vbproj", "{FBABD8D1-41E7-4F79-AFE8-4DEFBCFFEC3A}"
EndProject
Project("{2150E333-8FDC-42A3-9474-1A3956D46DE8}") = "Merge Ranges", "Merge Ranges", "{0C63C27C-39DA-4B34-AEAC-C7F31CFA17A1}"
EndProject
Project("{9A19103F-16F7-4668-BE54-9A1E7A4F7556}") = "MergeRangesCs", "Merge Ranges\MergeRangesCs\MergeRangesCs.csproj", "{252D67BA-877A-49BD-9586-20914BBADC7C}"
EndProject
Project("{778DAE3C-4631-46EA-AA77-85C1314464D9}") = "MergeRangesVb", "Merge Ranges\MergeRangesVb\MergeRangesVb.vbproj", "{DF83DD0B-C22C-45DB-B1C2-C239BCBA0791}"
EndProject
Project("{2150E333-8FDC-42A3-9474-1A3956D46DE8}") = "Modify Bookmarks", "Modify Bookmarks", "{1189302F-76B9-4265-91D2-802F0E4FAD09}"
EndProject
Project("{9A19103F-16F7-4668-BE54-9A1E7A4F7556}") = "ModifyBookmarksCs", "Modify Bookmarks\ModifyBookmarksCs\ModifyBookmarksCs.csproj", "{D1F61E89-8F7F-4BEE-945F-D0F9A72EA324}"
EndProject
Project("{778DAE3C-4631-46EA-AA77-85C1314464D9}") = "ModifyBookmarksVb", "Modify Bookmarks\ModifyBookmarksVb\ModifyBookmarksVb.vbproj", "{F771A6E0-9D48-40A4-ABD2-F25B77FB62C9}"
EndProject
Project("{2150E333-8FDC-42A3-9474-1A3956D46DE8}") = "Nested Merge", "Nested Merge", "{FD9DE570-A6BD-43FF-BD70-638B559FE0C5}"
EndProject
Project("{9A19103F-16F7-4668-BE54-9A1E7A4F7556}") = "NestedMergeCs", "Nested Merge\NestedMergeCs\NestedMergeCs.csproj", "{3C691A64-CAB3-4962-85D0-F8A24C73D609}"
EndProject
Project("{778DAE3C-4631-46EA-AA77-85C1314464D9}") = "NestedMergeVb", "Nested Merge\NestedMergeVb\NestedMergeVb.vbproj", "{9D881F88-BBD5-4D70-A318-70F3152FBFF2}"
EndProject
Project("{2150E333-8FDC-42A3-9474-1A3956D46DE8}") = "Page Setup", "Page Setup", "{D3E89438-473B-42D8-BEF2-EF58CC8E1002}"
EndProject
Project("{9A19103F-16F7-4668-BE54-9A1E7A4F7556}") = "PageSetupCs", "Page Setup\PageSetupCs\PageSetupCs.csproj", "{A532B74A-C340-4A8E-A4C9-919AD8DCBE0C}"
EndProject
Project("{778DAE3C-4631-46EA-AA77-85C1314464D9}") = "PageSetupVb", "Page Setup\PageSetupVb\PageSetupVb.vbproj", "{F921ED0C-779C-4E94-A9DA-7AB761660200}"
EndProject
Project("{2150E333-8FDC-42A3-9474-1A3956D46DE8}") = "Paragraph Formatting", "Paragraph Formatting", "{5840D5A1-3910-4260-ACE1-DA6003317F28}"
EndProject
Project("{9A19103F-16F7-4668-BE54-9A1E7A4F7556}") = "ParagraphFormattingCs", "Paragraph Formatting\ParagraphFormattingCs\ParagraphFormattingCs.csproj", "{E8DC4A0E-797C-494E-88B0-6FEE66646188}"
EndProject
Project("{778DAE3C-4631-46EA-AA77-85C1314464D9}") = "ParagraphFormattingVb", "Paragraph Formatting\ParagraphFormattingVb\ParagraphFormattingVb.vbproj", "{4D5F4F24-D16B-47A1-BDB7-B65060EB4000}"
EndProject
Project("{2150E333-8FDC-42A3-9474-1A3956D46DE8}") = "PDF Digital Signature", "PDF Digital Signature", "{9CE7BBF5-771A-4980-B638-CCBC24778A1D}"
EndProject
Project("{9A19103F-16F7-4668-BE54-9A1E7A4F7556}") = "PDFDigitalSignatureCs", "PDF Digital Signature\PDFDigitalSignatureCs\PDFDigitalSignatureCs.csproj", "{8E502BD1-4428-4FEA-BE9A-E68A3795756F}"
EndProject
Project("{778DAE3C-4631-46EA-AA77-85C1314464D9}") = "PDFDigitalSignatureVb", "PDF Digital Signature\PDFDigitalSignatureVb\PDFDigitalSignatureVb.vbproj", "{2F4E05D8-AFBC-4FC6-8423-E2A6923BE8BF}"
EndProject
Project("{2150E333-8FDC-42A3-9474-1A3956D46DE8}") = "PDF Encryption", "PDF Encryption", "{15AF8742-9107-44B9-8962-104BCE77E97E}"
EndProject
Project("{9A19103F-16F7-4668-BE54-9A1E7A4F7556}") = "PDFEncryptionCs", "PDF Encryption\PDFEncryptionCs\PDFEncryptionCs.csproj", "{FF15D463-F769-4261-9BFB-A21758248266}"
EndProject
Project("{778DAE3C-4631-46EA-AA77-85C1314464D9}") = "PDFEncryptionVb", "PDF Encryption\PDFEncryptionVb\PDFEncryptionVb.vbproj", "{0BE38A6A-0EE6-40B5-8CE9-8B8C600733B8}"
EndProject
Project("{2150E333-8FDC-42A3-9474-1A3956D46DE8}") = "Performance", "Performance", "{C4F60279-321B-458F-801F-B9F9DF3452E1}"
EndProject
Project("{9A19103F-16F7-4668-BE54-9A1E7A4F7556}") = "PerformanceCs", "Performance\PerformanceCs\PerformanceCs.csproj", "{51694027-33B1-44C7-9414-5CCE6FD55DF6}"
EndProject
Project("{778DAE3C-4631-46EA-AA77-85C1314464D9}") = "PerformanceVb", "Performance\PerformanceVb\PerformanceVb.vbproj", "{5BF2430D-E188-4147-9A07-67A4AFF9DF63}"
EndProject
Project("{2150E333-8FDC-42A3-9474-1A3956D46DE8}") = "Pictures", "Pictures", "{71AF64FD-F3BF-473D-A5CB-410E76DC2F2D}"
EndProject
Project("{9A19103F-16F7-4668-BE54-9A1E7A4F7556}") = "PicturesCs", "Pictures\PicturesCs\PicturesCs.csproj", "{8D924531-42C4-4B9E-B895-D6A453C5B347}"
EndProject
Project("{778DAE3C-4631-46EA-AA77-85C1314464D9}") = "PicturesVb", "Pictures\PicturesVb\PicturesVb.vbproj", "{973DC69C-5C83-468E-BBE6-84C04514A8E5}"
EndProject
Project("{2150E333-8FDC-42A3-9474-1A3956D46DE8}") = "Print", "Print", "{15029EBF-3576-428E-997C-38333B594014}"
EndProject
Project("{9A19103F-16F7-4668-BE54-9A1E7A4F7556}") = "PrintCs", "Print\PrintCs\PrintCs.csproj", "{527304C9-A8FE-4AF7-A4EC-2BADB0E0EAB8}"
EndProject
Project("{778DAE3C-4631-46EA-AA77-85C1314464D9}") = "PrintVb", "Print\PrintVb\PrintVb.vbproj", "{6FF2D8DC-5049-463A-9089-3EBE996F1554}"
EndProject
Project("{9A19103F-16F7-4668-BE54-9A1E7A4F7556}") = "PrintInWinFormsCs", "Print\PrintInWinFormsCs\PrintInWinFormsCs.csproj", "{BD2E4AF8-FEE4-463C-A65D-FB42B23E5CDB}"
EndProject
Project("{F184B08F-C81C-45F6-A57F-5ABD9991F28F}") = "PrintInWinFormsVb", "Print\PrintInWinFormsVb\PrintInWinFormsVb.vbproj", "{523769AE-9A52-43F5-8120-02E857821B1D}"
EndProject
Project("{9A19103F-16F7-4668-BE54-9A1E7A4F7556}") = "PrintInWpfCs", "Print\PrintInWpfCs\PrintInWpfCs.csproj", "{85FC8008-5D88-4FA6-882A-BCD9A4AE3892}"
EndProject
Project("{F184B08F-C81C-45F6-A57F-5ABD9991F28F}") = "PrintInWpfVb", "Print\PrintInWpfVb\PrintInWpfVb.vbproj", "{7373C27D-2732-4C39-9272-BCD3355905E2}"
EndProject
Project("{2150E333-8FDC-42A3-9474-1A3956D46DE8}") = "Private Fonts", "Private Fonts", "{F4C344F6-96FB-408B-AC1F-6D0DDDF77EA4}"
EndProject
Project("{9A19103F-16F7-4668-BE54-9A1E7A4F7556}") = "PrivateFontsCs", "Private Fonts\PrivateFontsCs\PrivateFontsCs.csproj", "{5F6875E1-D7C8-4B22-940C-09784260995A}"
EndProject
Project("{778DAE3C-4631-46EA-AA77-85C1314464D9}") = "PrivateFontsVb", "Private Fonts\PrivateFontsVb\PrivateFontsVb.vbproj", "{62A02353-1C98-4425-8FB2-D68A1415A19C}"
EndProject
Project("{2150E333-8FDC-42A3-9474-1A3956D46DE8}") = "Read Form", "Read Form", "{003CE52A-D1BB-4D86-9642-4A9AEBF289DA}"
EndProject
Project("{9A19103F-16F7-4668-BE54-9A1E7A4F7556}") = "ReadFormCs", "Read Form\ReadFormCs\ReadFormCs.csproj", "{50B639DE-39C7-495A-963A-9159D68937F8}"
EndProject
Project("{778DAE3C-4631-46EA-AA77-85C1314464D9}") = "ReadFormVb", "Read Form\ReadFormVb\ReadFormVb.vbproj", "{D98D1889-6D32-41C4-B084-7820932B172B}"
EndProject
Project("{2150E333-8FDC-42A3-9474-1A3956D46DE8}") = "Reading", "Reading", "{AB0144B7-C750-4871-A1B6-4C0A4B620F2E}"
EndProject
Project("{9A19103F-16F7-4668-BE54-9A1E7A4F7556}") = "ReadingCs", "Reading\ReadingCs\ReadingCs.csproj", "{6A416851-D891-4F8F-B15F-013CA9F56370}"
EndProject
Project("{9A19103F-16F7-4668-BE54-9A1E7A4F7556}") = "ReadingPagesCs", "Reading\ReadingPagesCs\ReadingPagesCs.csproj", "{FC94DFCF-2819-400C-BEEC-33626E0524C7}"
EndProject
Project("{778DAE3C-4631-46EA-AA77-85C1314464D9}") = "ReadingVb", "Reading\ReadingVb\ReadingVb.vbproj", "{C0D8410A-5751-4AA3-8874-DE48FE899CC5}"
EndProject
Project("{778DAE3C-4631-46EA-AA77-85C1314464D9}") = "ReadingPagesVb", "Reading\ReadingPagesVb\ReadingPagesVb.vbproj", "{51C79265-AEE0-46BC-9F34-0AA754BDDEB0}"
EndProject
Project("{2150E333-8FDC-42A3-9474-1A3956D46DE8}") = "Restrict Editing", "Restrict Editing", "{543E44C2-0346-4C15-ACD2-9E6059F7FA15}"
EndProject
Project("{9A19103F-16F7-4668-BE54-9A1E7A4F7556}") = "RestrictEditingCs", "Restrict Editing\RestrictEditingCs\RestrictEditingCs.csproj", "{642F9F52-272E-45D0-8C5A-AF6BB7F39A89}"
EndProject
Project("{778DAE3C-4631-46EA-AA77-85C1314464D9}") = "RestrictEditingVb", "Restrict Editing\RestrictEditingVb\RestrictEditingVb.vbproj", "{63236EF0-5D52-4C72-8C0C-8068B0CC7018}"
EndProject
Project("{2150E333-8FDC-42A3-9474-1A3956D46DE8}") = "Right To Left Text", "Right To Left Text", "{4E2FE65C-841C-48AE-9502-7BDC35F4C587}"
EndProject
Project("{9A19103F-16F7-4668-BE54-9A1E7A4F7556}") = "RightToLeftTextCs", "Right To Left Text\RightToLeftTextCs\RightToLeftTextCs.csproj", "{F632BE07-0323-4852-A64B-267B1EC2A267}"
EndProject
Project("{778DAE3C-4631-46EA-AA77-85C1314464D9}") = "RightToLeftTextVb", "Right To Left Text\RightToLeftTextVb\RightToLeftTextVb.vbproj", "{A2EB7948-8BCF-461A-823F-F41B351F70FC}"
EndProject
Project("{2150E333-8FDC-42A3-9474-1A3956D46DE8}") = "Set Content", "Set Content", "{73235DC8-5B69-4330-9A4B-EA9DB8185C74}"
EndProject
Project("{9A19103F-16F7-4668-BE54-9A1E7A4F7556}") = "SetContentCs", "Set Content\SetContentCs\SetContentCs.csproj", "{72E1A33F-39FA-4126-ADC2-59DB383F4601}"
EndProject
Project("{778DAE3C-4631-46EA-AA77-85C1314464D9}") = "SetContentVb", "Set Content\SetContentVb\SetContentVb.vbproj", "{CEFFD24C-6158-4681-86E7-590C41C79DBE}"
EndProject
Project("{2150E333-8FDC-42A3-9474-1A3956D46DE8}") = "Shapes", "Shapes", "{DF480C84-A6BA-401F-8661-E7BA98F4E30D}"
EndProject
Project("{9A19103F-16F7-4668-BE54-9A1E7A4F7556}") = "ShapesCs", "Shapes\ShapesCs\ShapesCs.csproj", "{A60245C8-C8DB-4BA8-A7C8-750372ABA8F8}"
EndProject
Project("{778DAE3C-4631-46EA-AA77-85C1314464D9}") = "ShapesVb", "Shapes\ShapesVb\ShapesVb.vbproj", "{DB08837C-C20D-42F1-9D03-FFEA279BA07F}"
EndProject
Project("{2150E333-8FDC-42A3-9474-1A3956D46DE8}") = "Simple Table", "Simple Table", "{D88205C6-AE79-49BE-8296-032A8466EF3F}"
EndProject
Project("{9A19103F-16F7-4668-BE54-9A1E7A4F7556}") = "SimpleTableCs", "Simple Table\SimpleTableCs\SimpleTableCs.csproj", "{B78268BF-9BC3-4E77-8F95-D0A06A75B4F3}"
EndProject
Project("{778DAE3C-4631-46EA-AA77-85C1314464D9}") = "SimpleTableVb", "Simple Table\SimpleTableVb\SimpleTableVb.vbproj", "{F5FBA864-47AA-490A-9CF4-7664C65C8317}"
EndProject
Project("{2150E333-8FDC-42A3-9474-1A3956D46DE8}") = "Style Resolution", "Style Resolution", "{A13DC940-7C17-4878-97CA-4A7A6065F14E}"
EndProject
Project("{9A19103F-16F7-4668-BE54-9A1E7A4F7556}") = "StyleResolutionCs", "Style Resolution\StyleResolutionCs\StyleResolutionCs.csproj", "{BDA991D7-B18D-4700-AD57-EE84748F78E0}"
EndProject
Project("{778DAE3C-4631-46EA-AA77-85C1314464D9}") = "StyleResolutionVb", "Style Resolution\StyleResolutionVb\StyleResolutionVb.vbproj", "{24DF7AA0-5817-4581-A6EF-04F5ED71C20C}"
EndProject
Project("{2150E333-8FDC-42A3-9474-1A3956D46DE8}") = "Styles", "Styles", "{12569C6F-637C-4502-8A9A-2807CFF5FAC1}"
EndProject
Project("{9A19103F-16F7-4668-BE54-9A1E7A4F7556}") = "StylesCs", "Styles\StylesCs\StylesCs.csproj", "{B45F5E42-4642-47E2-A21B-ACEEFE643711}"
EndProject
Project("{778DAE3C-4631-46EA-AA77-85C1314464D9}") = "StylesVb", "Styles\StylesVb\StylesVb.vbproj", "{EE9FA897-8888-4677-9B09-FEA40ECCBB46}"
EndProject
Project("{2150E333-8FDC-42A3-9474-1A3956D46DE8}") = "Table Formatting", "Table Formatting", "{868BDB8E-C67F-4E89-8460-F4BE4E1CF8EC}"
EndProject
Project("{9A19103F-16F7-4668-BE54-9A1E7A4F7556}") = "TableFormattingCs", "Table Formatting\TableFormattingCs\TableFormattingCs.csproj", "{E45F8694-2D66-4C3C-9B14-20FBC974D7E4}"
EndProject
Project("{778DAE3C-4631-46EA-AA77-85C1314464D9}") = "TableFormattingVb", "Table Formatting\TableFormattingVb\TableFormattingVb.vbproj", "{D902154D-630A-448A-875B-E7AB6246C0A8}"
EndProject
Project("{2150E333-8FDC-42A3-9474-1A3956D46DE8}") = "Table Styles", "Table Styles", "{0FE8A70E-6EE7-4134-8DD5-C653736612B6}"
EndProject
Project("{9A19103F-16F7-4668-BE54-9A1E7A4F7556}") = "TableStylesCs", "Table Styles\TableStylesCs\TableStylesCs.csproj", "{1E723EE9-58BA-4C02-A652-A636376E0F23}"
EndProject
Project("{778DAE3C-4631-46EA-AA77-85C1314464D9}") = "TableStylesVb", "Table Styles\TableStylesVb\TableStylesVb.vbproj", "{955F5C8E-6B92-4182-BC9E-EC1817B7DD01}"
EndProject
Project("{2150E333-8FDC-42A3-9474-1A3956D46DE8}") = "Template Use", "Template Use", "{15839540-5CF6-4256-BF4C-3335645D62E0}"
EndProject
Project("{9A19103F-16F7-4668-BE54-9A1E7A4F7556}") = "TemplateUseCs", "Template Use\TemplateUseCs\TemplateUseCs.csproj", "{2950B18F-493F-48B2-9659-9BE549A3DD7C}"
EndProject
Project("{778DAE3C-4631-46EA-AA77-85C1314464D9}") = "TemplateUseVb", "Template Use\TemplateUseVb\TemplateUseVb.vbproj", "{BB3E6E36-890F-4B3C-A003-29EEAB22C2D6}"
EndProject
Project("{2150E333-8FDC-42A3-9474-1A3956D46DE8}") = "Text Boxes", "Text Boxes", "{E5FB98CF-8385-4160-8EDB-4C18707E0EA2}"
EndProject
Project("{9A19103F-16F7-4668-BE54-9A1E7A4F7556}") = "TextBoxesCs", "Text Boxes\TextBoxesCs\TextBoxesCs.csproj", "{5650E7D5-D67D-459B-9DA5-B8FA4D91F1AE}"
EndProject
Project("{778DAE3C-4631-46EA-AA77-85C1314464D9}") = "TextBoxesVb", "Text Boxes\TextBoxesVb\TextBoxesVb.vbproj", "{DFD204B1-2F2E-4A16-A44B-90DE9CC2101E}"
EndProject
Project("{2150E333-8FDC-42A3-9474-1A3956D46DE8}") = "TOC", "TOC", "{1AC93170-A988-4B72-8EF6-B3A4CA3143E5}"
EndProject
Project("{9A19103F-16F7-4668-BE54-9A1E7A4F7556}") = "TOCCs", "TOC\TOCCs\TOCCs.csproj", "{43BA602F-3873-4C5F-904C-1F4F8E59945C}"
EndProject
Project("{778DAE3C-4631-46EA-AA77-85C1314464D9}") = "TOCVb", "TOC\TOCVb\TOCVb.vbproj", "{23F4BF26-05EF-4A06-A2CC-666AB475E5F1}"
EndProject
Project("{2150E333-8FDC-42A3-9474-1A3956D46DE8}") = "Unit Conversion", "Unit Conversion", "{1DDA2770-3EC4-4F86-A247-3E3F46E756C3}"
EndProject
Project("{9A19103F-16F7-4668-BE54-9A1E7A4F7556}") = "UnitConversionCs", "Unit Conversion\UnitConversionCs\UnitConversionCs.csproj", "{0EF25272-05A1-4B4D-BB2F-59C64020555B}"
EndProject
Project("{778DAE3C-4631-46EA-AA77-85C1314464D9}") = "UnitConversionVb", "Unit Conversion\UnitConversionVb\UnitConversionVb.vbproj", "{33AA1624-F2C9-41F2-B03F-9D63B66FB95E}"
EndProject
Project("{2150E333-8FDC-42A3-9474-1A3956D46DE8}") = "Update Form", "Update Form", "{7917962B-D091-43B1-99A6-F154EFBB4DE3}"
EndProject
Project("{9A19103F-16F7-4668-BE54-9A1E7A4F7556}") = "UpdateFormCs", "Update Form\UpdateFormCs\UpdateFormCs.csproj", "{94DA9F7C-7F88-49E3-9EA6-C1A841762F25}"
EndProject
Project("{778DAE3C-4631-46EA-AA77-85C1314464D9}") = "UpdateFormVb", "Update Form\UpdateFormVb\UpdateFormVb.vbproj", "{96C89992-5D27-4B7A-BE22-51E071C356D3}"
EndProject
Project("{2150E333-8FDC-42A3-9474-1A3956D46DE8}") = "View Options", "View Options", "{23A3781B-7CCE-48C5-9667-6E45645058AF}"
EndProject
Project("{9A19103F-16F7-4668-BE54-9A1E7A4F7556}") = "ViewOptionsCs", "View Options\ViewOptionsCs\ViewOptionsCs.csproj", "{3CEC865B-7733-4C82-AC64-AEC6997E67C1}"
EndProject
Project("{778DAE3C-4631-46EA-AA77-85C1314464D9}") = "ViewOptionsVb", "View Options\ViewOptionsVb\ViewOptionsVb.vbproj", "{DD27EA74-365E-4D69-8233-8B2C6F3AAD26}"
EndProject
Project("{2150E333-8FDC-42A3-9474-1A3956D46DE8}") = "Word Editor in ASP.NET MVC", "Word Editor in ASP.NET MVC", "{75FDC59E-E54C-4D17-B0A3-AF9D7AA05065}"
EndProject
Project("{FAE04EC0-301F-11D3-BF4B-00C04F79EFBC}") = "AspNetWordEditorCs", "Word Editor in ASP.NET MVC\AspNetWordEditorCs\AspNetWordEditorCs.csproj", "{F009E5BC-9AF9-4464-B3D9-81A43B98858A}"
EndProject
Project("{F184B08F-C81C-45F6-A57F-5ABD9991F28F}") = "AspNetWordEditorVb", "Word Editor in ASP.NET MVC\AspNetWordEditorVb\AspNetWordEditorVb.vbproj", "{C671C99D-261D-410A-AAD6-293FCCBD5EE7}"
EndProject
Project("{2150E333-8FDC-42A3-9474-1A3956D46DE8}") = "Word Editor in Windows Forms", "Word Editor in Windows Forms", "{5868026E-9211-4D73-876C-962B4B9E7619}"
EndProject
Project("{FAE04EC0-301F-11D3-BF4B-00C04F79EFBC}") = "WindowsFormsRichTextEditorCs", "Word Editor in Windows Forms\WindowsFormsRichTextEditorCs\WindowsFormsRichTextEditorCs.csproj", "{BA2B45E7-6264-43C2-B869-9E65B67FF47F}"
EndProject
Project("{2150E333-8FDC-42A3-9474-1A3956D46DE8}") = "Word Editor in WPF", "Word Editor in WPF", "{EF2F98F7-217E-4035-B926-B9E6BD34612D}"
EndProject
Project("{FAE04EC0-301F-11D3-BF4B-00C04F79EFBC}") = "WpfRichTextEditorCs", "Word Editor in WPF\WpfRichTextEditorCs\WpfRichTextEditorCs.csproj", "{0229BF2E-0837-4CC5-8AE1-79FA56ED7308}"
EndProject
Project("{F184B08F-C81C-45F6-A57F-5ABD9991F28F}") = "WpfRichTextEditorVb", "Word Editor in WPF\WpfRichTextEditorVb\WpfRichTextEditorVb.vbproj", "{B5028236-A94C-4CA2-AA88-647ECF4236E7}"
EndProject
Project("{2150E333-8FDC-42A3-9474-1A3956D46DE8}") = "Writing", "Writing", "{90F205E7-248E-4502-B205-F9796935FF03}"
EndProject
Project("{9A19103F-16F7-4668-BE54-9A1E7A4F7556}") = "WritingCs", "Writing\WritingCs\WritingCs.csproj", "{4A8F57BD-50EA-4DD7-AC9C-0498C6E29546}"
EndProject
Project("{778DAE3C-4631-46EA-AA77-85C1314464D9}") = "WritingVb", "Writing\WritingVb\WritingVb.vbproj", "{9C05F2D6-3AEF-4664-925E-C4C1EFD3BBC0}"
EndProject
Project("{2150E333-8FDC-42A3-9474-1A3956D46DE8}") = "Charts", "Charts", "{A18BA206-B686-40DA-BE68-387B7AB1DC5A}"
EndProject
Project("{9A19103F-16F7-4668-BE54-9A1E7A4F7556}") = "ChartsCs", "Charts\ChartsCs\ChartsCs.csproj", "{EEC0AEB6-9F9A-4F77-9289-6CF211532914}"
EndProject
Project("{778DAE3C-4631-46EA-AA77-85C1314464D9}") = "ChartsVb", "Charts\ChartsVb\ChartsVb.vbproj", "{40BB381F-779C-4354-A1B1-7E1B961BAF83}"
EndProject
Project("{2150E333-8FDC-42A3-9474-1A3956D46DE8}") = "Watermarks", "Watermarks", "{E3365F0F-E4A8-4A95-895E-8705EB2B2323}"
EndProject
Project("{9A19103F-16F7-4668-BE54-9A1E7A4F7556}") = "WatermarksCs", "Watermarks\WatermarksCs\WatermarksCs.csproj", "{D0E922FB-F2AE-4C29-9F49-F7A2A04266AE}"
EndProject
Project("{778DAE3C-4631-46EA-AA77-85C1314464D9}") = "PicturesVb", "Watermarks\WatermarksVb\PicturesVb.vbproj", "{48CA0BC9-E23C-4E72-972B-74984EE8C547}"
EndProject
Global
	GlobalSection(SolutionConfigurationPlatforms) = preSolution
		Debug|Any CPU = Debug|Any CPU
		Release|Any CPU = Release|Any CPU
	EndGlobalSection
	GlobalSection(ProjectConfigurationPlatforms) = postSolution
		{499C0954-AF60-42BA-9D62-E81E7B9328DE}.Debug|Any CPU.ActiveCfg = Debug|Any CPU
		{499C0954-AF60-42BA-9D62-E81E7B9328DE}.Debug|Any CPU.Build.0 = Debug|Any CPU
		{499C0954-AF60-42BA-9D62-E81E7B9328DE}.Release|Any CPU.ActiveCfg = Release|Any CPU
		{499C0954-AF60-42BA-9D62-E81E7B9328DE}.Release|Any CPU.Build.0 = Release|Any CPU
		{D3C798A8-53C8-4DA6-A272-88ECB8094940}.Debug|Any CPU.ActiveCfg = Debug|Any CPU
		{D3C798A8-53C8-4DA6-A272-88ECB8094940}.Debug|Any CPU.Build.0 = Debug|Any CPU
		{D3C798A8-53C8-4DA6-A272-88ECB8094940}.Release|Any CPU.ActiveCfg = Release|Any CPU
		{D3C798A8-53C8-4DA6-A272-88ECB8094940}.Release|Any CPU.Build.0 = Release|Any CPU
		{C7E73865-4A94-4E77-BCE1-ADABA5D876CA}.Debug|Any CPU.ActiveCfg = Debug|Any CPU
		{C7E73865-4A94-4E77-BCE1-ADABA5D876CA}.Debug|Any CPU.Build.0 = Debug|Any CPU
		{C7E73865-4A94-4E77-BCE1-ADABA5D876CA}.Release|Any CPU.ActiveCfg = Release|Any CPU
		{C7E73865-4A94-4E77-BCE1-ADABA5D876CA}.Release|Any CPU.Build.0 = Release|Any CPU
		{CCB92E5C-0342-48BB-B7E2-75337C792BAE}.Debug|Any CPU.ActiveCfg = Debug|Any CPU
		{CCB92E5C-0342-48BB-B7E2-75337C792BAE}.Debug|Any CPU.Build.0 = Debug|Any CPU
		{CCB92E5C-0342-48BB-B7E2-75337C792BAE}.Release|Any CPU.ActiveCfg = Release|Any CPU
		{CCB92E5C-0342-48BB-B7E2-75337C792BAE}.Release|Any CPU.Build.0 = Release|Any CPU
		{38D0DE87-BD51-4646-A9FF-ED2D3E3AFBF1}.Debug|Any CPU.ActiveCfg = Debug|Any CPU
		{38D0DE87-BD51-4646-A9FF-ED2D3E3AFBF1}.Debug|Any CPU.Build.0 = Debug|Any CPU
		{38D0DE87-BD51-4646-A9FF-ED2D3E3AFBF1}.Release|Any CPU.ActiveCfg = Release|Any CPU
		{38D0DE87-BD51-4646-A9FF-ED2D3E3AFBF1}.Release|Any CPU.Build.0 = Release|Any CPU
		{F466EB07-1273-4719-A0CC-D74902508FE9}.Debug|Any CPU.ActiveCfg = Debug|Any CPU
		{F466EB07-1273-4719-A0CC-D74902508FE9}.Debug|Any CPU.Build.0 = Debug|Any CPU
		{F466EB07-1273-4719-A0CC-D74902508FE9}.Release|Any CPU.ActiveCfg = Release|Any CPU
		{F466EB07-1273-4719-A0CC-D74902508FE9}.Release|Any CPU.Build.0 = Release|Any CPU
		{A8F10577-450E-42D1-95C0-6DD780ED68C1}.Debug|Any CPU.ActiveCfg = Debug|Any CPU
		{A8F10577-450E-42D1-95C0-6DD780ED68C1}.Debug|Any CPU.Build.0 = Debug|Any CPU
		{A8F10577-450E-42D1-95C0-6DD780ED68C1}.Release|Any CPU.ActiveCfg = Release|Any CPU
		{A8F10577-450E-42D1-95C0-6DD780ED68C1}.Release|Any CPU.Build.0 = Release|Any CPU
		{A2AE8BB8-79DF-410C-8EC4-AD81DA0B7A6F}.Debug|Any CPU.ActiveCfg = Debug|Any CPU
		{A2AE8BB8-79DF-410C-8EC4-AD81DA0B7A6F}.Debug|Any CPU.Build.0 = Debug|Any CPU
		{A2AE8BB8-79DF-410C-8EC4-AD81DA0B7A6F}.Release|Any CPU.ActiveCfg = Release|Any CPU
		{A2AE8BB8-79DF-410C-8EC4-AD81DA0B7A6F}.Release|Any CPU.Build.0 = Release|Any CPU
		{27B5ABF2-6EEC-46A7-AB35-719AABBA1DEF}.Debug|Any CPU.ActiveCfg = Debug|Any CPU
		{27B5ABF2-6EEC-46A7-AB35-719AABBA1DEF}.Debug|Any CPU.Build.0 = Debug|Any CPU
		{27B5ABF2-6EEC-46A7-AB35-719AABBA1DEF}.Release|Any CPU.ActiveCfg = Release|Any CPU
		{27B5ABF2-6EEC-46A7-AB35-719AABBA1DEF}.Release|Any CPU.Build.0 = Release|Any CPU
		{B43BB4EA-68E7-40C1-A600-A2E9D6C0CC76}.Debug|Any CPU.ActiveCfg = Debug|Any CPU
		{B43BB4EA-68E7-40C1-A600-A2E9D6C0CC76}.Debug|Any CPU.Build.0 = Debug|Any CPU
		{B43BB4EA-68E7-40C1-A600-A2E9D6C0CC76}.Release|Any CPU.ActiveCfg = Release|Any CPU
		{B43BB4EA-68E7-40C1-A600-A2E9D6C0CC76}.Release|Any CPU.Build.0 = Release|Any CPU
		{68CE127C-7388-4F11-89AB-8FAB164CDAB2}.Debug|Any CPU.ActiveCfg = Debug|Any CPU
		{68CE127C-7388-4F11-89AB-8FAB164CDAB2}.Debug|Any CPU.Build.0 = Debug|Any CPU
		{68CE127C-7388-4F11-89AB-8FAB164CDAB2}.Release|Any CPU.ActiveCfg = Release|Any CPU
		{68CE127C-7388-4F11-89AB-8FAB164CDAB2}.Release|Any CPU.Build.0 = Release|Any CPU
		{4FB2D464-FBFF-49B1-AF33-8F6C1413AD76}.Debug|Any CPU.ActiveCfg = Debug|Any CPU
		{4FB2D464-FBFF-49B1-AF33-8F6C1413AD76}.Debug|Any CPU.Build.0 = Debug|Any CPU
		{4FB2D464-FBFF-49B1-AF33-8F6C1413AD76}.Release|Any CPU.ActiveCfg = Release|Any CPU
		{4FB2D464-FBFF-49B1-AF33-8F6C1413AD76}.Release|Any CPU.Build.0 = Release|Any CPU
		{98C91FED-64F4-4ECF-80CB-8B6437D9E90D}.Debug|Any CPU.ActiveCfg = Debug|Any CPU
		{98C91FED-64F4-4ECF-80CB-8B6437D9E90D}.Debug|Any CPU.Build.0 = Debug|Any CPU
		{98C91FED-64F4-4ECF-80CB-8B6437D9E90D}.Release|Any CPU.ActiveCfg = Release|Any CPU
		{98C91FED-64F4-4ECF-80CB-8B6437D9E90D}.Release|Any CPU.Build.0 = Release|Any CPU
		{F376CB2C-0631-42D1-9907-2281B268339E}.Debug|Any CPU.ActiveCfg = Debug|Any CPU
		{F376CB2C-0631-42D1-9907-2281B268339E}.Debug|Any CPU.Build.0 = Debug|Any CPU
		{F376CB2C-0631-42D1-9907-2281B268339E}.Release|Any CPU.ActiveCfg = Release|Any CPU
		{F376CB2C-0631-42D1-9907-2281B268339E}.Release|Any CPU.Build.0 = Release|Any CPU
		{9F5F4B09-56CC-4E9E-8529-F79E049AE6A3}.Debug|Any CPU.ActiveCfg = Debug|Any CPU
		{9F5F4B09-56CC-4E9E-8529-F79E049AE6A3}.Debug|Any CPU.Build.0 = Debug|Any CPU
		{9F5F4B09-56CC-4E9E-8529-F79E049AE6A3}.Release|Any CPU.ActiveCfg = Release|Any CPU
		{9F5F4B09-56CC-4E9E-8529-F79E049AE6A3}.Release|Any CPU.Build.0 = Release|Any CPU
		{EABEAB62-2667-448E-9A4C-2C3DF287EF8F}.Debug|Any CPU.ActiveCfg = Debug|Any CPU
		{EABEAB62-2667-448E-9A4C-2C3DF287EF8F}.Debug|Any CPU.Build.0 = Debug|Any CPU
		{EABEAB62-2667-448E-9A4C-2C3DF287EF8F}.Release|Any CPU.ActiveCfg = Release|Any CPU
		{EABEAB62-2667-448E-9A4C-2C3DF287EF8F}.Release|Any CPU.Build.0 = Release|Any CPU
		{2829EB83-A68D-4BC7-B966-8DE891CED330}.Debug|Any CPU.ActiveCfg = Debug|Any CPU
		{2829EB83-A68D-4BC7-B966-8DE891CED330}.Debug|Any CPU.Build.0 = Debug|Any CPU
		{2829EB83-A68D-4BC7-B966-8DE891CED330}.Release|Any CPU.ActiveCfg = Release|Any CPU
		{2829EB83-A68D-4BC7-B966-8DE891CED330}.Release|Any CPU.Build.0 = Release|Any CPU
		{33E16E41-F4B1-4824-A45A-9DD9582A517E}.Debug|Any CPU.ActiveCfg = Debug|Any CPU
		{33E16E41-F4B1-4824-A45A-9DD9582A517E}.Debug|Any CPU.Build.0 = Debug|Any CPU
		{33E16E41-F4B1-4824-A45A-9DD9582A517E}.Release|Any CPU.ActiveCfg = Release|Any CPU
		{33E16E41-F4B1-4824-A45A-9DD9582A517E}.Release|Any CPU.Build.0 = Release|Any CPU
		{B8B4245A-D965-4DC5-B689-62BC5AC9D81F}.Debug|Any CPU.ActiveCfg = Debug|Any CPU
		{B8B4245A-D965-4DC5-B689-62BC5AC9D81F}.Debug|Any CPU.Build.0 = Debug|Any CPU
		{B8B4245A-D965-4DC5-B689-62BC5AC9D81F}.Release|Any CPU.ActiveCfg = Release|Any CPU
		{B8B4245A-D965-4DC5-B689-62BC5AC9D81F}.Release|Any CPU.Build.0 = Release|Any CPU
		{9162F73D-E685-4FDA-8C8D-96DEB3D8F14D}.Debug|Any CPU.ActiveCfg = Debug|Any CPU
		{9162F73D-E685-4FDA-8C8D-96DEB3D8F14D}.Debug|Any CPU.Build.0 = Debug|Any CPU
		{9162F73D-E685-4FDA-8C8D-96DEB3D8F14D}.Release|Any CPU.ActiveCfg = Release|Any CPU
		{9162F73D-E685-4FDA-8C8D-96DEB3D8F14D}.Release|Any CPU.Build.0 = Release|Any CPU
		{4A93E440-0C1E-429B-8A50-C1CE789E31D5}.Debug|Any CPU.ActiveCfg = Debug|Any CPU
		{4A93E440-0C1E-429B-8A50-C1CE789E31D5}.Debug|Any CPU.Build.0 = Debug|Any CPU
		{4A93E440-0C1E-429B-8A50-C1CE789E31D5}.Release|Any CPU.ActiveCfg = Release|Any CPU
		{4A93E440-0C1E-429B-8A50-C1CE789E31D5}.Release|Any CPU.Build.0 = Release|Any CPU
		{A557C74B-0E48-4CC0-9E1A-5FEF7F4EA542}.Debug|Any CPU.ActiveCfg = Debug|Any CPU
		{A557C74B-0E48-4CC0-9E1A-5FEF7F4EA542}.Debug|Any CPU.Build.0 = Debug|Any CPU
		{A557C74B-0E48-4CC0-9E1A-5FEF7F4EA542}.Release|Any CPU.ActiveCfg = Release|Any CPU
		{A557C74B-0E48-4CC0-9E1A-5FEF7F4EA542}.Release|Any CPU.Build.0 = Release|Any CPU
		{BD063B1D-E7BF-479D-8586-728E4589A118}.Debug|Any CPU.ActiveCfg = Debug|Any CPU
		{BD063B1D-E7BF-479D-8586-728E4589A118}.Debug|Any CPU.Build.0 = Debug|Any CPU
		{BD063B1D-E7BF-479D-8586-728E4589A118}.Release|Any CPU.ActiveCfg = Release|Any CPU
		{BD063B1D-E7BF-479D-8586-728E4589A118}.Release|Any CPU.Build.0 = Release|Any CPU
		{6F85609F-511C-462A-A52A-5F0F6816E7DD}.Debug|Any CPU.ActiveCfg = Debug|Any CPU
		{6F85609F-511C-462A-A52A-5F0F6816E7DD}.Debug|Any CPU.Build.0 = Debug|Any CPU
		{6F85609F-511C-462A-A52A-5F0F6816E7DD}.Release|Any CPU.ActiveCfg = Release|Any CPU
		{6F85609F-511C-462A-A52A-5F0F6816E7DD}.Release|Any CPU.Build.0 = Release|Any CPU
		{E571C808-E4F0-42D9-A494-B8E5CBF50D55}.Debug|Any CPU.ActiveCfg = Debug|Any CPU
		{E571C808-E4F0-42D9-A494-B8E5CBF50D55}.Debug|Any CPU.Build.0 = Debug|Any CPU
		{E571C808-E4F0-42D9-A494-B8E5CBF50D55}.Release|Any CPU.ActiveCfg = Release|Any CPU
		{E571C808-E4F0-42D9-A494-B8E5CBF50D55}.Release|Any CPU.Build.0 = Release|Any CPU
		{1A04CDD1-ECE6-4069-B3AC-86074ABEB154}.Debug|Any CPU.ActiveCfg = Debug|Any CPU
		{1A04CDD1-ECE6-4069-B3AC-86074ABEB154}.Debug|Any CPU.Build.0 = Debug|Any CPU
		{1A04CDD1-ECE6-4069-B3AC-86074ABEB154}.Release|Any CPU.ActiveCfg = Release|Any CPU
		{1A04CDD1-ECE6-4069-B3AC-86074ABEB154}.Release|Any CPU.Build.0 = Release|Any CPU
		{894D4EE6-F04D-45BB-9A5B-458337D6E507}.Debug|Any CPU.ActiveCfg = Debug|Any CPU
		{894D4EE6-F04D-45BB-9A5B-458337D6E507}.Debug|Any CPU.Build.0 = Debug|Any CPU
		{894D4EE6-F04D-45BB-9A5B-458337D6E507}.Release|Any CPU.ActiveCfg = Release|Any CPU
		{894D4EE6-F04D-45BB-9A5B-458337D6E507}.Release|Any CPU.Build.0 = Release|Any CPU
		{D389E740-433E-460E-9B23-452FD95904A8}.Debug|Any CPU.ActiveCfg = Debug|Any CPU
		{D389E740-433E-460E-9B23-452FD95904A8}.Debug|Any CPU.Build.0 = Debug|Any CPU
		{D389E740-433E-460E-9B23-452FD95904A8}.Release|Any CPU.ActiveCfg = Release|Any CPU
		{D389E740-433E-460E-9B23-452FD95904A8}.Release|Any CPU.Build.0 = Release|Any CPU
		{58FF8148-9976-46ED-BB6B-BD16D592B6A9}.Debug|Any CPU.ActiveCfg = Debug|Any CPU
		{58FF8148-9976-46ED-BB6B-BD16D592B6A9}.Debug|Any CPU.Build.0 = Debug|Any CPU
		{58FF8148-9976-46ED-BB6B-BD16D592B6A9}.Release|Any CPU.ActiveCfg = Release|Any CPU
		{58FF8148-9976-46ED-BB6B-BD16D592B6A9}.Release|Any CPU.Build.0 = Release|Any CPU
		{4296FDEA-09AA-4528-98F9-AA5110389B55}.Debug|Any CPU.ActiveCfg = Debug|Any CPU
		{4296FDEA-09AA-4528-98F9-AA5110389B55}.Debug|Any CPU.Build.0 = Debug|Any CPU
		{4296FDEA-09AA-4528-98F9-AA5110389B55}.Release|Any CPU.ActiveCfg = Release|Any CPU
		{4296FDEA-09AA-4528-98F9-AA5110389B55}.Release|Any CPU.Build.0 = Release|Any CPU
		{CF158922-6EDE-4779-862A-0CD305FF478F}.Debug|Any CPU.ActiveCfg = Debug|Any CPU
		{CF158922-6EDE-4779-862A-0CD305FF478F}.Debug|Any CPU.Build.0 = Debug|Any CPU
		{CF158922-6EDE-4779-862A-0CD305FF478F}.Release|Any CPU.ActiveCfg = Release|Any CPU
		{CF158922-6EDE-4779-862A-0CD305FF478F}.Release|Any CPU.Build.0 = Release|Any CPU
		{2FC0C8A4-2B99-4698-8831-AB32D3D9EFE1}.Debug|Any CPU.ActiveCfg = Debug|Any CPU
		{2FC0C8A4-2B99-4698-8831-AB32D3D9EFE1}.Debug|Any CPU.Build.0 = Debug|Any CPU
		{2FC0C8A4-2B99-4698-8831-AB32D3D9EFE1}.Release|Any CPU.ActiveCfg = Release|Any CPU
		{2FC0C8A4-2B99-4698-8831-AB32D3D9EFE1}.Release|Any CPU.Build.0 = Release|Any CPU
		{9D12D73F-0DD4-4BC6-9589-8FE63948BC44}.Debug|Any CPU.ActiveCfg = Debug|Any CPU
		{9D12D73F-0DD4-4BC6-9589-8FE63948BC44}.Debug|Any CPU.Build.0 = Debug|Any CPU
		{9D12D73F-0DD4-4BC6-9589-8FE63948BC44}.Release|Any CPU.ActiveCfg = Release|Any CPU
		{9D12D73F-0DD4-4BC6-9589-8FE63948BC44}.Release|Any CPU.Build.0 = Release|Any CPU
		{5DE295D2-C978-4DDF-A52A-F883D2E74E23}.Debug|Any CPU.ActiveCfg = Debug|Any CPU
		{5DE295D2-C978-4DDF-A52A-F883D2E74E23}.Debug|Any CPU.Build.0 = Debug|Any CPU
		{5DE295D2-C978-4DDF-A52A-F883D2E74E23}.Release|Any CPU.ActiveCfg = Release|Any CPU
		{5DE295D2-C978-4DDF-A52A-F883D2E74E23}.Release|Any CPU.Build.0 = Release|Any CPU
		{7DC651D6-9A72-43C8-A687-3397E76C2E6F}.Debug|Any CPU.ActiveCfg = Debug|Any CPU
		{7DC651D6-9A72-43C8-A687-3397E76C2E6F}.Debug|Any CPU.Build.0 = Debug|Any CPU
		{7DC651D6-9A72-43C8-A687-3397E76C2E6F}.Release|Any CPU.ActiveCfg = Release|Any CPU
		{7DC651D6-9A72-43C8-A687-3397E76C2E6F}.Release|Any CPU.Build.0 = Release|Any CPU
		{3BD8E9CD-750B-4C61-A3E7-4A373C192200}.Debug|Any CPU.ActiveCfg = Debug|Any CPU
		{3BD8E9CD-750B-4C61-A3E7-4A373C192200}.Debug|Any CPU.Build.0 = Debug|Any CPU
		{3BD8E9CD-750B-4C61-A3E7-4A373C192200}.Release|Any CPU.ActiveCfg = Release|Any CPU
		{3BD8E9CD-750B-4C61-A3E7-4A373C192200}.Release|Any CPU.Build.0 = Release|Any CPU
		{7465A09B-EA77-48EC-9B78-578B01C1D91C}.Debug|Any CPU.ActiveCfg = Debug|Any CPU
		{7465A09B-EA77-48EC-9B78-578B01C1D91C}.Debug|Any CPU.Build.0 = Debug|Any CPU
		{7465A09B-EA77-48EC-9B78-578B01C1D91C}.Release|Any CPU.ActiveCfg = Release|Any CPU
		{7465A09B-EA77-48EC-9B78-578B01C1D91C}.Release|Any CPU.Build.0 = Release|Any CPU
		{FB056F03-E98C-49B8-8E75-471DB3269B5A}.Debug|Any CPU.ActiveCfg = Debug|Any CPU
		{FB056F03-E98C-49B8-8E75-471DB3269B5A}.Debug|Any CPU.Build.0 = Debug|Any CPU
		{FB056F03-E98C-49B8-8E75-471DB3269B5A}.Release|Any CPU.ActiveCfg = Release|Any CPU
		{FB056F03-E98C-49B8-8E75-471DB3269B5A}.Release|Any CPU.Build.0 = Release|Any CPU
		{F8A4472A-02E2-4150-AA84-9746F94A1DBA}.Debug|Any CPU.ActiveCfg = Debug|Any CPU
		{F8A4472A-02E2-4150-AA84-9746F94A1DBA}.Debug|Any CPU.Build.0 = Debug|Any CPU
		{F8A4472A-02E2-4150-AA84-9746F94A1DBA}.Release|Any CPU.ActiveCfg = Release|Any CPU
		{F8A4472A-02E2-4150-AA84-9746F94A1DBA}.Release|Any CPU.Build.0 = Release|Any CPU
		{B4DAD53D-C3A7-4821-91B5-1FFC77259F53}.Debug|Any CPU.ActiveCfg = Debug|Any CPU
		{B4DAD53D-C3A7-4821-91B5-1FFC77259F53}.Debug|Any CPU.Build.0 = Debug|Any CPU
		{B4DAD53D-C3A7-4821-91B5-1FFC77259F53}.Release|Any CPU.ActiveCfg = Release|Any CPU
		{B4DAD53D-C3A7-4821-91B5-1FFC77259F53}.Release|Any CPU.Build.0 = Release|Any CPU
		{40053D48-DC9A-4249-98BC-202A3B10D44F}.Debug|Any CPU.ActiveCfg = Debug|Any CPU
		{40053D48-DC9A-4249-98BC-202A3B10D44F}.Debug|Any CPU.Build.0 = Debug|Any CPU
		{40053D48-DC9A-4249-98BC-202A3B10D44F}.Release|Any CPU.ActiveCfg = Release|Any CPU
		{40053D48-DC9A-4249-98BC-202A3B10D44F}.Release|Any CPU.Build.0 = Release|Any CPU
		{D071DD9D-3836-42F3-A9D9-F5957B0B2FA8}.Debug|Any CPU.ActiveCfg = Debug|Any CPU
		{D071DD9D-3836-42F3-A9D9-F5957B0B2FA8}.Debug|Any CPU.Build.0 = Debug|Any CPU
		{D071DD9D-3836-42F3-A9D9-F5957B0B2FA8}.Release|Any CPU.ActiveCfg = Release|Any CPU
		{D071DD9D-3836-42F3-A9D9-F5957B0B2FA8}.Release|Any CPU.Build.0 = Release|Any CPU
		{B7643738-7E12-4ABE-9541-38417411C24E}.Debug|Any CPU.ActiveCfg = Debug|Any CPU
		{B7643738-7E12-4ABE-9541-38417411C24E}.Debug|Any CPU.Build.0 = Debug|Any CPU
		{B7643738-7E12-4ABE-9541-38417411C24E}.Release|Any CPU.ActiveCfg = Release|Any CPU
		{B7643738-7E12-4ABE-9541-38417411C24E}.Release|Any CPU.Build.0 = Release|Any CPU
		{CBDB21B1-5082-4785-9C63-645DD43B64E1}.Debug|Any CPU.ActiveCfg = Debug|Any CPU
		{CBDB21B1-5082-4785-9C63-645DD43B64E1}.Debug|Any CPU.Build.0 = Debug|Any CPU
		{CBDB21B1-5082-4785-9C63-645DD43B64E1}.Release|Any CPU.ActiveCfg = Release|Any CPU
		{CBDB21B1-5082-4785-9C63-645DD43B64E1}.Release|Any CPU.Build.0 = Release|Any CPU
		{753CA30F-66AA-4C0E-B8FE-039B5CF09372}.Debug|Any CPU.ActiveCfg = Debug|Any CPU
		{753CA30F-66AA-4C0E-B8FE-039B5CF09372}.Debug|Any CPU.Build.0 = Debug|Any CPU
		{753CA30F-66AA-4C0E-B8FE-039B5CF09372}.Release|Any CPU.ActiveCfg = Release|Any CPU
		{753CA30F-66AA-4C0E-B8FE-039B5CF09372}.Release|Any CPU.Build.0 = Release|Any CPU
		{B8BCD8F6-3925-4C73-A850-BE5F1065E8D5}.Debug|Any CPU.ActiveCfg = Debug|Any CPU
		{B8BCD8F6-3925-4C73-A850-BE5F1065E8D5}.Debug|Any CPU.Build.0 = Debug|Any CPU
		{B8BCD8F6-3925-4C73-A850-BE5F1065E8D5}.Release|Any CPU.ActiveCfg = Release|Any CPU
		{B8BCD8F6-3925-4C73-A850-BE5F1065E8D5}.Release|Any CPU.Build.0 = Release|Any CPU
		{E7110012-540D-4CA2-8209-661C1782C830}.Debug|Any CPU.ActiveCfg = Debug|Any CPU
		{E7110012-540D-4CA2-8209-661C1782C830}.Debug|Any CPU.Build.0 = Debug|Any CPU
		{E7110012-540D-4CA2-8209-661C1782C830}.Release|Any CPU.ActiveCfg = Release|Any CPU
		{E7110012-540D-4CA2-8209-661C1782C830}.Release|Any CPU.Build.0 = Release|Any CPU
		{075C5678-2E3A-4833-8954-7FC35142D536}.Debug|Any CPU.ActiveCfg = Debug|Any CPU
		{075C5678-2E3A-4833-8954-7FC35142D536}.Debug|Any CPU.Build.0 = Debug|Any CPU
		{075C5678-2E3A-4833-8954-7FC35142D536}.Release|Any CPU.ActiveCfg = Release|Any CPU
		{075C5678-2E3A-4833-8954-7FC35142D536}.Release|Any CPU.Build.0 = Release|Any CPU
		{9BA4129B-343B-49BA-8EF2-C533A6740B65}.Debug|Any CPU.ActiveCfg = Debug|Any CPU
		{9BA4129B-343B-49BA-8EF2-C533A6740B65}.Debug|Any CPU.Build.0 = Debug|Any CPU
		{9BA4129B-343B-49BA-8EF2-C533A6740B65}.Release|Any CPU.ActiveCfg = Release|Any CPU
		{9BA4129B-343B-49BA-8EF2-C533A6740B65}.Release|Any CPU.Build.0 = Release|Any CPU
		{C0F544D7-E2BC-438B-8569-00F3FF1D7120}.Debug|Any CPU.ActiveCfg = Debug|Any CPU
		{C0F544D7-E2BC-438B-8569-00F3FF1D7120}.Debug|Any CPU.Build.0 = Debug|Any CPU
		{C0F544D7-E2BC-438B-8569-00F3FF1D7120}.Release|Any CPU.ActiveCfg = Release|Any CPU
		{C0F544D7-E2BC-438B-8569-00F3FF1D7120}.Release|Any CPU.Build.0 = Release|Any CPU
		{CA772C29-9170-4E73-8E46-FC18C9D707D4}.Debug|Any CPU.ActiveCfg = Debug|Any CPU
		{CA772C29-9170-4E73-8E46-FC18C9D707D4}.Debug|Any CPU.Build.0 = Debug|Any CPU
		{CA772C29-9170-4E73-8E46-FC18C9D707D4}.Release|Any CPU.ActiveCfg = Release|Any CPU
		{CA772C29-9170-4E73-8E46-FC18C9D707D4}.Release|Any CPU.Build.0 = Release|Any CPU
		{A48D0F22-720C-48C4-81B2-22E1628F7000}.Debug|Any CPU.ActiveCfg = Debug|Any CPU
		{A48D0F22-720C-48C4-81B2-22E1628F7000}.Debug|Any CPU.Build.0 = Debug|Any CPU
		{A48D0F22-720C-48C4-81B2-22E1628F7000}.Release|Any CPU.ActiveCfg = Release|Any CPU
		{A48D0F22-720C-48C4-81B2-22E1628F7000}.Release|Any CPU.Build.0 = Release|Any CPU
		{4DC5D66F-E2F7-49F2-921D-A6415B69C953}.Debug|Any CPU.ActiveCfg = Debug|Any CPU
		{4DC5D66F-E2F7-49F2-921D-A6415B69C953}.Debug|Any CPU.Build.0 = Debug|Any CPU
		{4DC5D66F-E2F7-49F2-921D-A6415B69C953}.Release|Any CPU.ActiveCfg = Release|Any CPU
		{4DC5D66F-E2F7-49F2-921D-A6415B69C953}.Release|Any CPU.Build.0 = Release|Any CPU
		{B19CC1CD-3F69-4F1B-9553-5BF9C7302BB5}.Debug|Any CPU.ActiveCfg = Debug|Any CPU
		{B19CC1CD-3F69-4F1B-9553-5BF9C7302BB5}.Debug|Any CPU.Build.0 = Debug|Any CPU
		{B19CC1CD-3F69-4F1B-9553-5BF9C7302BB5}.Release|Any CPU.ActiveCfg = Release|Any CPU
		{B19CC1CD-3F69-4F1B-9553-5BF9C7302BB5}.Release|Any CPU.Build.0 = Release|Any CPU
		{FE8C3C22-4F27-41B2-8026-1C0211A45D73}.Debug|Any CPU.ActiveCfg = Debug|Any CPU
		{FE8C3C22-4F27-41B2-8026-1C0211A45D73}.Debug|Any CPU.Build.0 = Debug|Any CPU
		{FE8C3C22-4F27-41B2-8026-1C0211A45D73}.Release|Any CPU.ActiveCfg = Release|Any CPU
		{FE8C3C22-4F27-41B2-8026-1C0211A45D73}.Release|Any CPU.Build.0 = Release|Any CPU
		{B427E264-4289-49A6-AB36-0268FBA805B7}.Debug|Any CPU.ActiveCfg = Debug|Any CPU
		{B427E264-4289-49A6-AB36-0268FBA805B7}.Debug|Any CPU.Build.0 = Debug|Any CPU
		{B427E264-4289-49A6-AB36-0268FBA805B7}.Release|Any CPU.ActiveCfg = Release|Any CPU
		{B427E264-4289-49A6-AB36-0268FBA805B7}.Release|Any CPU.Build.0 = Release|Any CPU
		{FA71B8E0-5B3E-49B8-A699-EF745FF84EAB}.Debug|Any CPU.ActiveCfg = Debug|Any CPU
		{FA71B8E0-5B3E-49B8-A699-EF745FF84EAB}.Debug|Any CPU.Build.0 = Debug|Any CPU
		{FA71B8E0-5B3E-49B8-A699-EF745FF84EAB}.Release|Any CPU.ActiveCfg = Release|Any CPU
		{FA71B8E0-5B3E-49B8-A699-EF745FF84EAB}.Release|Any CPU.Build.0 = Release|Any CPU
		{0A4BC3FA-7C40-43CC-BFDD-F7B4F6E85A3C}.Debug|Any CPU.ActiveCfg = Debug|Any CPU
		{0A4BC3FA-7C40-43CC-BFDD-F7B4F6E85A3C}.Debug|Any CPU.Build.0 = Debug|Any CPU
		{0A4BC3FA-7C40-43CC-BFDD-F7B4F6E85A3C}.Release|Any CPU.ActiveCfg = Release|Any CPU
		{0A4BC3FA-7C40-43CC-BFDD-F7B4F6E85A3C}.Release|Any CPU.Build.0 = Release|Any CPU
		{4F78A7B8-9862-42F5-A399-F47E75477103}.Debug|Any CPU.ActiveCfg = Debug|Any CPU
		{4F78A7B8-9862-42F5-A399-F47E75477103}.Debug|Any CPU.Build.0 = Debug|Any CPU
		{4F78A7B8-9862-42F5-A399-F47E75477103}.Release|Any CPU.ActiveCfg = Release|Any CPU
		{4F78A7B8-9862-42F5-A399-F47E75477103}.Release|Any CPU.Build.0 = Release|Any CPU
		{73D5AF3C-4574-4471-BC6A-7DBFA294F115}.Debug|Any CPU.ActiveCfg = Debug|Any CPU
		{73D5AF3C-4574-4471-BC6A-7DBFA294F115}.Debug|Any CPU.Build.0 = Debug|Any CPU
		{73D5AF3C-4574-4471-BC6A-7DBFA294F115}.Release|Any CPU.ActiveCfg = Release|Any CPU
		{73D5AF3C-4574-4471-BC6A-7DBFA294F115}.Release|Any CPU.Build.0 = Release|Any CPU
		{68C407DE-0FCD-41C2-B74C-2205279AFB8B}.Debug|Any CPU.ActiveCfg = Debug|Any CPU
		{68C407DE-0FCD-41C2-B74C-2205279AFB8B}.Debug|Any CPU.Build.0 = Debug|Any CPU
		{68C407DE-0FCD-41C2-B74C-2205279AFB8B}.Release|Any CPU.ActiveCfg = Release|Any CPU
		{68C407DE-0FCD-41C2-B74C-2205279AFB8B}.Release|Any CPU.Build.0 = Release|Any CPU
		{A11E3B02-3114-48D8-A7C4-14222267FCBF}.Debug|Any CPU.ActiveCfg = Debug|Any CPU
		{A11E3B02-3114-48D8-A7C4-14222267FCBF}.Debug|Any CPU.Build.0 = Debug|Any CPU
		{A11E3B02-3114-48D8-A7C4-14222267FCBF}.Release|Any CPU.ActiveCfg = Release|Any CPU
		{A11E3B02-3114-48D8-A7C4-14222267FCBF}.Release|Any CPU.Build.0 = Release|Any CPU
		{8A5B2B6F-8558-438E-A6F0-B73B3F947BB5}.Debug|Any CPU.ActiveCfg = Debug|Any CPU
		{8A5B2B6F-8558-438E-A6F0-B73B3F947BB5}.Debug|Any CPU.Build.0 = Debug|Any CPU
		{8A5B2B6F-8558-438E-A6F0-B73B3F947BB5}.Release|Any CPU.ActiveCfg = Release|Any CPU
		{8A5B2B6F-8558-438E-A6F0-B73B3F947BB5}.Release|Any CPU.Build.0 = Release|Any CPU
		{B1227B28-1C98-4FBA-A83D-D0A56456784C}.Debug|Any CPU.ActiveCfg = Debug|Any CPU
		{B1227B28-1C98-4FBA-A83D-D0A56456784C}.Debug|Any CPU.Build.0 = Debug|Any CPU
		{B1227B28-1C98-4FBA-A83D-D0A56456784C}.Release|Any CPU.ActiveCfg = Release|Any CPU
		{B1227B28-1C98-4FBA-A83D-D0A56456784C}.Release|Any CPU.Build.0 = Release|Any CPU
		{98A9C85D-3DE2-46DB-A15C-E5E27A5871D2}.Debug|Any CPU.ActiveCfg = Debug|Any CPU
		{98A9C85D-3DE2-46DB-A15C-E5E27A5871D2}.Debug|Any CPU.Build.0 = Debug|Any CPU
		{98A9C85D-3DE2-46DB-A15C-E5E27A5871D2}.Release|Any CPU.ActiveCfg = Release|Any CPU
		{98A9C85D-3DE2-46DB-A15C-E5E27A5871D2}.Release|Any CPU.Build.0 = Release|Any CPU
		{A7FE42EF-0240-4648-A9FE-FAE355DC6B43}.Debug|Any CPU.ActiveCfg = Debug|Any CPU
		{A7FE42EF-0240-4648-A9FE-FAE355DC6B43}.Debug|Any CPU.Build.0 = Debug|Any CPU
		{A7FE42EF-0240-4648-A9FE-FAE355DC6B43}.Release|Any CPU.ActiveCfg = Release|Any CPU
		{A7FE42EF-0240-4648-A9FE-FAE355DC6B43}.Release|Any CPU.Build.0 = Release|Any CPU
		{7FA29F3C-1E0D-4C55-8BF1-648F50510CA6}.Debug|Any CPU.ActiveCfg = Debug|Any CPU
		{7FA29F3C-1E0D-4C55-8BF1-648F50510CA6}.Debug|Any CPU.Build.0 = Debug|Any CPU
		{7FA29F3C-1E0D-4C55-8BF1-648F50510CA6}.Release|Any CPU.ActiveCfg = Release|Any CPU
		{7FA29F3C-1E0D-4C55-8BF1-648F50510CA6}.Release|Any CPU.Build.0 = Release|Any CPU
		{FEB1B33D-2AB1-4A5E-9B48-87E1FE986788}.Debug|Any CPU.ActiveCfg = Debug|Any CPU
		{FEB1B33D-2AB1-4A5E-9B48-87E1FE986788}.Debug|Any CPU.Build.0 = Debug|Any CPU
		{FEB1B33D-2AB1-4A5E-9B48-87E1FE986788}.Release|Any CPU.ActiveCfg = Release|Any CPU
		{FEB1B33D-2AB1-4A5E-9B48-87E1FE986788}.Release|Any CPU.Build.0 = Release|Any CPU
		{5A409EF5-5F11-4FA7-887A-B7736319C6B3}.Debug|Any CPU.ActiveCfg = Debug|Any CPU
		{5A409EF5-5F11-4FA7-887A-B7736319C6B3}.Debug|Any CPU.Build.0 = Debug|Any CPU
		{5A409EF5-5F11-4FA7-887A-B7736319C6B3}.Release|Any CPU.ActiveCfg = Release|Any CPU
		{5A409EF5-5F11-4FA7-887A-B7736319C6B3}.Release|Any CPU.Build.0 = Release|Any CPU
		{FBABD8D1-41E7-4F79-AFE8-4DEFBCFFEC3A}.Debug|Any CPU.ActiveCfg = Debug|Any CPU
		{FBABD8D1-41E7-4F79-AFE8-4DEFBCFFEC3A}.Debug|Any CPU.Build.0 = Debug|Any CPU
		{FBABD8D1-41E7-4F79-AFE8-4DEFBCFFEC3A}.Release|Any CPU.ActiveCfg = Release|Any CPU
		{FBABD8D1-41E7-4F79-AFE8-4DEFBCFFEC3A}.Release|Any CPU.Build.0 = Release|Any CPU
		{252D67BA-877A-49BD-9586-20914BBADC7C}.Debug|Any CPU.ActiveCfg = Debug|Any CPU
		{252D67BA-877A-49BD-9586-20914BBADC7C}.Debug|Any CPU.Build.0 = Debug|Any CPU
		{252D67BA-877A-49BD-9586-20914BBADC7C}.Release|Any CPU.ActiveCfg = Release|Any CPU
		{252D67BA-877A-49BD-9586-20914BBADC7C}.Release|Any CPU.Build.0 = Release|Any CPU
		{DF83DD0B-C22C-45DB-B1C2-C239BCBA0791}.Debug|Any CPU.ActiveCfg = Debug|Any CPU
		{DF83DD0B-C22C-45DB-B1C2-C239BCBA0791}.Debug|Any CPU.Build.0 = Debug|Any CPU
		{DF83DD0B-C22C-45DB-B1C2-C239BCBA0791}.Release|Any CPU.ActiveCfg = Release|Any CPU
		{DF83DD0B-C22C-45DB-B1C2-C239BCBA0791}.Release|Any CPU.Build.0 = Release|Any CPU
		{D1F61E89-8F7F-4BEE-945F-D0F9A72EA324}.Debug|Any CPU.ActiveCfg = Debug|Any CPU
		{D1F61E89-8F7F-4BEE-945F-D0F9A72EA324}.Debug|Any CPU.Build.0 = Debug|Any CPU
		{D1F61E89-8F7F-4BEE-945F-D0F9A72EA324}.Release|Any CPU.ActiveCfg = Release|Any CPU
		{D1F61E89-8F7F-4BEE-945F-D0F9A72EA324}.Release|Any CPU.Build.0 = Release|Any CPU
		{F771A6E0-9D48-40A4-ABD2-F25B77FB62C9}.Debug|Any CPU.ActiveCfg = Debug|Any CPU
		{F771A6E0-9D48-40A4-ABD2-F25B77FB62C9}.Debug|Any CPU.Build.0 = Debug|Any CPU
		{F771A6E0-9D48-40A4-ABD2-F25B77FB62C9}.Release|Any CPU.ActiveCfg = Release|Any CPU
		{F771A6E0-9D48-40A4-ABD2-F25B77FB62C9}.Release|Any CPU.Build.0 = Release|Any CPU
		{3C691A64-CAB3-4962-85D0-F8A24C73D609}.Debug|Any CPU.ActiveCfg = Debug|Any CPU
		{3C691A64-CAB3-4962-85D0-F8A24C73D609}.Debug|Any CPU.Build.0 = Debug|Any CPU
		{3C691A64-CAB3-4962-85D0-F8A24C73D609}.Release|Any CPU.ActiveCfg = Release|Any CPU
		{3C691A64-CAB3-4962-85D0-F8A24C73D609}.Release|Any CPU.Build.0 = Release|Any CPU
		{9D881F88-BBD5-4D70-A318-70F3152FBFF2}.Debug|Any CPU.ActiveCfg = Debug|Any CPU
		{9D881F88-BBD5-4D70-A318-70F3152FBFF2}.Debug|Any CPU.Build.0 = Debug|Any CPU
		{9D881F88-BBD5-4D70-A318-70F3152FBFF2}.Release|Any CPU.ActiveCfg = Release|Any CPU
		{9D881F88-BBD5-4D70-A318-70F3152FBFF2}.Release|Any CPU.Build.0 = Release|Any CPU
		{A532B74A-C340-4A8E-A4C9-919AD8DCBE0C}.Debug|Any CPU.ActiveCfg = Debug|Any CPU
		{A532B74A-C340-4A8E-A4C9-919AD8DCBE0C}.Debug|Any CPU.Build.0 = Debug|Any CPU
		{A532B74A-C340-4A8E-A4C9-919AD8DCBE0C}.Release|Any CPU.ActiveCfg = Release|Any CPU
		{A532B74A-C340-4A8E-A4C9-919AD8DCBE0C}.Release|Any CPU.Build.0 = Release|Any CPU
		{F921ED0C-779C-4E94-A9DA-7AB761660200}.Debug|Any CPU.ActiveCfg = Debug|Any CPU
		{F921ED0C-779C-4E94-A9DA-7AB761660200}.Debug|Any CPU.Build.0 = Debug|Any CPU
		{F921ED0C-779C-4E94-A9DA-7AB761660200}.Release|Any CPU.ActiveCfg = Release|Any CPU
		{F921ED0C-779C-4E94-A9DA-7AB761660200}.Release|Any CPU.Build.0 = Release|Any CPU
		{E8DC4A0E-797C-494E-88B0-6FEE66646188}.Debug|Any CPU.ActiveCfg = Debug|Any CPU
		{E8DC4A0E-797C-494E-88B0-6FEE66646188}.Debug|Any CPU.Build.0 = Debug|Any CPU
		{E8DC4A0E-797C-494E-88B0-6FEE66646188}.Release|Any CPU.ActiveCfg = Release|Any CPU
		{E8DC4A0E-797C-494E-88B0-6FEE66646188}.Release|Any CPU.Build.0 = Release|Any CPU
		{4D5F4F24-D16B-47A1-BDB7-B65060EB4000}.Debug|Any CPU.ActiveCfg = Debug|Any CPU
		{4D5F4F24-D16B-47A1-BDB7-B65060EB4000}.Debug|Any CPU.Build.0 = Debug|Any CPU
		{4D5F4F24-D16B-47A1-BDB7-B65060EB4000}.Release|Any CPU.ActiveCfg = Release|Any CPU
		{4D5F4F24-D16B-47A1-BDB7-B65060EB4000}.Release|Any CPU.Build.0 = Release|Any CPU
		{8E502BD1-4428-4FEA-BE9A-E68A3795756F}.Debug|Any CPU.ActiveCfg = Debug|Any CPU
		{8E502BD1-4428-4FEA-BE9A-E68A3795756F}.Debug|Any CPU.Build.0 = Debug|Any CPU
		{8E502BD1-4428-4FEA-BE9A-E68A3795756F}.Release|Any CPU.ActiveCfg = Release|Any CPU
		{8E502BD1-4428-4FEA-BE9A-E68A3795756F}.Release|Any CPU.Build.0 = Release|Any CPU
		{2F4E05D8-AFBC-4FC6-8423-E2A6923BE8BF}.Debug|Any CPU.ActiveCfg = Debug|Any CPU
		{2F4E05D8-AFBC-4FC6-8423-E2A6923BE8BF}.Debug|Any CPU.Build.0 = Debug|Any CPU
		{2F4E05D8-AFBC-4FC6-8423-E2A6923BE8BF}.Release|Any CPU.ActiveCfg = Release|Any CPU
		{2F4E05D8-AFBC-4FC6-8423-E2A6923BE8BF}.Release|Any CPU.Build.0 = Release|Any CPU
		{FF15D463-F769-4261-9BFB-A21758248266}.Debug|Any CPU.ActiveCfg = Debug|Any CPU
		{FF15D463-F769-4261-9BFB-A21758248266}.Debug|Any CPU.Build.0 = Debug|Any CPU
		{FF15D463-F769-4261-9BFB-A21758248266}.Release|Any CPU.ActiveCfg = Release|Any CPU
		{FF15D463-F769-4261-9BFB-A21758248266}.Release|Any CPU.Build.0 = Release|Any CPU
		{0BE38A6A-0EE6-40B5-8CE9-8B8C600733B8}.Debug|Any CPU.ActiveCfg = Debug|Any CPU
		{0BE38A6A-0EE6-40B5-8CE9-8B8C600733B8}.Debug|Any CPU.Build.0 = Debug|Any CPU
		{0BE38A6A-0EE6-40B5-8CE9-8B8C600733B8}.Release|Any CPU.ActiveCfg = Release|Any CPU
		{0BE38A6A-0EE6-40B5-8CE9-8B8C600733B8}.Release|Any CPU.Build.0 = Release|Any CPU
		{51694027-33B1-44C7-9414-5CCE6FD55DF6}.Debug|Any CPU.ActiveCfg = Debug|Any CPU
		{51694027-33B1-44C7-9414-5CCE6FD55DF6}.Debug|Any CPU.Build.0 = Debug|Any CPU
		{51694027-33B1-44C7-9414-5CCE6FD55DF6}.Release|Any CPU.ActiveCfg = Release|Any CPU
		{51694027-33B1-44C7-9414-5CCE6FD55DF6}.Release|Any CPU.Build.0 = Release|Any CPU
		{5BF2430D-E188-4147-9A07-67A4AFF9DF63}.Debug|Any CPU.ActiveCfg = Debug|Any CPU
		{5BF2430D-E188-4147-9A07-67A4AFF9DF63}.Debug|Any CPU.Build.0 = Debug|Any CPU
		{5BF2430D-E188-4147-9A07-67A4AFF9DF63}.Release|Any CPU.ActiveCfg = Release|Any CPU
		{5BF2430D-E188-4147-9A07-67A4AFF9DF63}.Release|Any CPU.Build.0 = Release|Any CPU
		{8D924531-42C4-4B9E-B895-D6A453C5B347}.Debug|Any CPU.ActiveCfg = Debug|Any CPU
		{8D924531-42C4-4B9E-B895-D6A453C5B347}.Debug|Any CPU.Build.0 = Debug|Any CPU
		{8D924531-42C4-4B9E-B895-D6A453C5B347}.Release|Any CPU.ActiveCfg = Release|Any CPU
		{8D924531-42C4-4B9E-B895-D6A453C5B347}.Release|Any CPU.Build.0 = Release|Any CPU
		{973DC69C-5C83-468E-BBE6-84C04514A8E5}.Debug|Any CPU.ActiveCfg = Debug|Any CPU
		{973DC69C-5C83-468E-BBE6-84C04514A8E5}.Debug|Any CPU.Build.0 = Debug|Any CPU
		{973DC69C-5C83-468E-BBE6-84C04514A8E5}.Release|Any CPU.ActiveCfg = Release|Any CPU
		{973DC69C-5C83-468E-BBE6-84C04514A8E5}.Release|Any CPU.Build.0 = Release|Any CPU
		{527304C9-A8FE-4AF7-A4EC-2BADB0E0EAB8}.Debug|Any CPU.ActiveCfg = Debug|Any CPU
		{527304C9-A8FE-4AF7-A4EC-2BADB0E0EAB8}.Debug|Any CPU.Build.0 = Debug|Any CPU
		{527304C9-A8FE-4AF7-A4EC-2BADB0E0EAB8}.Release|Any CPU.ActiveCfg = Release|Any CPU
		{527304C9-A8FE-4AF7-A4EC-2BADB0E0EAB8}.Release|Any CPU.Build.0 = Release|Any CPU
		{6FF2D8DC-5049-463A-9089-3EBE996F1554}.Debug|Any CPU.ActiveCfg = Debug|Any CPU
		{6FF2D8DC-5049-463A-9089-3EBE996F1554}.Debug|Any CPU.Build.0 = Debug|Any CPU
		{6FF2D8DC-5049-463A-9089-3EBE996F1554}.Release|Any CPU.ActiveCfg = Release|Any CPU
		{6FF2D8DC-5049-463A-9089-3EBE996F1554}.Release|Any CPU.Build.0 = Release|Any CPU
		{BD2E4AF8-FEE4-463C-A65D-FB42B23E5CDB}.Debug|Any CPU.ActiveCfg = Debug|Any CPU
		{BD2E4AF8-FEE4-463C-A65D-FB42B23E5CDB}.Debug|Any CPU.Build.0 = Debug|Any CPU
		{BD2E4AF8-FEE4-463C-A65D-FB42B23E5CDB}.Release|Any CPU.ActiveCfg = Release|Any CPU
		{BD2E4AF8-FEE4-463C-A65D-FB42B23E5CDB}.Release|Any CPU.Build.0 = Release|Any CPU
		{523769AE-9A52-43F5-8120-02E857821B1D}.Debug|Any CPU.ActiveCfg = Debug|Any CPU
		{523769AE-9A52-43F5-8120-02E857821B1D}.Debug|Any CPU.Build.0 = Debug|Any CPU
		{523769AE-9A52-43F5-8120-02E857821B1D}.Release|Any CPU.ActiveCfg = Release|Any CPU
		{523769AE-9A52-43F5-8120-02E857821B1D}.Release|Any CPU.Build.0 = Release|Any CPU
		{85FC8008-5D88-4FA6-882A-BCD9A4AE3892}.Debug|Any CPU.ActiveCfg = Debug|Any CPU
		{85FC8008-5D88-4FA6-882A-BCD9A4AE3892}.Debug|Any CPU.Build.0 = Debug|Any CPU
		{85FC8008-5D88-4FA6-882A-BCD9A4AE3892}.Release|Any CPU.ActiveCfg = Release|Any CPU
		{85FC8008-5D88-4FA6-882A-BCD9A4AE3892}.Release|Any CPU.Build.0 = Release|Any CPU
		{7373C27D-2732-4C39-9272-BCD3355905E2}.Debug|Any CPU.ActiveCfg = Debug|Any CPU
		{7373C27D-2732-4C39-9272-BCD3355905E2}.Debug|Any CPU.Build.0 = Debug|Any CPU
		{7373C27D-2732-4C39-9272-BCD3355905E2}.Release|Any CPU.ActiveCfg = Release|Any CPU
		{7373C27D-2732-4C39-9272-BCD3355905E2}.Release|Any CPU.Build.0 = Release|Any CPU
		{5F6875E1-D7C8-4B22-940C-09784260995A}.Debug|Any CPU.ActiveCfg = Debug|Any CPU
		{5F6875E1-D7C8-4B22-940C-09784260995A}.Debug|Any CPU.Build.0 = Debug|Any CPU
		{5F6875E1-D7C8-4B22-940C-09784260995A}.Release|Any CPU.ActiveCfg = Release|Any CPU
		{5F6875E1-D7C8-4B22-940C-09784260995A}.Release|Any CPU.Build.0 = Release|Any CPU
		{62A02353-1C98-4425-8FB2-D68A1415A19C}.Debug|Any CPU.ActiveCfg = Debug|Any CPU
		{62A02353-1C98-4425-8FB2-D68A1415A19C}.Debug|Any CPU.Build.0 = Debug|Any CPU
		{62A02353-1C98-4425-8FB2-D68A1415A19C}.Release|Any CPU.ActiveCfg = Release|Any CPU
		{62A02353-1C98-4425-8FB2-D68A1415A19C}.Release|Any CPU.Build.0 = Release|Any CPU
		{50B639DE-39C7-495A-963A-9159D68937F8}.Debug|Any CPU.ActiveCfg = Debug|Any CPU
		{50B639DE-39C7-495A-963A-9159D68937F8}.Debug|Any CPU.Build.0 = Debug|Any CPU
		{50B639DE-39C7-495A-963A-9159D68937F8}.Release|Any CPU.ActiveCfg = Release|Any CPU
		{50B639DE-39C7-495A-963A-9159D68937F8}.Release|Any CPU.Build.0 = Release|Any CPU
		{D98D1889-6D32-41C4-B084-7820932B172B}.Debug|Any CPU.ActiveCfg = Debug|Any CPU
		{D98D1889-6D32-41C4-B084-7820932B172B}.Debug|Any CPU.Build.0 = Debug|Any CPU
		{D98D1889-6D32-41C4-B084-7820932B172B}.Release|Any CPU.ActiveCfg = Release|Any CPU
		{D98D1889-6D32-41C4-B084-7820932B172B}.Release|Any CPU.Build.0 = Release|Any CPU
		{6A416851-D891-4F8F-B15F-013CA9F56370}.Debug|Any CPU.ActiveCfg = Debug|Any CPU
		{6A416851-D891-4F8F-B15F-013CA9F56370}.Debug|Any CPU.Build.0 = Debug|Any CPU
		{6A416851-D891-4F8F-B15F-013CA9F56370}.Release|Any CPU.ActiveCfg = Release|Any CPU
		{6A416851-D891-4F8F-B15F-013CA9F56370}.Release|Any CPU.Build.0 = Release|Any CPU
		{FC94DFCF-2819-400C-BEEC-33626E0524C7}.Debug|Any CPU.ActiveCfg = Debug|Any CPU
		{FC94DFCF-2819-400C-BEEC-33626E0524C7}.Debug|Any CPU.Build.0 = Debug|Any CPU
		{FC94DFCF-2819-400C-BEEC-33626E0524C7}.Release|Any CPU.ActiveCfg = Release|Any CPU
		{FC94DFCF-2819-400C-BEEC-33626E0524C7}.Release|Any CPU.Build.0 = Release|Any CPU
		{C0D8410A-5751-4AA3-8874-DE48FE899CC5}.Debug|Any CPU.ActiveCfg = Debug|Any CPU
		{C0D8410A-5751-4AA3-8874-DE48FE899CC5}.Debug|Any CPU.Build.0 = Debug|Any CPU
		{C0D8410A-5751-4AA3-8874-DE48FE899CC5}.Release|Any CPU.ActiveCfg = Release|Any CPU
		{C0D8410A-5751-4AA3-8874-DE48FE899CC5}.Release|Any CPU.Build.0 = Release|Any CPU
		{51C79265-AEE0-46BC-9F34-0AA754BDDEB0}.Debug|Any CPU.ActiveCfg = Debug|Any CPU
		{51C79265-AEE0-46BC-9F34-0AA754BDDEB0}.Debug|Any CPU.Build.0 = Debug|Any CPU
		{51C79265-AEE0-46BC-9F34-0AA754BDDEB0}.Release|Any CPU.ActiveCfg = Release|Any CPU
		{51C79265-AEE0-46BC-9F34-0AA754BDDEB0}.Release|Any CPU.Build.0 = Release|Any CPU
		{642F9F52-272E-45D0-8C5A-AF6BB7F39A89}.Debug|Any CPU.ActiveCfg = Debug|Any CPU
		{642F9F52-272E-45D0-8C5A-AF6BB7F39A89}.Debug|Any CPU.Build.0 = Debug|Any CPU
		{642F9F52-272E-45D0-8C5A-AF6BB7F39A89}.Release|Any CPU.ActiveCfg = Release|Any CPU
		{642F9F52-272E-45D0-8C5A-AF6BB7F39A89}.Release|Any CPU.Build.0 = Release|Any CPU
		{63236EF0-5D52-4C72-8C0C-8068B0CC7018}.Debug|Any CPU.ActiveCfg = Debug|Any CPU
		{63236EF0-5D52-4C72-8C0C-8068B0CC7018}.Debug|Any CPU.Build.0 = Debug|Any CPU
		{63236EF0-5D52-4C72-8C0C-8068B0CC7018}.Release|Any CPU.ActiveCfg = Release|Any CPU
		{63236EF0-5D52-4C72-8C0C-8068B0CC7018}.Release|Any CPU.Build.0 = Release|Any CPU
		{F632BE07-0323-4852-A64B-267B1EC2A267}.Debug|Any CPU.ActiveCfg = Debug|Any CPU
		{F632BE07-0323-4852-A64B-267B1EC2A267}.Debug|Any CPU.Build.0 = Debug|Any CPU
		{F632BE07-0323-4852-A64B-267B1EC2A267}.Release|Any CPU.ActiveCfg = Release|Any CPU
		{F632BE07-0323-4852-A64B-267B1EC2A267}.Release|Any CPU.Build.0 = Release|Any CPU
		{A2EB7948-8BCF-461A-823F-F41B351F70FC}.Debug|Any CPU.ActiveCfg = Debug|Any CPU
		{A2EB7948-8BCF-461A-823F-F41B351F70FC}.Debug|Any CPU.Build.0 = Debug|Any CPU
		{A2EB7948-8BCF-461A-823F-F41B351F70FC}.Release|Any CPU.ActiveCfg = Release|Any CPU
		{A2EB7948-8BCF-461A-823F-F41B351F70FC}.Release|Any CPU.Build.0 = Release|Any CPU
		{72E1A33F-39FA-4126-ADC2-59DB383F4601}.Debug|Any CPU.ActiveCfg = Debug|Any CPU
		{72E1A33F-39FA-4126-ADC2-59DB383F4601}.Debug|Any CPU.Build.0 = Debug|Any CPU
		{72E1A33F-39FA-4126-ADC2-59DB383F4601}.Release|Any CPU.ActiveCfg = Release|Any CPU
		{72E1A33F-39FA-4126-ADC2-59DB383F4601}.Release|Any CPU.Build.0 = Release|Any CPU
		{CEFFD24C-6158-4681-86E7-590C41C79DBE}.Debug|Any CPU.ActiveCfg = Debug|Any CPU
		{CEFFD24C-6158-4681-86E7-590C41C79DBE}.Debug|Any CPU.Build.0 = Debug|Any CPU
		{CEFFD24C-6158-4681-86E7-590C41C79DBE}.Release|Any CPU.ActiveCfg = Release|Any CPU
		{CEFFD24C-6158-4681-86E7-590C41C79DBE}.Release|Any CPU.Build.0 = Release|Any CPU
		{A60245C8-C8DB-4BA8-A7C8-750372ABA8F8}.Debug|Any CPU.ActiveCfg = Debug|Any CPU
		{A60245C8-C8DB-4BA8-A7C8-750372ABA8F8}.Debug|Any CPU.Build.0 = Debug|Any CPU
		{A60245C8-C8DB-4BA8-A7C8-750372ABA8F8}.Release|Any CPU.ActiveCfg = Release|Any CPU
		{A60245C8-C8DB-4BA8-A7C8-750372ABA8F8}.Release|Any CPU.Build.0 = Release|Any CPU
		{DB08837C-C20D-42F1-9D03-FFEA279BA07F}.Debug|Any CPU.ActiveCfg = Debug|Any CPU
		{DB08837C-C20D-42F1-9D03-FFEA279BA07F}.Debug|Any CPU.Build.0 = Debug|Any CPU
		{DB08837C-C20D-42F1-9D03-FFEA279BA07F}.Release|Any CPU.ActiveCfg = Release|Any CPU
		{DB08837C-C20D-42F1-9D03-FFEA279BA07F}.Release|Any CPU.Build.0 = Release|Any CPU
		{B78268BF-9BC3-4E77-8F95-D0A06A75B4F3}.Debug|Any CPU.ActiveCfg = Debug|Any CPU
		{B78268BF-9BC3-4E77-8F95-D0A06A75B4F3}.Debug|Any CPU.Build.0 = Debug|Any CPU
		{B78268BF-9BC3-4E77-8F95-D0A06A75B4F3}.Release|Any CPU.ActiveCfg = Release|Any CPU
		{B78268BF-9BC3-4E77-8F95-D0A06A75B4F3}.Release|Any CPU.Build.0 = Release|Any CPU
		{F5FBA864-47AA-490A-9CF4-7664C65C8317}.Debug|Any CPU.ActiveCfg = Debug|Any CPU
		{F5FBA864-47AA-490A-9CF4-7664C65C8317}.Debug|Any CPU.Build.0 = Debug|Any CPU
		{F5FBA864-47AA-490A-9CF4-7664C65C8317}.Release|Any CPU.ActiveCfg = Release|Any CPU
		{F5FBA864-47AA-490A-9CF4-7664C65C8317}.Release|Any CPU.Build.0 = Release|Any CPU
		{BDA991D7-B18D-4700-AD57-EE84748F78E0}.Debug|Any CPU.ActiveCfg = Debug|Any CPU
		{BDA991D7-B18D-4700-AD57-EE84748F78E0}.Debug|Any CPU.Build.0 = Debug|Any CPU
		{BDA991D7-B18D-4700-AD57-EE84748F78E0}.Release|Any CPU.ActiveCfg = Release|Any CPU
		{BDA991D7-B18D-4700-AD57-EE84748F78E0}.Release|Any CPU.Build.0 = Release|Any CPU
		{24DF7AA0-5817-4581-A6EF-04F5ED71C20C}.Debug|Any CPU.ActiveCfg = Debug|Any CPU
		{24DF7AA0-5817-4581-A6EF-04F5ED71C20C}.Debug|Any CPU.Build.0 = Debug|Any CPU
		{24DF7AA0-5817-4581-A6EF-04F5ED71C20C}.Release|Any CPU.ActiveCfg = Release|Any CPU
		{24DF7AA0-5817-4581-A6EF-04F5ED71C20C}.Release|Any CPU.Build.0 = Release|Any CPU
		{B45F5E42-4642-47E2-A21B-ACEEFE643711}.Debug|Any CPU.ActiveCfg = Debug|Any CPU
		{B45F5E42-4642-47E2-A21B-ACEEFE643711}.Debug|Any CPU.Build.0 = Debug|Any CPU
		{B45F5E42-4642-47E2-A21B-ACEEFE643711}.Release|Any CPU.ActiveCfg = Release|Any CPU
		{B45F5E42-4642-47E2-A21B-ACEEFE643711}.Release|Any CPU.Build.0 = Release|Any CPU
		{EE9FA897-8888-4677-9B09-FEA40ECCBB46}.Debug|Any CPU.ActiveCfg = Debug|Any CPU
		{EE9FA897-8888-4677-9B09-FEA40ECCBB46}.Debug|Any CPU.Build.0 = Debug|Any CPU
		{EE9FA897-8888-4677-9B09-FEA40ECCBB46}.Release|Any CPU.ActiveCfg = Release|Any CPU
		{EE9FA897-8888-4677-9B09-FEA40ECCBB46}.Release|Any CPU.Build.0 = Release|Any CPU
		{E45F8694-2D66-4C3C-9B14-20FBC974D7E4}.Debug|Any CPU.ActiveCfg = Debug|Any CPU
		{E45F8694-2D66-4C3C-9B14-20FBC974D7E4}.Debug|Any CPU.Build.0 = Debug|Any CPU
		{E45F8694-2D66-4C3C-9B14-20FBC974D7E4}.Release|Any CPU.ActiveCfg = Release|Any CPU
		{E45F8694-2D66-4C3C-9B14-20FBC974D7E4}.Release|Any CPU.Build.0 = Release|Any CPU
		{D902154D-630A-448A-875B-E7AB6246C0A8}.Debug|Any CPU.ActiveCfg = Debug|Any CPU
		{D902154D-630A-448A-875B-E7AB6246C0A8}.Debug|Any CPU.Build.0 = Debug|Any CPU
		{D902154D-630A-448A-875B-E7AB6246C0A8}.Release|Any CPU.ActiveCfg = Release|Any CPU
		{D902154D-630A-448A-875B-E7AB6246C0A8}.Release|Any CPU.Build.0 = Release|Any CPU
		{1E723EE9-58BA-4C02-A652-A636376E0F23}.Debug|Any CPU.ActiveCfg = Debug|Any CPU
		{1E723EE9-58BA-4C02-A652-A636376E0F23}.Debug|Any CPU.Build.0 = Debug|Any CPU
		{1E723EE9-58BA-4C02-A652-A636376E0F23}.Release|Any CPU.ActiveCfg = Release|Any CPU
		{1E723EE9-58BA-4C02-A652-A636376E0F23}.Release|Any CPU.Build.0 = Release|Any CPU
		{955F5C8E-6B92-4182-BC9E-EC1817B7DD01}.Debug|Any CPU.ActiveCfg = Debug|Any CPU
		{955F5C8E-6B92-4182-BC9E-EC1817B7DD01}.Debug|Any CPU.Build.0 = Debug|Any CPU
		{955F5C8E-6B92-4182-BC9E-EC1817B7DD01}.Release|Any CPU.ActiveCfg = Release|Any CPU
		{955F5C8E-6B92-4182-BC9E-EC1817B7DD01}.Release|Any CPU.Build.0 = Release|Any CPU
		{2950B18F-493F-48B2-9659-9BE549A3DD7C}.Debug|Any CPU.ActiveCfg = Debug|Any CPU
		{2950B18F-493F-48B2-9659-9BE549A3DD7C}.Debug|Any CPU.Build.0 = Debug|Any CPU
		{2950B18F-493F-48B2-9659-9BE549A3DD7C}.Release|Any CPU.ActiveCfg = Release|Any CPU
		{2950B18F-493F-48B2-9659-9BE549A3DD7C}.Release|Any CPU.Build.0 = Release|Any CPU
		{BB3E6E36-890F-4B3C-A003-29EEAB22C2D6}.Debug|Any CPU.ActiveCfg = Debug|Any CPU
		{BB3E6E36-890F-4B3C-A003-29EEAB22C2D6}.Debug|Any CPU.Build.0 = Debug|Any CPU
		{BB3E6E36-890F-4B3C-A003-29EEAB22C2D6}.Release|Any CPU.ActiveCfg = Release|Any CPU
		{BB3E6E36-890F-4B3C-A003-29EEAB22C2D6}.Release|Any CPU.Build.0 = Release|Any CPU
		{5650E7D5-D67D-459B-9DA5-B8FA4D91F1AE}.Debug|Any CPU.ActiveCfg = Debug|Any CPU
		{5650E7D5-D67D-459B-9DA5-B8FA4D91F1AE}.Debug|Any CPU.Build.0 = Debug|Any CPU
		{5650E7D5-D67D-459B-9DA5-B8FA4D91F1AE}.Release|Any CPU.ActiveCfg = Release|Any CPU
		{5650E7D5-D67D-459B-9DA5-B8FA4D91F1AE}.Release|Any CPU.Build.0 = Release|Any CPU
		{DFD204B1-2F2E-4A16-A44B-90DE9CC2101E}.Debug|Any CPU.ActiveCfg = Debug|Any CPU
		{DFD204B1-2F2E-4A16-A44B-90DE9CC2101E}.Debug|Any CPU.Build.0 = Debug|Any CPU
		{DFD204B1-2F2E-4A16-A44B-90DE9CC2101E}.Release|Any CPU.ActiveCfg = Release|Any CPU
		{DFD204B1-2F2E-4A16-A44B-90DE9CC2101E}.Release|Any CPU.Build.0 = Release|Any CPU
		{43BA602F-3873-4C5F-904C-1F4F8E59945C}.Debug|Any CPU.ActiveCfg = Debug|Any CPU
		{43BA602F-3873-4C5F-904C-1F4F8E59945C}.Debug|Any CPU.Build.0 = Debug|Any CPU
		{43BA602F-3873-4C5F-904C-1F4F8E59945C}.Release|Any CPU.ActiveCfg = Release|Any CPU
		{43BA602F-3873-4C5F-904C-1F4F8E59945C}.Release|Any CPU.Build.0 = Release|Any CPU
		{23F4BF26-05EF-4A06-A2CC-666AB475E5F1}.Debug|Any CPU.ActiveCfg = Debug|Any CPU
		{23F4BF26-05EF-4A06-A2CC-666AB475E5F1}.Debug|Any CPU.Build.0 = Debug|Any CPU
		{23F4BF26-05EF-4A06-A2CC-666AB475E5F1}.Release|Any CPU.ActiveCfg = Release|Any CPU
		{23F4BF26-05EF-4A06-A2CC-666AB475E5F1}.Release|Any CPU.Build.0 = Release|Any CPU
		{0EF25272-05A1-4B4D-BB2F-59C64020555B}.Debug|Any CPU.ActiveCfg = Debug|Any CPU
		{0EF25272-05A1-4B4D-BB2F-59C64020555B}.Debug|Any CPU.Build.0 = Debug|Any CPU
		{0EF25272-05A1-4B4D-BB2F-59C64020555B}.Release|Any CPU.ActiveCfg = Release|Any CPU
		{0EF25272-05A1-4B4D-BB2F-59C64020555B}.Release|Any CPU.Build.0 = Release|Any CPU
		{33AA1624-F2C9-41F2-B03F-9D63B66FB95E}.Debug|Any CPU.ActiveCfg = Debug|Any CPU
		{33AA1624-F2C9-41F2-B03F-9D63B66FB95E}.Debug|Any CPU.Build.0 = Debug|Any CPU
		{33AA1624-F2C9-41F2-B03F-9D63B66FB95E}.Release|Any CPU.ActiveCfg = Release|Any CPU
		{33AA1624-F2C9-41F2-B03F-9D63B66FB95E}.Release|Any CPU.Build.0 = Release|Any CPU
		{94DA9F7C-7F88-49E3-9EA6-C1A841762F25}.Debug|Any CPU.ActiveCfg = Debug|Any CPU
		{94DA9F7C-7F88-49E3-9EA6-C1A841762F25}.Debug|Any CPU.Build.0 = Debug|Any CPU
		{94DA9F7C-7F88-49E3-9EA6-C1A841762F25}.Release|Any CPU.ActiveCfg = Release|Any CPU
		{94DA9F7C-7F88-49E3-9EA6-C1A841762F25}.Release|Any CPU.Build.0 = Release|Any CPU
		{96C89992-5D27-4B7A-BE22-51E071C356D3}.Debug|Any CPU.ActiveCfg = Debug|Any CPU
		{96C89992-5D27-4B7A-BE22-51E071C356D3}.Debug|Any CPU.Build.0 = Debug|Any CPU
		{96C89992-5D27-4B7A-BE22-51E071C356D3}.Release|Any CPU.ActiveCfg = Release|Any CPU
		{96C89992-5D27-4B7A-BE22-51E071C356D3}.Release|Any CPU.Build.0 = Release|Any CPU
		{3CEC865B-7733-4C82-AC64-AEC6997E67C1}.Debug|Any CPU.ActiveCfg = Debug|Any CPU
		{3CEC865B-7733-4C82-AC64-AEC6997E67C1}.Debug|Any CPU.Build.0 = Debug|Any CPU
		{3CEC865B-7733-4C82-AC64-AEC6997E67C1}.Release|Any CPU.ActiveCfg = Release|Any CPU
		{3CEC865B-7733-4C82-AC64-AEC6997E67C1}.Release|Any CPU.Build.0 = Release|Any CPU
		{DD27EA74-365E-4D69-8233-8B2C6F3AAD26}.Debug|Any CPU.ActiveCfg = Debug|Any CPU
		{DD27EA74-365E-4D69-8233-8B2C6F3AAD26}.Debug|Any CPU.Build.0 = Debug|Any CPU
		{DD27EA74-365E-4D69-8233-8B2C6F3AAD26}.Release|Any CPU.ActiveCfg = Release|Any CPU
		{DD27EA74-365E-4D69-8233-8B2C6F3AAD26}.Release|Any CPU.Build.0 = Release|Any CPU
		{F009E5BC-9AF9-4464-B3D9-81A43B98858A}.Debug|Any CPU.ActiveCfg = Debug|Any CPU
		{F009E5BC-9AF9-4464-B3D9-81A43B98858A}.Debug|Any CPU.Build.0 = Debug|Any CPU
		{F009E5BC-9AF9-4464-B3D9-81A43B98858A}.Release|Any CPU.ActiveCfg = Release|Any CPU
		{F009E5BC-9AF9-4464-B3D9-81A43B98858A}.Release|Any CPU.Build.0 = Release|Any CPU
		{C671C99D-261D-410A-AAD6-293FCCBD5EE7}.Debug|Any CPU.ActiveCfg = Debug|Any CPU
		{C671C99D-261D-410A-AAD6-293FCCBD5EE7}.Debug|Any CPU.Build.0 = Debug|Any CPU
		{C671C99D-261D-410A-AAD6-293FCCBD5EE7}.Release|Any CPU.ActiveCfg = Release|Any CPU
		{C671C99D-261D-410A-AAD6-293FCCBD5EE7}.Release|Any CPU.Build.0 = Release|Any CPU
		{BA2B45E7-6264-43C2-B869-9E65B67FF47F}.Debug|Any CPU.ActiveCfg = Debug|Any CPU
		{BA2B45E7-6264-43C2-B869-9E65B67FF47F}.Debug|Any CPU.Build.0 = Debug|Any CPU
		{BA2B45E7-6264-43C2-B869-9E65B67FF47F}.Release|Any CPU.ActiveCfg = Release|Any CPU
		{BA2B45E7-6264-43C2-B869-9E65B67FF47F}.Release|Any CPU.Build.0 = Release|Any CPU
		{0229BF2E-0837-4CC5-8AE1-79FA56ED7308}.Debug|Any CPU.ActiveCfg = Debug|Any CPU
		{0229BF2E-0837-4CC5-8AE1-79FA56ED7308}.Debug|Any CPU.Build.0 = Debug|Any CPU
		{0229BF2E-0837-4CC5-8AE1-79FA56ED7308}.Release|Any CPU.ActiveCfg = Release|Any CPU
		{0229BF2E-0837-4CC5-8AE1-79FA56ED7308}.Release|Any CPU.Build.0 = Release|Any CPU
		{B5028236-A94C-4CA2-AA88-647ECF4236E7}.Debug|Any CPU.ActiveCfg = Debug|Any CPU
		{B5028236-A94C-4CA2-AA88-647ECF4236E7}.Debug|Any CPU.Build.0 = Debug|Any CPU
		{B5028236-A94C-4CA2-AA88-647ECF4236E7}.Release|Any CPU.ActiveCfg = Release|Any CPU
		{B5028236-A94C-4CA2-AA88-647ECF4236E7}.Release|Any CPU.Build.0 = Release|Any CPU
		{4A8F57BD-50EA-4DD7-AC9C-0498C6E29546}.Debug|Any CPU.ActiveCfg = Debug|Any CPU
		{4A8F57BD-50EA-4DD7-AC9C-0498C6E29546}.Debug|Any CPU.Build.0 = Debug|Any CPU
		{4A8F57BD-50EA-4DD7-AC9C-0498C6E29546}.Release|Any CPU.ActiveCfg = Release|Any CPU
		{4A8F57BD-50EA-4DD7-AC9C-0498C6E29546}.Release|Any CPU.Build.0 = Release|Any CPU
		{9C05F2D6-3AEF-4664-925E-C4C1EFD3BBC0}.Debug|Any CPU.ActiveCfg = Debug|Any CPU
		{9C05F2D6-3AEF-4664-925E-C4C1EFD3BBC0}.Debug|Any CPU.Build.0 = Debug|Any CPU
		{9C05F2D6-3AEF-4664-925E-C4C1EFD3BBC0}.Release|Any CPU.ActiveCfg = Release|Any CPU
		{9C05F2D6-3AEF-4664-925E-C4C1EFD3BBC0}.Release|Any CPU.Build.0 = Release|Any CPU
		{EEC0AEB6-9F9A-4F77-9289-6CF211532914}.Debug|Any CPU.ActiveCfg = Debug|Any CPU
		{EEC0AEB6-9F9A-4F77-9289-6CF211532914}.Debug|Any CPU.Build.0 = Debug|Any CPU
		{EEC0AEB6-9F9A-4F77-9289-6CF211532914}.Release|Any CPU.ActiveCfg = Release|Any CPU
		{EEC0AEB6-9F9A-4F77-9289-6CF211532914}.Release|Any CPU.Build.0 = Release|Any CPU
		{40BB381F-779C-4354-A1B1-7E1B961BAF83}.Debug|Any CPU.ActiveCfg = Debug|Any CPU
		{40BB381F-779C-4354-A1B1-7E1B961BAF83}.Debug|Any CPU.Build.0 = Debug|Any CPU
		{40BB381F-779C-4354-A1B1-7E1B961BAF83}.Release|Any CPU.ActiveCfg = Release|Any CPU
		{40BB381F-779C-4354-A1B1-7E1B961BAF83}.Release|Any CPU.Build.0 = Release|Any CPU
		{D0E922FB-F2AE-4C29-9F49-F7A2A04266AE}.Debug|Any CPU.ActiveCfg = Debug|Any CPU
		{D0E922FB-F2AE-4C29-9F49-F7A2A04266AE}.Debug|Any CPU.Build.0 = Debug|Any CPU
		{D0E922FB-F2AE-4C29-9F49-F7A2A04266AE}.Release|Any CPU.ActiveCfg = Release|Any CPU
		{D0E922FB-F2AE-4C29-9F49-F7A2A04266AE}.Release|Any CPU.Build.0 = Release|Any CPU
		{48CA0BC9-E23C-4E72-972B-74984EE8C547}.Debug|Any CPU.ActiveCfg = Debug|Any CPU
		{48CA0BC9-E23C-4E72-972B-74984EE8C547}.Debug|Any CPU.Build.0 = Debug|Any CPU
		{48CA0BC9-E23C-4E72-972B-74984EE8C547}.Release|Any CPU.ActiveCfg = Release|Any CPU
		{48CA0BC9-E23C-4E72-972B-74984EE8C547}.Release|Any CPU.Build.0 = Release|Any CPU
	EndGlobalSection
	GlobalSection(SolutionProperties) = preSolution
		HideSolutionNode = FALSE
	EndGlobalSection
	GlobalSection(NestedProjects) = preSolution
		{499C0954-AF60-42BA-9D62-E81E7B9328DE} = {24534CED-B5EB-407A-AF42-4DBB359BD2BE}
		{D3C798A8-53C8-4DA6-A272-88ECB8094940} = {24534CED-B5EB-407A-AF42-4DBB359BD2BE}
		{C7E73865-4A94-4E77-BCE1-ADABA5D876CA} = {E7521472-FE42-4094-81C0-4D04E92B8AAD}
		{CCB92E5C-0342-48BB-B7E2-75337C792BAE} = {A5C9855D-8523-4F5A-A248-CB5672521947}
		{38D0DE87-BD51-4646-A9FF-ED2D3E3AFBF1} = {587ED09C-4B43-4E7F-A8DE-01739CC33584}
		{F466EB07-1273-4719-A0CC-D74902508FE9} = {587ED09C-4B43-4E7F-A8DE-01739CC33584}
		{A8F10577-450E-42D1-95C0-6DD780ED68C1} = {6576BB1C-23C8-4F16-9101-C27E4F23315F}
		{A2AE8BB8-79DF-410C-8EC4-AD81DA0B7A6F} = {6576BB1C-23C8-4F16-9101-C27E4F23315F}
		{27B5ABF2-6EEC-46A7-AB35-719AABBA1DEF} = {83EB0692-1E39-4151-9370-A1458AEE3BA0}
		{B43BB4EA-68E7-40C1-A600-A2E9D6C0CC76} = {83EB0692-1E39-4151-9370-A1458AEE3BA0}
		{68CE127C-7388-4F11-89AB-8FAB164CDAB2} = {3C01293B-54C0-4D0C-83C5-6562F58B6EAA}
		{4FB2D464-FBFF-49B1-AF33-8F6C1413AD76} = {3C01293B-54C0-4D0C-83C5-6562F58B6EAA}
		{98C91FED-64F4-4ECF-80CB-8B6437D9E90D} = {16C3BAA7-00C5-447F-B096-569261BF4B60}
		{F376CB2C-0631-42D1-9907-2281B268339E} = {16C3BAA7-00C5-447F-B096-569261BF4B60}
		{9F5F4B09-56CC-4E9E-8529-F79E049AE6A3} = {4D6943DF-A170-4989-B8D0-C66D9B5A7EEE}
		{EABEAB62-2667-448E-9A4C-2C3DF287EF8F} = {4D6943DF-A170-4989-B8D0-C66D9B5A7EEE}
		{2829EB83-A68D-4BC7-B966-8DE891CED330} = {23256F49-2195-4AC6-B6CB-C2B8427DD86E}
		{33E16E41-F4B1-4824-A45A-9DD9582A517E} = {23256F49-2195-4AC6-B6CB-C2B8427DD86E}
		{B8B4245A-D965-4DC5-B689-62BC5AC9D81F} = {9EBB1BC1-365A-4F83-81BC-9B1055EF1895}
		{9162F73D-E685-4FDA-8C8D-96DEB3D8F14D} = {9EBB1BC1-365A-4F83-81BC-9B1055EF1895}
		{4A93E440-0C1E-429B-8A50-C1CE789E31D5} = {38C23215-A9E1-427C-9635-21F163754531}
		{A557C74B-0E48-4CC0-9E1A-5FEF7F4EA542} = {38C23215-A9E1-427C-9635-21F163754531}
		{BD063B1D-E7BF-479D-8586-728E4589A118} = {442BE03D-5C5D-42B8-8E5F-29F6FA1D9132}
		{6F85609F-511C-462A-A52A-5F0F6816E7DD} = {442BE03D-5C5D-42B8-8E5F-29F6FA1D9132}
		{E571C808-E4F0-42D9-A494-B8E5CBF50D55} = {F910B90B-3AB0-4512-9E4D-A9BB44996872}
		{1A04CDD1-ECE6-4069-B3AC-86074ABEB154} = {F910B90B-3AB0-4512-9E4D-A9BB44996872}
		{894D4EE6-F04D-45BB-9A5B-458337D6E507} = {95DC5A62-3BAB-45E6-8C8E-5110DF468913}
		{D389E740-433E-460E-9B23-452FD95904A8} = {95DC5A62-3BAB-45E6-8C8E-5110DF468913}
		{58FF8148-9976-46ED-BB6B-BD16D592B6A9} = {B63C21C6-02AB-4605-BE79-877D661E3A32}
		{4296FDEA-09AA-4528-98F9-AA5110389B55} = {B63C21C6-02AB-4605-BE79-877D661E3A32}
		{CF158922-6EDE-4779-862A-0CD305FF478F} = {D7F4ED1D-6EC0-4E82-A4A6-FBC1A109B27A}
		{2FC0C8A4-2B99-4698-8831-AB32D3D9EFE1} = {D7F4ED1D-6EC0-4E82-A4A6-FBC1A109B27A}
		{9D12D73F-0DD4-4BC6-9589-8FE63948BC44} = {3AF0AB50-671A-4B92-A96C-6BDEA051B659}
		{5DE295D2-C978-4DDF-A52A-F883D2E74E23} = {3AF0AB50-671A-4B92-A96C-6BDEA051B659}
		{7DC651D6-9A72-43C8-A687-3397E76C2E6F} = {90CE6F3C-CC0F-456C-9AC0-66BFD99C3BBF}
		{3BD8E9CD-750B-4C61-A3E7-4A373C192200} = {90CE6F3C-CC0F-456C-9AC0-66BFD99C3BBF}
		{7465A09B-EA77-48EC-9B78-578B01C1D91C} = {41DA93C9-5587-45BB-B4B5-BD133A5939B1}
		{FB056F03-E98C-49B8-8E75-471DB3269B5A} = {41DA93C9-5587-45BB-B4B5-BD133A5939B1}
		{F8A4472A-02E2-4150-AA84-9746F94A1DBA} = {7743719F-759E-4EE6-A0B9-BF493E87D658}
		{B4DAD53D-C3A7-4821-91B5-1FFC77259F53} = {7743719F-759E-4EE6-A0B9-BF493E87D658}
		{40053D48-DC9A-4249-98BC-202A3B10D44F} = {C1AD9B7A-5197-447A-9E8D-3A5775B3A877}
		{D071DD9D-3836-42F3-A9D9-F5957B0B2FA8} = {C1AD9B7A-5197-447A-9E8D-3A5775B3A877}
		{B7643738-7E12-4ABE-9541-38417411C24E} = {D64B9C82-4986-4601-8347-3700A1DA82CC}
		{CBDB21B1-5082-4785-9C63-645DD43B64E1} = {D64B9C82-4986-4601-8347-3700A1DA82CC}
		{753CA30F-66AA-4C0E-B8FE-039B5CF09372} = {97325F02-57C4-4101-AE0D-7BB2A2EF556A}
		{B8BCD8F6-3925-4C73-A850-BE5F1065E8D5} = {97325F02-57C4-4101-AE0D-7BB2A2EF556A}
		{E7110012-540D-4CA2-8209-661C1782C830} = {C918E9CC-7552-4661-93E4-C36E6E6DE414}
		{075C5678-2E3A-4833-8954-7FC35142D536} = {C918E9CC-7552-4661-93E4-C36E6E6DE414}
		{9BA4129B-343B-49BA-8EF2-C533A6740B65} = {682C355E-FABE-4F4D-AA6C-A8197AD4DE53}
		{C0F544D7-E2BC-438B-8569-00F3FF1D7120} = {682C355E-FABE-4F4D-AA6C-A8197AD4DE53}
		{CA772C29-9170-4E73-8E46-FC18C9D707D4} = {77836ACA-695B-4C28-91A4-9F84A48EA5BA}
		{A48D0F22-720C-48C4-81B2-22E1628F7000} = {77836ACA-695B-4C28-91A4-9F84A48EA5BA}
		{4DC5D66F-E2F7-49F2-921D-A6415B69C953} = {1C92EA33-DC00-49DD-B9C9-0137BBE4C5AC}
		{B19CC1CD-3F69-4F1B-9553-5BF9C7302BB5} = {1C92EA33-DC00-49DD-B9C9-0137BBE4C5AC}
		{FE8C3C22-4F27-41B2-8026-1C0211A45D73} = {9A421494-A119-4131-AD92-7501B8BD87AE}
		{B427E264-4289-49A6-AB36-0268FBA805B7} = {9A421494-A119-4131-AD92-7501B8BD87AE}
		{FA71B8E0-5B3E-49B8-A699-EF745FF84EAB} = {377FFB95-0892-445A-BF92-802D3CD5EDD2}
		{0A4BC3FA-7C40-43CC-BFDD-F7B4F6E85A3C} = {377FFB95-0892-445A-BF92-802D3CD5EDD2}
		{4F78A7B8-9862-42F5-A399-F47E75477103} = {33164796-FC47-43C8-AAF3-400E9F4834A0}
		{73D5AF3C-4574-4471-BC6A-7DBFA294F115} = {33164796-FC47-43C8-AAF3-400E9F4834A0}
		{68C407DE-0FCD-41C2-B74C-2205279AFB8B} = {2D1D5E67-934C-49FE-8E0D-C728D0912B44}
		{A11E3B02-3114-48D8-A7C4-14222267FCBF} = {2D1D5E67-934C-49FE-8E0D-C728D0912B44}
		{8A5B2B6F-8558-438E-A6F0-B73B3F947BB5} = {6A877606-F765-4266-B634-19CE9E176835}
		{B1227B28-1C98-4FBA-A83D-D0A56456784C} = {6A877606-F765-4266-B634-19CE9E176835}
		{98A9C85D-3DE2-46DB-A15C-E5E27A5871D2} = {8C137A9D-F2A4-41B7-81A1-6E9FE0B4D3A0}
		{A7FE42EF-0240-4648-A9FE-FAE355DC6B43} = {8C137A9D-F2A4-41B7-81A1-6E9FE0B4D3A0}
		{7FA29F3C-1E0D-4C55-8BF1-648F50510CA6} = {8A33638A-0DC0-41A5-9788-515035C33FDF}
		{FEB1B33D-2AB1-4A5E-9B48-87E1FE986788} = {8A33638A-0DC0-41A5-9788-515035C33FDF}
		{5A409EF5-5F11-4FA7-887A-B7736319C6B3} = {28CC5AB2-7BA7-483F-A46F-B6A4CFD945A4}
		{FBABD8D1-41E7-4F79-AFE8-4DEFBCFFEC3A} = {28CC5AB2-7BA7-483F-A46F-B6A4CFD945A4}
		{252D67BA-877A-49BD-9586-20914BBADC7C} = {0C63C27C-39DA-4B34-AEAC-C7F31CFA17A1}
		{DF83DD0B-C22C-45DB-B1C2-C239BCBA0791} = {0C63C27C-39DA-4B34-AEAC-C7F31CFA17A1}
		{D1F61E89-8F7F-4BEE-945F-D0F9A72EA324} = {1189302F-76B9-4265-91D2-802F0E4FAD09}
		{F771A6E0-9D48-40A4-ABD2-F25B77FB62C9} = {1189302F-76B9-4265-91D2-802F0E4FAD09}
		{3C691A64-CAB3-4962-85D0-F8A24C73D609} = {FD9DE570-A6BD-43FF-BD70-638B559FE0C5}
		{9D881F88-BBD5-4D70-A318-70F3152FBFF2} = {FD9DE570-A6BD-43FF-BD70-638B559FE0C5}
		{A532B74A-C340-4A8E-A4C9-919AD8DCBE0C} = {D3E89438-473B-42D8-BEF2-EF58CC8E1002}
		{F921ED0C-779C-4E94-A9DA-7AB761660200} = {D3E89438-473B-42D8-BEF2-EF58CC8E1002}
		{E8DC4A0E-797C-494E-88B0-6FEE66646188} = {5840D5A1-3910-4260-ACE1-DA6003317F28}
		{4D5F4F24-D16B-47A1-BDB7-B65060EB4000} = {5840D5A1-3910-4260-ACE1-DA6003317F28}
		{8E502BD1-4428-4FEA-BE9A-E68A3795756F} = {9CE7BBF5-771A-4980-B638-CCBC24778A1D}
		{2F4E05D8-AFBC-4FC6-8423-E2A6923BE8BF} = {9CE7BBF5-771A-4980-B638-CCBC24778A1D}
		{FF15D463-F769-4261-9BFB-A21758248266} = {15AF8742-9107-44B9-8962-104BCE77E97E}
		{0BE38A6A-0EE6-40B5-8CE9-8B8C600733B8} = {15AF8742-9107-44B9-8962-104BCE77E97E}
		{51694027-33B1-44C7-9414-5CCE6FD55DF6} = {C4F60279-321B-458F-801F-B9F9DF3452E1}
		{5BF2430D-E188-4147-9A07-67A4AFF9DF63} = {C4F60279-321B-458F-801F-B9F9DF3452E1}
		{8D924531-42C4-4B9E-B895-D6A453C5B347} = {71AF64FD-F3BF-473D-A5CB-410E76DC2F2D}
		{973DC69C-5C83-468E-BBE6-84C04514A8E5} = {71AF64FD-F3BF-473D-A5CB-410E76DC2F2D}
		{527304C9-A8FE-4AF7-A4EC-2BADB0E0EAB8} = {15029EBF-3576-428E-997C-38333B594014}
		{6FF2D8DC-5049-463A-9089-3EBE996F1554} = {15029EBF-3576-428E-997C-38333B594014}
		{BD2E4AF8-FEE4-463C-A65D-FB42B23E5CDB} = {15029EBF-3576-428E-997C-38333B594014}
		{523769AE-9A52-43F5-8120-02E857821B1D} = {15029EBF-3576-428E-997C-38333B594014}
		{85FC8008-5D88-4FA6-882A-BCD9A4AE3892} = {15029EBF-3576-428E-997C-38333B594014}
		{7373C27D-2732-4C39-9272-BCD3355905E2} = {15029EBF-3576-428E-997C-38333B594014}
		{5F6875E1-D7C8-4B22-940C-09784260995A} = {F4C344F6-96FB-408B-AC1F-6D0DDDF77EA4}
		{62A02353-1C98-4425-8FB2-D68A1415A19C} = {F4C344F6-96FB-408B-AC1F-6D0DDDF77EA4}
		{50B639DE-39C7-495A-963A-9159D68937F8} = {003CE52A-D1BB-4D86-9642-4A9AEBF289DA}
		{D98D1889-6D32-41C4-B084-7820932B172B} = {003CE52A-D1BB-4D86-9642-4A9AEBF289DA}
		{6A416851-D891-4F8F-B15F-013CA9F56370} = {AB0144B7-C750-4871-A1B6-4C0A4B620F2E}
		{FC94DFCF-2819-400C-BEEC-33626E0524C7} = {AB0144B7-C750-4871-A1B6-4C0A4B620F2E}
		{C0D8410A-5751-4AA3-8874-DE48FE899CC5} = {AB0144B7-C750-4871-A1B6-4C0A4B620F2E}
		{51C79265-AEE0-46BC-9F34-0AA754BDDEB0} = {AB0144B7-C750-4871-A1B6-4C0A4B620F2E}
		{642F9F52-272E-45D0-8C5A-AF6BB7F39A89} = {543E44C2-0346-4C15-ACD2-9E6059F7FA15}
		{63236EF0-5D52-4C72-8C0C-8068B0CC7018} = {543E44C2-0346-4C15-ACD2-9E6059F7FA15}
		{F632BE07-0323-4852-A64B-267B1EC2A267} = {4E2FE65C-841C-48AE-9502-7BDC35F4C587}
		{A2EB7948-8BCF-461A-823F-F41B351F70FC} = {4E2FE65C-841C-48AE-9502-7BDC35F4C587}
		{72E1A33F-39FA-4126-ADC2-59DB383F4601} = {73235DC8-5B69-4330-9A4B-EA9DB8185C74}
		{CEFFD24C-6158-4681-86E7-590C41C79DBE} = {73235DC8-5B69-4330-9A4B-EA9DB8185C74}
		{A60245C8-C8DB-4BA8-A7C8-750372ABA8F8} = {DF480C84-A6BA-401F-8661-E7BA98F4E30D}
		{DB08837C-C20D-42F1-9D03-FFEA279BA07F} = {DF480C84-A6BA-401F-8661-E7BA98F4E30D}
		{B78268BF-9BC3-4E77-8F95-D0A06A75B4F3} = {D88205C6-AE79-49BE-8296-032A8466EF3F}
		{F5FBA864-47AA-490A-9CF4-7664C65C8317} = {D88205C6-AE79-49BE-8296-032A8466EF3F}
		{BDA991D7-B18D-4700-AD57-EE84748F78E0} = {A13DC940-7C17-4878-97CA-4A7A6065F14E}
		{24DF7AA0-5817-4581-A6EF-04F5ED71C20C} = {A13DC940-7C17-4878-97CA-4A7A6065F14E}
		{B45F5E42-4642-47E2-A21B-ACEEFE643711} = {12569C6F-637C-4502-8A9A-2807CFF5FAC1}
		{EE9FA897-8888-4677-9B09-FEA40ECCBB46} = {12569C6F-637C-4502-8A9A-2807CFF5FAC1}
		{E45F8694-2D66-4C3C-9B14-20FBC974D7E4} = {868BDB8E-C67F-4E89-8460-F4BE4E1CF8EC}
		{D902154D-630A-448A-875B-E7AB6246C0A8} = {868BDB8E-C67F-4E89-8460-F4BE4E1CF8EC}
		{1E723EE9-58BA-4C02-A652-A636376E0F23} = {0FE8A70E-6EE7-4134-8DD5-C653736612B6}
		{955F5C8E-6B92-4182-BC9E-EC1817B7DD01} = {0FE8A70E-6EE7-4134-8DD5-C653736612B6}
		{2950B18F-493F-48B2-9659-9BE549A3DD7C} = {15839540-5CF6-4256-BF4C-3335645D62E0}
		{BB3E6E36-890F-4B3C-A003-29EEAB22C2D6} = {15839540-5CF6-4256-BF4C-3335645D62E0}
		{5650E7D5-D67D-459B-9DA5-B8FA4D91F1AE} = {E5FB98CF-8385-4160-8EDB-4C18707E0EA2}
		{DFD204B1-2F2E-4A16-A44B-90DE9CC2101E} = {E5FB98CF-8385-4160-8EDB-4C18707E0EA2}
		{43BA602F-3873-4C5F-904C-1F4F8E59945C} = {1AC93170-A988-4B72-8EF6-B3A4CA3143E5}
		{23F4BF26-05EF-4A06-A2CC-666AB475E5F1} = {1AC93170-A988-4B72-8EF6-B3A4CA3143E5}
		{0EF25272-05A1-4B4D-BB2F-59C64020555B} = {1DDA2770-3EC4-4F86-A247-3E3F46E756C3}
		{33AA1624-F2C9-41F2-B03F-9D63B66FB95E} = {1DDA2770-3EC4-4F86-A247-3E3F46E756C3}
		{94DA9F7C-7F88-49E3-9EA6-C1A841762F25} = {7917962B-D091-43B1-99A6-F154EFBB4DE3}
		{96C89992-5D27-4B7A-BE22-51E071C356D3} = {7917962B-D091-43B1-99A6-F154EFBB4DE3}
		{3CEC865B-7733-4C82-AC64-AEC6997E67C1} = {23A3781B-7CCE-48C5-9667-6E45645058AF}
		{DD27EA74-365E-4D69-8233-8B2C6F3AAD26} = {23A3781B-7CCE-48C5-9667-6E45645058AF}
		{F009E5BC-9AF9-4464-B3D9-81A43B98858A} = {75FDC59E-E54C-4D17-B0A3-AF9D7AA05065}
		{C671C99D-261D-410A-AAD6-293FCCBD5EE7} = {75FDC59E-E54C-4D17-B0A3-AF9D7AA05065}
		{BA2B45E7-6264-43C2-B869-9E65B67FF47F} = {5868026E-9211-4D73-876C-962B4B9E7619}
		{0229BF2E-0837-4CC5-8AE1-79FA56ED7308} = {EF2F98F7-217E-4035-B926-B9E6BD34612D}
		{B5028236-A94C-4CA2-AA88-647ECF4236E7} = {EF2F98F7-217E-4035-B926-B9E6BD34612D}
		{4A8F57BD-50EA-4DD7-AC9C-0498C6E29546} = {90F205E7-248E-4502-B205-F9796935FF03}
		{9C05F2D6-3AEF-4664-925E-C4C1EFD3BBC0} = {90F205E7-248E-4502-B205-F9796935FF03}
		{EEC0AEB6-9F9A-4F77-9289-6CF211532914} = {A18BA206-B686-40DA-BE68-387B7AB1DC5A}
		{40BB381F-779C-4354-A1B1-7E1B961BAF83} = {A18BA206-B686-40DA-BE68-387B7AB1DC5A}
		{D0E922FB-F2AE-4C29-9F49-F7A2A04266AE} = {E3365F0F-E4A8-4A95-895E-8705EB2B2323}
		{48CA0BC9-E23C-4E72-972B-74984EE8C547} = {E3365F0F-E4A8-4A95-895E-8705EB2B2323}
	EndGlobalSection
	GlobalSection(ExtensibilityGlobals) = postSolution
		SolutionGuid = {6F93F7BA-FE74-42B5-A20E-DF7D6ACC5DC9}
	EndGlobalSection
EndGlobal
