
Microsoft Visual Studio Solution File, Format Version 12.00
# Visual Studio Version 17
VisualStudioVersion = 17.13.35931.197
MinimumVisualStudioVersion = 10.0.40219.1
Project("{2150E333-8FDC-42A3-9474-1A3956D46DE8}") = "Introduction", "Introduction", "{02EA681E-C7D8-13C7-8484-4AC65E1B71E8}"
EndProject
Project("{9A19103F-16F7-4668-BE54-9A1E7A4F7556}") = "GettingStarted", "Introduction\Getting Started\GettingStarted.csproj", "{543726BC-0328-31D9-01BB-5BCFF9423B19}"
EndProject
Project("{9A19103F-16F7-4668-BE54-9A1E7A4F7556}") = "Reading", "Introduction\Reading\Reading.csproj", "{1AD9E145-9F7D-55CD-B22D-2F1301C5D9C1}"
EndProject
Project("{9A19103F-16F7-4668-BE54-9A1E7A4F7556}") = "Writing", "Introduction\Writing\Writing.csproj", "{6384FB0B-FAA4-C339-BF16-FE8D7A8FB718}"
EndProject
Project("{2150E333-8FDC-42A3-9474-1A3956D46DE8}") = "Printing", "Printing", "{91BF1671-383A-4CED-A915-C6084EFEE62B}"
EndProject
Project("{9A19103F-16F7-4668-BE54-9A1E7A4F7556}") = "PrintInConsole", "Introduction\Printing\Printing in Console\PrintInConsole.csproj", "{F8F9B7C9-6056-E24E-8292-8A8633F0A70C}"
EndProject
Project("{9A19103F-16F7-4668-BE54-9A1E7A4F7556}") = "PrintInWinForms", "Introduction\Printing\Printing in WinForms\PrintInWinForms.csproj", "{30D008E0-37F4-2BD2-FFC9-05EF16B73C58}"
EndProject
Project("{9A19103F-16F7-4668-BE54-9A1E7A4F7556}") = "PrintInWpf", "Introduction\Printing\Printing in WPF\PrintInWpf.csproj", "{195877B0-03D7-BB08-A19A-46B9F46614C4}"
EndProject
Project("{9A19103F-16F7-4668-BE54-9A1E7A4F7556}") = "Templates", "Introduction\Templates\Templates.csproj", "{9D819A78-1323-B420-6A29-0B7F7425A834}"
EndProject
Project("{9A19103F-16F7-4668-BE54-9A1E7A4F7556}") = "Preservation", "Introduction\Preservation\Preservation.csproj", "{BC5B44CF-21F9-3CAB-8AC5-436765DD2001}"
EndProject
Project("{9A19103F-16F7-4668-BE54-9A1E7A4F7556}") = "Performance", "Introduction\Performance\Performance.csproj", "{E68C294C-EADE-51D4-1800-A22CC894A31B}"
EndProject
Project("{2150E333-8FDC-42A3-9474-1A3956D46DE8}") = "Elements", "Elements", "{3A8CA435-D303-46CA-8470-C14C3741F546}"
EndProject
Project("{9A19103F-16F7-4668-BE54-9A1E7A4F7556}") = "BookmarksAndHyperlinks", "Elements\Bookmarks and Hyperlinks\BookmarksAndHyperlinks.csproj", "{E9BBF3DF-EE02-4AEF-825E-0D5BFAA3A473}"
EndProject
Project("{9A19103F-16F7-4668-BE54-9A1E7A4F7556}") = "Comments", "Elements\Comments\Comments.csproj", "{A9BCC03D-4E4E-4920-87D6-1D8111094385}"
EndProject
Project("{9A19103F-16F7-4668-BE54-9A1E7A4F7556}") = "DocumentProperties", "Elements\Document Properties\DocumentProperties.csproj", "{8C70D9BD-F36D-4F71-B75C-E4387C612BAF}"
EndProject
Project("{9A19103F-16F7-4668-BE54-9A1E7A4F7556}") = "Fields", "Elements\Fields\Fields.csproj", "{A338EB6E-FBD5-42DE-BB9E-53F92E03B6C5}"
EndProject
Project("{9A19103F-16F7-4668-BE54-9A1E7A4F7556}") = "Breaks", "Elements\Breaks\Breaks.csproj", "{C50EA5DC-3A24-4F06-8F70-828A8263D41E}"
EndProject
Project("{9A19103F-16F7-4668-BE54-9A1E7A4F7556}") = "HeadersAndFooters", "Elements\Headers and Footers\HeadersAndFooters.csproj", "{2DB6EFD8-2E77-458C-9DDF-CD95266B5068}"
EndProject
Project("{9A19103F-16F7-4668-BE54-9A1E7A4F7556}") = "FootnotesAndEndnotes", "Elements\Footnotes and Endnotes\FootnotesAndEndnotes.csproj", "{DCC143B3-122E-4019-8A43-2E01AC53AA60}"
EndProject
Project("{9A19103F-16F7-4668-BE54-9A1E7A4F7556}") = "Pictures", "Elements\Pictures\Pictures.csproj", "{17F1EE8E-7EE6-45B9-8474-5D37D515AD4D}"
EndProject
Project("{9A19103F-16F7-4668-BE54-9A1E7A4F7556}") = "Shapes", "Elements\Shapes\Shapes.csproj", "{EFD05773-D803-4467-9516-D23729B8A269}"
EndProject
Project("{9A19103F-16F7-4668-BE54-9A1E7A4F7556}") = "TextBoxes", "Elements\Text Boxes\TextBoxes.csproj", "{165EC4E3-23EA-4100-8053-8D7C1A9F62A3}"
EndProject
Project("{9A19103F-16F7-4668-BE54-9A1E7A4F7556}") = "Barcodes", "Elements\Barcodes\Barcodes.csproj", "{5BB55F20-C9E0-40DC-94FA-F9D362C7BFCC}"
EndProject
Project("{9A19103F-16F7-4668-BE54-9A1E7A4F7556}") = "Charts", "Elements\Charts\Charts.csproj", "{3AE194B0-72C7-45AA-82B1-0C87630781C1}"
EndProject
Project("{9A19103F-16F7-4668-BE54-9A1E7A4F7556}") = "ContentControls", "Elements\Content Controls\ContentControls.csproj", "{071242E4-B642-4427-907A-62C5345581F9}"
EndProject
Project("{9A19103F-16F7-4668-BE54-9A1E7A4F7556}") = "TableOfContent", "Elements\Table Of Content\TableOfContent.csproj", "{0FC1AFB6-415B-4B63-A3D1-AF7FBC5FB6E3}"
EndProject
Project("{9A19103F-16F7-4668-BE54-9A1E7A4F7556}") = "Watermarks", "Elements\Watermarks\Watermarks.csproj", "{A368B924-EE8D-44F1-AB2B-891FBBB28CE5}"
EndProject
Project("{2150E333-8FDC-42A3-9474-1A3956D46DE8}") = "Features", "Features", "{3FEA3951-F94A-426B-B492-7895D1020250}"
EndProject
Project("{9A19103F-16F7-4668-BE54-9A1E7A4F7556}") = "AutoHyphenation", "Features\Auto Hyphenation\AutoHyphenation.csproj", "{92ACA774-2375-44A3-8D07-B209F3923665}"
EndProject
Project("{9A19103F-16F7-4668-BE54-9A1E7A4F7556}") = "Cloning", "Features\Cloning\Cloning.csproj", "{5C9DCBFA-CDD7-4CCD-BD60-84E18F67B80B}"
EndProject
Project("{9A19103F-16F7-4668-BE54-9A1E7A4F7556}") = "Combining", "Features\Combining\Combining.csproj", "{3B6E483D-B97B-4CBF-8C48-3384F3089115}"
EndProject
Project("{9A19103F-16F7-4668-BE54-9A1E7A4F7556}") = "Iterating", "Features\Iterating\Iterating.csproj", "{F44B50EF-10B7-498F-841B-B90B892ED205}"
EndProject
Project("{9A19103F-16F7-4668-BE54-9A1E7A4F7556}") = "FindAndReplace", "Features\Find and Replace\FindAndReplace.csproj", "{373ECFFD-3571-49B3-A2A1-DC1F4FC38071}"
EndProject
Project("{9A19103F-16F7-4668-BE54-9A1E7A4F7556}") = "ContentManipulation", "Features\Content Manipulation\ContentManipulation.csproj", "{C7E26339-38E5-4437-A5B1-B5D92F369B3F}"
EndProject
Project("{9A19103F-16F7-4668-BE54-9A1E7A4F7556}") = "ViewOptions", "Features\View Options\ViewOptions.csproj", "{6BB8AEFB-6C64-4CC9-93A4-5E9CA5905269}"
EndProject
Project("{9A19103F-16F7-4668-BE54-9A1E7A4F7556}") = "PageSetup", "Features\Page Setup\PageSetup.csproj", "{2CD11B0D-88C7-4257-ACD8-FADCF3A7505F}"
EndProject
Project("{9A19103F-16F7-4668-BE54-9A1E7A4F7556}") = "TrackChanges", "Features\Track Changes\TrackChanges.csproj", "{EEC318CD-716B-4C8F-B2AF-16E77EA4956B}"
EndProject
Project("{9A19103F-16F7-4668-BE54-9A1E7A4F7556}") = "Fonts", "Features\Fonts\Fonts.csproj", "{E45356F2-5884-4320-9BC0-EB650803D6CE}"
EndProject
Project("{9A19103F-16F7-4668-BE54-9A1E7A4F7556}") = "RightToLeftText", "Features\Right-to-left Text\RightToLeftText.csproj", "{9AE35981-18A0-4038-85E9-B83E18E31A8B}"
EndProject
Project("{9A19103F-16F7-4668-BE54-9A1E7A4F7556}") = "UnitConversion", "Features\Unit Conversion\UnitConversion.csproj", "{AE6405ED-932D-4306-8CD5-1739544B2297}"
EndProject
Project("{9A19103F-16F7-4668-BE54-9A1E7A4F7556}") = "VbaMacros", "Features\VBA Macros\VbaMacros.csproj", "{E1B939A2-3608-4D73-8D53-29D71BE86AC8}"
EndProject
Project("{9A19103F-16F7-4668-BE54-9A1E7A4F7556}") = "PageExtraction", "Features\Page Extraction\PageExtraction.csproj", "{E99FDD17-3E6E-4F34-B0FF-E3B5D7B1121E}"
EndProject
Project("{2150E333-8FDC-42A3-9474-1A3956D46DE8}") = "Progress Reporting and Cancellation", "Progress Reporting and Cancellation", "{3250856E-F40B-4EB9-8910-7A5A70BB1299}"
EndProject
Project("{9A19103F-16F7-4668-BE54-9A1E7A4F7556}") = "CancellationInConsole", "Features\Progress Reporting and Cancellation\Cancellation in Console\CancellationInConsole.csproj", "{82A79FD8-359C-43A9-B920-0B53F32B887D}"
EndProject
Project("{FAE04EC0-301F-11D3-BF4B-00C04F79EFBC}") = "CancellationInWpf", "Features\Progress Reporting and Cancellation\Cancellation in WPF\CancellationInWpf.csproj", "{7D2E8813-BEE4-47F8-8552-A8255D5E4082}"
EndProject
Project("{9A19103F-16F7-4668-BE54-9A1E7A4F7556}") = "ProgressReportingInConsole", "Features\Progress Reporting and Cancellation\Progress Reporting in Console\ProgressReportingInConsole.csproj", "{D68A1992-22A1-4ABA-B372-2C44A3CCD0F8}"
EndProject
Project("{FAE04EC0-301F-11D3-BF4B-00C04F79EFBC}") = "ProgressReportingInWindowsForms", "Features\Progress Reporting and Cancellation\Progress Reporting in WindowsForms\ProgressReportingInWindowsForms.csproj", "{FE6E9A0A-DA26-4BA5-B64D-325A96AA55E1}"
EndProject
Project("{FAE04EC0-301F-11D3-BF4B-00C04F79EFBC}") = "ProgressReportingInWpf", "Features\Progress Reporting and Cancellation\Progress Reporting in WPF\ProgressReportingInWpf.csproj", "{64963614-8034-43EA-8AF4-7427E5A4E4C9}"
EndProject
Project("{2150E333-8FDC-42A3-9474-1A3956D46DE8}") = "Formatting", "Formatting", "{BD0785B4-6A59-496F-A166-508E112CF8EC}"
EndProject
Project("{2150E333-8FDC-42A3-9474-1A3956D46DE8}") = "Conversion", "Conversion", "{A4EB5B9A-9261-4E55-BE73-8E2AE041CE5A}"
EndProject
Project("{FAE04EC0-301F-11D3-BF4B-00C04F79EFBC}") = "CharacterFormatting", "Formatting\Character Formatting\CharacterFormatting.csproj", "{0337AE2D-E5AB-FDA6-842F-E9B0BFF900DD}"
EndProject
Project("{FAE04EC0-301F-11D3-BF4B-00C04F79EFBC}") = "Lists", "Formatting\Lists\Lists.csproj", "{2F7AC10F-7BE4-42AA-58A4-460F462F5536}"
EndProject
Project("{FAE04EC0-301F-11D3-BF4B-00C04F79EFBC}") = "ParagraphFormatting", "Formatting\Paragraph Formatting\ParagraphFormatting.csproj", "{57E74570-7C91-F1B4-A1E0-67ADA230F791}"
EndProject
Project("{FAE04EC0-301F-11D3-BF4B-00C04F79EFBC}") = "Styles", "Formatting\Styles\Styles.csproj", "{D76485D5-FC2B-B95F-8AB2-AA6387467AF0}"
EndProject
Project("{2150E333-8FDC-42A3-9474-1A3956D46DE8}") = "Forms", "Forms", "{27725B9C-D6CA-4B1E-9A68-FFE6125B9576}"
EndProject
Project("{FAE04EC0-301F-11D3-BF4B-00C04F79EFBC}") = "CreateForm", "Forms\Create Form\CreateForm.csproj", "{E5B29E86-DA38-3A53-7797-1FC95BD42037}"
EndProject
Project("{FAE04EC0-301F-11D3-BF4B-00C04F79EFBC}") = "ReadForm", "Forms\Read Form\ReadForm.csproj", "{90A83E29-7327-AB00-49DB-E20DF33CAA59}"
EndProject
Project("{FAE04EC0-301F-11D3-BF4B-00C04F79EFBC}") = "UpdateForm", "Forms\Update Form\UpdateForm.csproj", "{4120D887-C229-695B-C262-5C40262217F5}"
EndProject
Project("{2150E333-8FDC-42A3-9474-1A3956D46DE8}") = "Mail Merge", "Mail Merge", "{86A4874A-8683-47D2-89A7-1D15ECB75A78}"
EndProject
Project("{FAE04EC0-301F-11D3-BF4B-00C04F79EFBC}") = "ClearOptions", "Mail Merge\Clear Options\ClearOptions.csproj", "{6D5D74C7-8D7E-A011-EFF3-3F97303DA413}"
EndProject
Project("{FAE04EC0-301F-11D3-BF4B-00C04F79EFBC}") = "CustomizeMerge", "Mail Merge\Customize Merge\CustomizeMerge.csproj", "{C177EE18-4939-48C4-00FA-ACEB77202FD1}"
EndProject
Project("{FAE04EC0-301F-11D3-BF4B-00C04F79EFBC}") = "IfFields", "Mail Merge\If Fields\IfFields.csproj", "{71F85379-7972-BDA5-C4D1-45ECC321AA15}"
EndProject
Project("{FAE04EC0-301F-11D3-BF4B-00C04F79EFBC}") = "MergeBarcodes", "Mail Merge\Merge Barcodes\MergeBarcodes.csproj", "{756A14F4-4AF8-D266-34C2-FEDBEAB12EE1}"
EndProject
Project("{FAE04EC0-301F-11D3-BF4B-00C04F79EFBC}") = "MergeFields", "Mail Merge\Merge Fields\MergeFields.csproj", "{FDCBD4A5-F15D-B508-EDCB-229BEC5B0B16}"
EndProject
Project("{FAE04EC0-301F-11D3-BF4B-00C04F79EFBC}") = "MergeLabels", "Mail Merge\Merge Labels\MergeLabels.csproj", "{7C6797BD-88BC-1BB6-4514-ADFA0A615027}"
EndProject
Project("{FAE04EC0-301F-11D3-BF4B-00C04F79EFBC}") = "MergePictures", "Mail Merge\Merge Pictures\MergePictures.csproj", "{50CB8902-44BC-9CAC-DBCA-79B389639D82}"
EndProject
Project("{FAE04EC0-301F-11D3-BF4B-00C04F79EFBC}") = "MergeRanges", "Mail Merge\Merge Ranges\MergeRanges.csproj", "{685A79C3-C646-C267-4B82-412A914B784C}"
EndProject
Project("{FAE04EC0-301F-11D3-BF4B-00C04F79EFBC}") = "NestedMerge", "Mail Merge\Nested Merge\NestedMerge.csproj", "{5E6C2964-EF9E-8FDA-CAA8-0720025C5145}"
EndProject
Project("{2150E333-8FDC-42A3-9474-1A3956D46DE8}") = "Tables", "Tables", "{B39D9D59-A41E-48CA-93B7-5CAB34DFBFD8}"
EndProject
Project("{FAE04EC0-301F-11D3-BF4B-00C04F79EFBC}") = "CreateTable", "Tables\Create Table\CreateTable.csproj", "{4B38DABA-55F6-6A0C-E7F1-3A259B2F6BCB}"
EndProject
Project("{FAE04EC0-301F-11D3-BF4B-00C04F79EFBC}") = "MergeCells", "Tables\Merge Cells\MergeCells.csproj", "{04A5A125-A989-492A-D2FF-B687FB0B0446}"
EndProject
Project("{FAE04EC0-301F-11D3-BF4B-00C04F79EFBC}") = "TableFormatting", "Tables\Table Formatting\TableFormatting.csproj", "{583C4CDC-697B-5E5F-D126-10E6BE42E0B3}"
EndProject
Project("{FAE04EC0-301F-11D3-BF4B-00C04F79EFBC}") = "TableStyles", "Tables\Table Styles\TableStyles.csproj", "{4FD08D45-D102-E042-8ADE-B39D269ECFFC}"
EndProject
Project("{2150E333-8FDC-42A3-9474-1A3956D46DE8}") = "Protection", "Protection", "{010F9E01-B0E6-4F8F-A41B-6313327407E9}"
EndProject
Project("{FAE04EC0-301F-11D3-BF4B-00C04F79EFBC}") = "DocxDigitalSignature", "Protection\DOCX Digital Signature\DocxDigitalSignature.csproj", "{B6254A49-E669-1EC1-5902-B0021A75A113}"
EndProject
Project("{FAE04EC0-301F-11D3-BF4B-00C04F79EFBC}") = "DocxEncryption", "Protection\DOCX Encryption\DocxEncryption.csproj", "{E4E96FA8-E512-F586-AF7A-9BB3D1CB3A78}"
EndProject
Project("{FAE04EC0-301F-11D3-BF4B-00C04F79EFBC}") = "DocxWriteProtection", "Protection\DOCX Write Protection\DocxWriteProtection.csproj", "{CF0284F1-99A2-0E00-F570-97C829EA488A}"
EndProject
Project("{FAE04EC0-301F-11D3-BF4B-00C04F79EFBC}") = "PdfDigitalSignature", "Protection\PDF Digital Signature\PdfDigitalSignature.csproj", "{BE69B28E-D5FA-EBEF-A367-71CE555888EB}"
EndProject
Project("{FAE04EC0-301F-11D3-BF4B-00C04F79EFBC}") = "PdfEncryption", "Protection\PDF Encryption\PdfEncryption.csproj", "{DF618644-0832-E3D8-E75C-C7EECC4744D2}"
EndProject
Project("{FAE04EC0-301F-11D3-BF4B-00C04F79EFBC}") = "RestrictEditing", "Protection\Restrict Editing\RestrictEditing.csproj", "{0D19A0DC-71B9-8B64-3B60-00F7104A73F3}"
EndProject
Project("{FAE04EC0-301F-11D3-BF4B-00C04F79EFBC}") = "ConvertDocxToPdf", "Conversion\Convert DOCX to PDF\ConvertDocxToPdf.csproj", "{DA231B9B-2B44-4B70-F2BA-33FE636C47A7}"
EndProject
Project("{FAE04EC0-301F-11D3-BF4B-00C04F79EFBC}") = "ConvertPdfToDocx", "Conversion\Convert PDF to DOCX\ConvertPdfToDocx.csproj", "{89A62191-5D55-F17E-A4DE-CC4571AC0870}"
EndProject
Project("{FAE04EC0-301F-11D3-BF4B-00C04F79EFBC}") = "ExtractTextFromPdf", "Conversion\Extract Text from PDF\ExtractTextFromPdf.csproj", "{21C50A70-11F3-72DB-A714-26FE4DD13C0D}"
EndProject
Project("{FAE04EC0-301F-11D3-BF4B-00C04F79EFBC}") = "ConvertHtmlToPdf", "Conversion\Convert HTML to PDF\ConvertHtmlToPdf.csproj", "{93AF1B83-D18D-322F-B7C2-0C6E9A354F09}"
EndProject
Project("{FAE04EC0-301F-11D3-BF4B-00C04F79EFBC}") = "ConvertToAndFromHtml", "Conversion\Convert to and from HTML\ConvertToAndFromHtml.csproj", "{C2ADDF6D-A6BE-18F8-3271-259EB2015F68}"
EndProject
Project("{FAE04EC0-301F-11D3-BF4B-00C04F79EFBC}") = "ConvertDocxToImage", "Conversion\Convert DOCX to Image\ConvertDocxToImage.csproj", "{C6139500-203C-5350-6C71-0630D757BF4C}"
EndProject
Project("{2150E333-8FDC-42A3-9474-1A3956D46DE8}") = "Platforms", "Platforms", "{0BDC2FF8-D941-4954-839C-4458714E544F}"
EndProject
Project("{2150E333-8FDC-42A3-9474-1A3956D46DE8}") = "ASP.NET Core", "ASP.NET Core", "{CAF1CB45-E17A-4CAB-BEE1-9F330BBB35DA}"
EndProject
Project("{FAE04EC0-301F-11D3-BF4B-00C04F79EFBC}") = "AspNetCoreMvc", "Platforms\ASP.NET Core\MVC\AspNetCoreMvc.csproj", "{87E3F7AE-35DB-9E41-7940-B163D2251744}"
EndProject
Project("{FAE04EC0-301F-11D3-BF4B-00C04F79EFBC}") = "AspNetCoreRazorPages", "Platforms\ASP.NET Core\Razor Pages\AspNetCoreRazorPages.csproj", "{EAE058CA-66F8-6DDB-2372-7F5D18DE797F}"
EndProject
Project("{FAE04EC0-301F-11D3-BF4B-00C04F79EFBC}") = "AspNetWebForms", "Platforms\ASP.NET Web Forms\AspNetWebForms.csproj", "{C7E73865-4A94-4E77-BCE1-ADABA5D876CA}"
EndProject
Project("{FAE04EC0-301F-11D3-BF4B-00C04F79EFBC}") = "AzureFunction", "Platforms\Azure\AzureFunction.csproj", "{7DE87E7D-222E-6157-BEDB-803D7CE7A963}"
EndProject
Project("{2150E333-8FDC-42A3-9474-1A3956D46DE8}") = "Blazor", "Blazor", "{B3698B22-478E-4088-B68D-D766C6C9E62A}"
EndProject
Project("{FAE04EC0-301F-11D3-BF4B-00C04F79EFBC}") = "BlazorServerApp", "Platforms\Blazor\Server App\BlazorServerApp.csproj", "{EC5D71AF-A132-E15B-B40B-AF3BAD2F2392}"
EndProject
Project("{FAE04EC0-301F-11D3-BF4B-00C04F79EFBC}") = "BlazorWebAssemblyApp", "Platforms\Blazor\WebAssembly App\BlazorWebAssemblyApp.csproj", "{FA7C19BB-D32A-ACB8-F097-50A4BFA3D4E8}"
EndProject
Project("{FAE04EC0-301F-11D3-BF4B-00C04F79EFBC}") = "DocumentDocker", "Platforms\Docker\DocumentDocker.csproj", "{7F744CF1-3EC0-F81B-1502-5D8ED52C68FA}"
EndProject
Project("{FAE04EC0-301F-11D3-BF4B-00C04F79EFBC}") = "Linux_macOS", "Platforms\Linux_macOS\Linux_macOS.csproj", "{142CDF19-059D-D7B4-EC8E-E77F05BBCA7B}"
EndProject
Project("{FAE04EC0-301F-11D3-BF4B-00C04F79EFBC}") = "DocumentMaui", "Platforms\MAUI\DocumentMaui.csproj", "{5A30F7C1-8D9A-7E17-878A-877EEBFFF64B}"
EndProject
Project("{2150E333-8FDC-42A3-9474-1A3956D46DE8}") = "WPF", "WPF", "{AFE614F6-CC19-447B-98BC-3E49B59FE13C}"
EndProject
Project("{FAE04EC0-301F-11D3-BF4B-00C04F79EFBC}") = "WpfExportToImageSource", "Platforms\WPF\Export to ImageSource\WpfExportToImageSource.csproj", "{4A93E440-0C1E-429B-8A50-C1CE789E31D5}"
EndProject
Project("{FAE04EC0-301F-11D3-BF4B-00C04F79EFBC}") = "WpfExportToXpsDocument", "Platforms\WPF\Export to XpsDocument\WpfExportToXpsDocument.csproj", "{BD063B1D-E7BF-479D-8586-728E4589A118}"
EndProject
Project("{FAE04EC0-301F-11D3-BF4B-00C04F79EFBC}") = "AspNetWordEditor", "Platforms\Word Editor in ASP.NET MVC\AspNetWordEditor.csproj", "{F009E5BC-9AF9-4464-B3D9-81A43B98858A}"
EndProject
Project("{FAE04EC0-301F-11D3-BF4B-00C04F79EFBC}") = "WindowsFormsRichTextEditor", "Platforms\Word Editor in Windows Forms\WindowsFormsRichTextEditor.csproj", "{BA2B45E7-6264-43C2-B869-9E65B67FF47F}"
EndProject
Project("{FAE04EC0-301F-11D3-BF4B-00C04F79EFBC}") = "WpfRichTextEditor", "Platforms\Word Editor in WPF\WpfRichTextEditor.csproj", "{0229BF2E-0837-4CC5-8AE1-79FA56ED7308}"
EndProject
Global
	GlobalSection(SolutionConfigurationPlatforms) = preSolution
		Debug|Any CPU = Debug|Any CPU
		Release|Any CPU = Release|Any CPU
	EndGlobalSection
	GlobalSection(ProjectConfigurationPlatforms) = postSolution
		{543726BC-0328-31D9-01BB-5BCFF9423B19}.Debug|Any CPU.ActiveCfg = Debug|Any CPU
		{543726BC-0328-31D9-01BB-5BCFF9423B19}.Debug|Any CPU.Build.0 = Debug|Any CPU
		{543726BC-0328-31D9-01BB-5BCFF9423B19}.Release|Any CPU.ActiveCfg = Release|Any CPU
		{543726BC-0328-31D9-01BB-5BCFF9423B19}.Release|Any CPU.Build.0 = Release|Any CPU
		{1AD9E145-9F7D-55CD-B22D-2F1301C5D9C1}.Debug|Any CPU.ActiveCfg = Debug|Any CPU
		{1AD9E145-9F7D-55CD-B22D-2F1301C5D9C1}.Debug|Any CPU.Build.0 = Debug|Any CPU
		{1AD9E145-9F7D-55CD-B22D-2F1301C5D9C1}.Release|Any CPU.ActiveCfg = Release|Any CPU
		{1AD9E145-9F7D-55CD-B22D-2F1301C5D9C1}.Release|Any CPU.Build.0 = Release|Any CPU
		{6384FB0B-FAA4-C339-BF16-FE8D7A8FB718}.Debug|Any CPU.ActiveCfg = Debug|Any CPU
		{6384FB0B-FAA4-C339-BF16-FE8D7A8FB718}.Debug|Any CPU.Build.0 = Debug|Any CPU
		{6384FB0B-FAA4-C339-BF16-FE8D7A8FB718}.Release|Any CPU.ActiveCfg = Release|Any CPU
		{6384FB0B-FAA4-C339-BF16-FE8D7A8FB718}.Release|Any CPU.Build.0 = Release|Any CPU
		{F8F9B7C9-6056-E24E-8292-8A8633F0A70C}.Debug|Any CPU.ActiveCfg = Debug|Any CPU
		{F8F9B7C9-6056-E24E-8292-8A8633F0A70C}.Debug|Any CPU.Build.0 = Debug|Any CPU
		{F8F9B7C9-6056-E24E-8292-8A8633F0A70C}.Release|Any CPU.ActiveCfg = Release|Any CPU
		{F8F9B7C9-6056-E24E-8292-8A8633F0A70C}.Release|Any CPU.Build.0 = Release|Any CPU
		{30D008E0-37F4-2BD2-FFC9-05EF16B73C58}.Debug|Any CPU.ActiveCfg = Debug|Any CPU
		{30D008E0-37F4-2BD2-FFC9-05EF16B73C58}.Debug|Any CPU.Build.0 = Debug|Any CPU
		{30D008E0-37F4-2BD2-FFC9-05EF16B73C58}.Release|Any CPU.ActiveCfg = Release|Any CPU
		{30D008E0-37F4-2BD2-FFC9-05EF16B73C58}.Release|Any CPU.Build.0 = Release|Any CPU
		{195877B0-03D7-BB08-A19A-46B9F46614C4}.Debug|Any CPU.ActiveCfg = Debug|Any CPU
		{195877B0-03D7-BB08-A19A-46B9F46614C4}.Debug|Any CPU.Build.0 = Debug|Any CPU
		{195877B0-03D7-BB08-A19A-46B9F46614C4}.Release|Any CPU.ActiveCfg = Release|Any CPU
		{195877B0-03D7-BB08-A19A-46B9F46614C4}.Release|Any CPU.Build.0 = Release|Any CPU
		{9D819A78-1323-B420-6A29-0B7F7425A834}.Debug|Any CPU.ActiveCfg = Debug|Any CPU
		{9D819A78-1323-B420-6A29-0B7F7425A834}.Debug|Any CPU.Build.0 = Debug|Any CPU
		{9D819A78-1323-B420-6A29-0B7F7425A834}.Release|Any CPU.ActiveCfg = Release|Any CPU
		{9D819A78-1323-B420-6A29-0B7F7425A834}.Release|Any CPU.Build.0 = Release|Any CPU
		{BC5B44CF-21F9-3CAB-8AC5-436765DD2001}.Debug|Any CPU.ActiveCfg = Debug|Any CPU
		{BC5B44CF-21F9-3CAB-8AC5-436765DD2001}.Debug|Any CPU.Build.0 = Debug|Any CPU
		{BC5B44CF-21F9-3CAB-8AC5-436765DD2001}.Release|Any CPU.ActiveCfg = Release|Any CPU
		{BC5B44CF-21F9-3CAB-8AC5-436765DD2001}.Release|Any CPU.Build.0 = Release|Any CPU
		{E68C294C-EADE-51D4-1800-A22CC894A31B}.Debug|Any CPU.ActiveCfg = Debug|Any CPU
		{E68C294C-EADE-51D4-1800-A22CC894A31B}.Debug|Any CPU.Build.0 = Debug|Any CPU
		{E68C294C-EADE-51D4-1800-A22CC894A31B}.Release|Any CPU.ActiveCfg = Release|Any CPU
		{E68C294C-EADE-51D4-1800-A22CC894A31B}.Release|Any CPU.Build.0 = Release|Any CPU
		{E9BBF3DF-EE02-4AEF-825E-0D5BFAA3A473}.Debug|Any CPU.ActiveCfg = Debug|Any CPU
		{E9BBF3DF-EE02-4AEF-825E-0D5BFAA3A473}.Debug|Any CPU.Build.0 = Debug|Any CPU
		{E9BBF3DF-EE02-4AEF-825E-0D5BFAA3A473}.Release|Any CPU.ActiveCfg = Release|Any CPU
		{E9BBF3DF-EE02-4AEF-825E-0D5BFAA3A473}.Release|Any CPU.Build.0 = Release|Any CPU
		{A9BCC03D-4E4E-4920-87D6-1D8111094385}.Debug|Any CPU.ActiveCfg = Debug|Any CPU
		{A9BCC03D-4E4E-4920-87D6-1D8111094385}.Debug|Any CPU.Build.0 = Debug|Any CPU
		{A9BCC03D-4E4E-4920-87D6-1D8111094385}.Release|Any CPU.ActiveCfg = Release|Any CPU
		{A9BCC03D-4E4E-4920-87D6-1D8111094385}.Release|Any CPU.Build.0 = Release|Any CPU
		{8C70D9BD-F36D-4F71-B75C-E4387C612BAF}.Debug|Any CPU.ActiveCfg = Debug|Any CPU
		{8C70D9BD-F36D-4F71-B75C-E4387C612BAF}.Debug|Any CPU.Build.0 = Debug|Any CPU
		{8C70D9BD-F36D-4F71-B75C-E4387C612BAF}.Release|Any CPU.ActiveCfg = Release|Any CPU
		{8C70D9BD-F36D-4F71-B75C-E4387C612BAF}.Release|Any CPU.Build.0 = Release|Any CPU
		{A338EB6E-FBD5-42DE-BB9E-53F92E03B6C5}.Debug|Any CPU.ActiveCfg = Debug|Any CPU
		{A338EB6E-FBD5-42DE-BB9E-53F92E03B6C5}.Debug|Any CPU.Build.0 = Debug|Any CPU
		{A338EB6E-FBD5-42DE-BB9E-53F92E03B6C5}.Release|Any CPU.ActiveCfg = Release|Any CPU
		{A338EB6E-FBD5-42DE-BB9E-53F92E03B6C5}.Release|Any CPU.Build.0 = Release|Any CPU
		{C50EA5DC-3A24-4F06-8F70-828A8263D41E}.Debug|Any CPU.ActiveCfg = Debug|Any CPU
		{C50EA5DC-3A24-4F06-8F70-828A8263D41E}.Debug|Any CPU.Build.0 = Debug|Any CPU
		{C50EA5DC-3A24-4F06-8F70-828A8263D41E}.Release|Any CPU.ActiveCfg = Release|Any CPU
		{C50EA5DC-3A24-4F06-8F70-828A8263D41E}.Release|Any CPU.Build.0 = Release|Any CPU
		{2DB6EFD8-2E77-458C-9DDF-CD95266B5068}.Debug|Any CPU.ActiveCfg = Debug|Any CPU
		{2DB6EFD8-2E77-458C-9DDF-CD95266B5068}.Debug|Any CPU.Build.0 = Debug|Any CPU
		{2DB6EFD8-2E77-458C-9DDF-CD95266B5068}.Release|Any CPU.ActiveCfg = Release|Any CPU
		{2DB6EFD8-2E77-458C-9DDF-CD95266B5068}.Release|Any CPU.Build.0 = Release|Any CPU
		{DCC143B3-122E-4019-8A43-2E01AC53AA60}.Debug|Any CPU.ActiveCfg = Debug|Any CPU
		{DCC143B3-122E-4019-8A43-2E01AC53AA60}.Debug|Any CPU.Build.0 = Debug|Any CPU
		{DCC143B3-122E-4019-8A43-2E01AC53AA60}.Release|Any CPU.ActiveCfg = Release|Any CPU
		{DCC143B3-122E-4019-8A43-2E01AC53AA60}.Release|Any CPU.Build.0 = Release|Any CPU
		{17F1EE8E-7EE6-45B9-8474-5D37D515AD4D}.Debug|Any CPU.ActiveCfg = Debug|Any CPU
		{17F1EE8E-7EE6-45B9-8474-5D37D515AD4D}.Debug|Any CPU.Build.0 = Debug|Any CPU
		{17F1EE8E-7EE6-45B9-8474-5D37D515AD4D}.Release|Any CPU.ActiveCfg = Release|Any CPU
		{17F1EE8E-7EE6-45B9-8474-5D37D515AD4D}.Release|Any CPU.Build.0 = Release|Any CPU
		{EFD05773-D803-4467-9516-D23729B8A269}.Debug|Any CPU.ActiveCfg = Debug|Any CPU
		{EFD05773-D803-4467-9516-D23729B8A269}.Debug|Any CPU.Build.0 = Debug|Any CPU
		{EFD05773-D803-4467-9516-D23729B8A269}.Release|Any CPU.ActiveCfg = Release|Any CPU
		{EFD05773-D803-4467-9516-D23729B8A269}.Release|Any CPU.Build.0 = Release|Any CPU
		{165EC4E3-23EA-4100-8053-8D7C1A9F62A3}.Debug|Any CPU.ActiveCfg = Debug|Any CPU
		{165EC4E3-23EA-4100-8053-8D7C1A9F62A3}.Debug|Any CPU.Build.0 = Debug|Any CPU
		{165EC4E3-23EA-4100-8053-8D7C1A9F62A3}.Release|Any CPU.ActiveCfg = Release|Any CPU
		{165EC4E3-23EA-4100-8053-8D7C1A9F62A3}.Release|Any CPU.Build.0 = Release|Any CPU
		{5BB55F20-C9E0-40DC-94FA-F9D362C7BFCC}.Debug|Any CPU.ActiveCfg = Debug|Any CPU
		{5BB55F20-C9E0-40DC-94FA-F9D362C7BFCC}.Debug|Any CPU.Build.0 = Debug|Any CPU
		{5BB55F20-C9E0-40DC-94FA-F9D362C7BFCC}.Release|Any CPU.ActiveCfg = Release|Any CPU
		{5BB55F20-C9E0-40DC-94FA-F9D362C7BFCC}.Release|Any CPU.Build.0 = Release|Any CPU
		{3AE194B0-72C7-45AA-82B1-0C87630781C1}.Debug|Any CPU.ActiveCfg = Debug|Any CPU
		{3AE194B0-72C7-45AA-82B1-0C87630781C1}.Debug|Any CPU.Build.0 = Debug|Any CPU
		{3AE194B0-72C7-45AA-82B1-0C87630781C1}.Release|Any CPU.ActiveCfg = Release|Any CPU
		{3AE194B0-72C7-45AA-82B1-0C87630781C1}.Release|Any CPU.Build.0 = Release|Any CPU
		{071242E4-B642-4427-907A-62C5345581F9}.Debug|Any CPU.ActiveCfg = Debug|Any CPU
		{071242E4-B642-4427-907A-62C5345581F9}.Debug|Any CPU.Build.0 = Debug|Any CPU
		{071242E4-B642-4427-907A-62C5345581F9}.Release|Any CPU.ActiveCfg = Release|Any CPU
		{071242E4-B642-4427-907A-62C5345581F9}.Release|Any CPU.Build.0 = Release|Any CPU
		{0FC1AFB6-415B-4B63-A3D1-AF7FBC5FB6E3}.Debug|Any CPU.ActiveCfg = Debug|Any CPU
		{0FC1AFB6-415B-4B63-A3D1-AF7FBC5FB6E3}.Debug|Any CPU.Build.0 = Debug|Any CPU
		{0FC1AFB6-415B-4B63-A3D1-AF7FBC5FB6E3}.Release|Any CPU.ActiveCfg = Release|Any CPU
		{0FC1AFB6-415B-4B63-A3D1-AF7FBC5FB6E3}.Release|Any CPU.Build.0 = Release|Any CPU
		{A368B924-EE8D-44F1-AB2B-891FBBB28CE5}.Debug|Any CPU.ActiveCfg = Debug|Any CPU
		{A368B924-EE8D-44F1-AB2B-891FBBB28CE5}.Debug|Any CPU.Build.0 = Debug|Any CPU
		{A368B924-EE8D-44F1-AB2B-891FBBB28CE5}.Release|Any CPU.ActiveCfg = Release|Any CPU
		{A368B924-EE8D-44F1-AB2B-891FBBB28CE5}.Release|Any CPU.Build.0 = Release|Any CPU
		{92ACA774-2375-44A3-8D07-B209F3923665}.Debug|Any CPU.ActiveCfg = Debug|Any CPU
		{92ACA774-2375-44A3-8D07-B209F3923665}.Debug|Any CPU.Build.0 = Debug|Any CPU
		{92ACA774-2375-44A3-8D07-B209F3923665}.Release|Any CPU.ActiveCfg = Release|Any CPU
		{92ACA774-2375-44A3-8D07-B209F3923665}.Release|Any CPU.Build.0 = Release|Any CPU
		{5C9DCBFA-CDD7-4CCD-BD60-84E18F67B80B}.Debug|Any CPU.ActiveCfg = Debug|Any CPU
		{5C9DCBFA-CDD7-4CCD-BD60-84E18F67B80B}.Debug|Any CPU.Build.0 = Debug|Any CPU
		{5C9DCBFA-CDD7-4CCD-BD60-84E18F67B80B}.Release|Any CPU.ActiveCfg = Release|Any CPU
		{5C9DCBFA-CDD7-4CCD-BD60-84E18F67B80B}.Release|Any CPU.Build.0 = Release|Any CPU
		{3B6E483D-B97B-4CBF-8C48-3384F3089115}.Debug|Any CPU.ActiveCfg = Debug|Any CPU
		{3B6E483D-B97B-4CBF-8C48-3384F3089115}.Debug|Any CPU.Build.0 = Debug|Any CPU
		{3B6E483D-B97B-4CBF-8C48-3384F3089115}.Release|Any CPU.ActiveCfg = Release|Any CPU
		{3B6E483D-B97B-4CBF-8C48-3384F3089115}.Release|Any CPU.Build.0 = Release|Any CPU
		{F44B50EF-10B7-498F-841B-B90B892ED205}.Debug|Any CPU.ActiveCfg = Debug|Any CPU
		{F44B50EF-10B7-498F-841B-B90B892ED205}.Debug|Any CPU.Build.0 = Debug|Any CPU
		{F44B50EF-10B7-498F-841B-B90B892ED205}.Release|Any CPU.ActiveCfg = Release|Any CPU
		{F44B50EF-10B7-498F-841B-B90B892ED205}.Release|Any CPU.Build.0 = Release|Any CPU
		{373ECFFD-3571-49B3-A2A1-DC1F4FC38071}.Debug|Any CPU.ActiveCfg = Debug|Any CPU
		{373ECFFD-3571-49B3-A2A1-DC1F4FC38071}.Debug|Any CPU.Build.0 = Debug|Any CPU
		{373ECFFD-3571-49B3-A2A1-DC1F4FC38071}.Release|Any CPU.ActiveCfg = Release|Any CPU
		{373ECFFD-3571-49B3-A2A1-DC1F4FC38071}.Release|Any CPU.Build.0 = Release|Any CPU
		{C7E26339-38E5-4437-A5B1-B5D92F369B3F}.Debug|Any CPU.ActiveCfg = Debug|Any CPU
		{C7E26339-38E5-4437-A5B1-B5D92F369B3F}.Debug|Any CPU.Build.0 = Debug|Any CPU
		{C7E26339-38E5-4437-A5B1-B5D92F369B3F}.Release|Any CPU.ActiveCfg = Release|Any CPU
		{C7E26339-38E5-4437-A5B1-B5D92F369B3F}.Release|Any CPU.Build.0 = Release|Any CPU
		{6BB8AEFB-6C64-4CC9-93A4-5E9CA5905269}.Debug|Any CPU.ActiveCfg = Debug|Any CPU
		{6BB8AEFB-6C64-4CC9-93A4-5E9CA5905269}.Debug|Any CPU.Build.0 = Debug|Any CPU
		{6BB8AEFB-6C64-4CC9-93A4-5E9CA5905269}.Release|Any CPU.ActiveCfg = Release|Any CPU
		{6BB8AEFB-6C64-4CC9-93A4-5E9CA5905269}.Release|Any CPU.Build.0 = Release|Any CPU
		{2CD11B0D-88C7-4257-ACD8-FADCF3A7505F}.Debug|Any CPU.ActiveCfg = Debug|Any CPU
		{2CD11B0D-88C7-4257-ACD8-FADCF3A7505F}.Debug|Any CPU.Build.0 = Debug|Any CPU
		{2CD11B0D-88C7-4257-ACD8-FADCF3A7505F}.Release|Any CPU.ActiveCfg = Release|Any CPU
		{2CD11B0D-88C7-4257-ACD8-FADCF3A7505F}.Release|Any CPU.Build.0 = Release|Any CPU
		{EEC318CD-716B-4C8F-B2AF-16E77EA4956B}.Debug|Any CPU.ActiveCfg = Debug|Any CPU
		{EEC318CD-716B-4C8F-B2AF-16E77EA4956B}.Debug|Any CPU.Build.0 = Debug|Any CPU
		{EEC318CD-716B-4C8F-B2AF-16E77EA4956B}.Release|Any CPU.ActiveCfg = Release|Any CPU
		{EEC318CD-716B-4C8F-B2AF-16E77EA4956B}.Release|Any CPU.Build.0 = Release|Any CPU
		{E45356F2-5884-4320-9BC0-EB650803D6CE}.Debug|Any CPU.ActiveCfg = Debug|Any CPU
		{E45356F2-5884-4320-9BC0-EB650803D6CE}.Debug|Any CPU.Build.0 = Debug|Any CPU
		{E45356F2-5884-4320-9BC0-EB650803D6CE}.Release|Any CPU.ActiveCfg = Release|Any CPU
		{E45356F2-5884-4320-9BC0-EB650803D6CE}.Release|Any CPU.Build.0 = Release|Any CPU
		{9AE35981-18A0-4038-85E9-B83E18E31A8B}.Debug|Any CPU.ActiveCfg = Debug|Any CPU
		{9AE35981-18A0-4038-85E9-B83E18E31A8B}.Debug|Any CPU.Build.0 = Debug|Any CPU
		{9AE35981-18A0-4038-85E9-B83E18E31A8B}.Release|Any CPU.ActiveCfg = Release|Any CPU
		{9AE35981-18A0-4038-85E9-B83E18E31A8B}.Release|Any CPU.Build.0 = Release|Any CPU
		{AE6405ED-932D-4306-8CD5-1739544B2297}.Debug|Any CPU.ActiveCfg = Debug|Any CPU
		{AE6405ED-932D-4306-8CD5-1739544B2297}.Debug|Any CPU.Build.0 = Debug|Any CPU
		{AE6405ED-932D-4306-8CD5-1739544B2297}.Release|Any CPU.ActiveCfg = Release|Any CPU
		{AE6405ED-932D-4306-8CD5-1739544B2297}.Release|Any CPU.Build.0 = Release|Any CPU
		{E1B939A2-3608-4D73-8D53-29D71BE86AC8}.Debug|Any CPU.ActiveCfg = Debug|Any CPU
		{E1B939A2-3608-4D73-8D53-29D71BE86AC8}.Debug|Any CPU.Build.0 = Debug|Any CPU
		{E1B939A2-3608-4D73-8D53-29D71BE86AC8}.Release|Any CPU.ActiveCfg = Release|Any CPU
		{E1B939A2-3608-4D73-8D53-29D71BE86AC8}.Release|Any CPU.Build.0 = Release|Any CPU
		{E99FDD17-3E6E-4F34-B0FF-E3B5D7B1121E}.Debug|Any CPU.ActiveCfg = Debug|Any CPU
		{E99FDD17-3E6E-4F34-B0FF-E3B5D7B1121E}.Debug|Any CPU.Build.0 = Debug|Any CPU
		{E99FDD17-3E6E-4F34-B0FF-E3B5D7B1121E}.Release|Any CPU.ActiveCfg = Release|Any CPU
		{E99FDD17-3E6E-4F34-B0FF-E3B5D7B1121E}.Release|Any CPU.Build.0 = Release|Any CPU
		{82A79FD8-359C-43A9-B920-0B53F32B887D}.Debug|Any CPU.ActiveCfg = Debug|Any CPU
		{82A79FD8-359C-43A9-B920-0B53F32B887D}.Debug|Any CPU.Build.0 = Debug|Any CPU
		{82A79FD8-359C-43A9-B920-0B53F32B887D}.Release|Any CPU.ActiveCfg = Release|Any CPU
		{82A79FD8-359C-43A9-B920-0B53F32B887D}.Release|Any CPU.Build.0 = Release|Any CPU
		{7D2E8813-BEE4-47F8-8552-A8255D5E4082}.Debug|Any CPU.ActiveCfg = Debug|Any CPU
		{7D2E8813-BEE4-47F8-8552-A8255D5E4082}.Debug|Any CPU.Build.0 = Debug|Any CPU
		{7D2E8813-BEE4-47F8-8552-A8255D5E4082}.Release|Any CPU.ActiveCfg = Release|Any CPU
		{7D2E8813-BEE4-47F8-8552-A8255D5E4082}.Release|Any CPU.Build.0 = Release|Any CPU
		{D68A1992-22A1-4ABA-B372-2C44A3CCD0F8}.Debug|Any CPU.ActiveCfg = Debug|Any CPU
		{D68A1992-22A1-4ABA-B372-2C44A3CCD0F8}.Debug|Any CPU.Build.0 = Debug|Any CPU
		{D68A1992-22A1-4ABA-B372-2C44A3CCD0F8}.Release|Any CPU.ActiveCfg = Release|Any CPU
		{D68A1992-22A1-4ABA-B372-2C44A3CCD0F8}.Release|Any CPU.Build.0 = Release|Any CPU
		{FE6E9A0A-DA26-4BA5-B64D-325A96AA55E1}.Debug|Any CPU.ActiveCfg = Debug|Any CPU
		{FE6E9A0A-DA26-4BA5-B64D-325A96AA55E1}.Debug|Any CPU.Build.0 = Debug|Any CPU
		{FE6E9A0A-DA26-4BA5-B64D-325A96AA55E1}.Release|Any CPU.ActiveCfg = Release|Any CPU
		{FE6E9A0A-DA26-4BA5-B64D-325A96AA55E1}.Release|Any CPU.Build.0 = Release|Any CPU
		{64963614-8034-43EA-8AF4-7427E5A4E4C9}.Debug|Any CPU.ActiveCfg = Debug|Any CPU
		{64963614-8034-43EA-8AF4-7427E5A4E4C9}.Debug|Any CPU.Build.0 = Debug|Any CPU
		{64963614-8034-43EA-8AF4-7427E5A4E4C9}.Release|Any CPU.ActiveCfg = Release|Any CPU
		{64963614-8034-43EA-8AF4-7427E5A4E4C9}.Release|Any CPU.Build.0 = Release|Any CPU
		{0337AE2D-E5AB-FDA6-842F-E9B0BFF900DD}.Debug|Any CPU.ActiveCfg = Debug|Any CPU
		{0337AE2D-E5AB-FDA6-842F-E9B0BFF900DD}.Debug|Any CPU.Build.0 = Debug|Any CPU
		{0337AE2D-E5AB-FDA6-842F-E9B0BFF900DD}.Release|Any CPU.ActiveCfg = Release|Any CPU
		{0337AE2D-E5AB-FDA6-842F-E9B0BFF900DD}.Release|Any CPU.Build.0 = Release|Any CPU
		{2F7AC10F-7BE4-42AA-58A4-460F462F5536}.Debug|Any CPU.ActiveCfg = Debug|Any CPU
		{2F7AC10F-7BE4-42AA-58A4-460F462F5536}.Debug|Any CPU.Build.0 = Debug|Any CPU
		{2F7AC10F-7BE4-42AA-58A4-460F462F5536}.Release|Any CPU.ActiveCfg = Release|Any CPU
		{2F7AC10F-7BE4-42AA-58A4-460F462F5536}.Release|Any CPU.Build.0 = Release|Any CPU
		{57E74570-7C91-F1B4-A1E0-67ADA230F791}.Debug|Any CPU.ActiveCfg = Debug|Any CPU
		{57E74570-7C91-F1B4-A1E0-67ADA230F791}.Debug|Any CPU.Build.0 = Debug|Any CPU
		{57E74570-7C91-F1B4-A1E0-67ADA230F791}.Release|Any CPU.ActiveCfg = Release|Any CPU
		{57E74570-7C91-F1B4-A1E0-67ADA230F791}.Release|Any CPU.Build.0 = Release|Any CPU
		{D76485D5-FC2B-B95F-8AB2-AA6387467AF0}.Debug|Any CPU.ActiveCfg = Debug|Any CPU
		{D76485D5-FC2B-B95F-8AB2-AA6387467AF0}.Debug|Any CPU.Build.0 = Debug|Any CPU
		{D76485D5-FC2B-B95F-8AB2-AA6387467AF0}.Release|Any CPU.ActiveCfg = Release|Any CPU
		{D76485D5-FC2B-B95F-8AB2-AA6387467AF0}.Release|Any CPU.Build.0 = Release|Any CPU
		{E5B29E86-DA38-3A53-7797-1FC95BD42037}.Debug|Any CPU.ActiveCfg = Debug|Any CPU
		{E5B29E86-DA38-3A53-7797-1FC95BD42037}.Debug|Any CPU.Build.0 = Debug|Any CPU
		{E5B29E86-DA38-3A53-7797-1FC95BD42037}.Release|Any CPU.ActiveCfg = Release|Any CPU
		{E5B29E86-DA38-3A53-7797-1FC95BD42037}.Release|Any CPU.Build.0 = Release|Any CPU
		{90A83E29-7327-AB00-49DB-E20DF33CAA59}.Debug|Any CPU.ActiveCfg = Debug|Any CPU
		{90A83E29-7327-AB00-49DB-E20DF33CAA59}.Debug|Any CPU.Build.0 = Debug|Any CPU
		{90A83E29-7327-AB00-49DB-E20DF33CAA59}.Release|Any CPU.ActiveCfg = Release|Any CPU
		{90A83E29-7327-AB00-49DB-E20DF33CAA59}.Release|Any CPU.Build.0 = Release|Any CPU
		{4120D887-C229-695B-C262-5C40262217F5}.Debug|Any CPU.ActiveCfg = Debug|Any CPU
		{4120D887-C229-695B-C262-5C40262217F5}.Debug|Any CPU.Build.0 = Debug|Any CPU
		{4120D887-C229-695B-C262-5C40262217F5}.Release|Any CPU.ActiveCfg = Release|Any CPU
		{4120D887-C229-695B-C262-5C40262217F5}.Release|Any CPU.Build.0 = Release|Any CPU
		{6D5D74C7-8D7E-A011-EFF3-3F97303DA413}.Debug|Any CPU.ActiveCfg = Debug|Any CPU
		{6D5D74C7-8D7E-A011-EFF3-3F97303DA413}.Debug|Any CPU.Build.0 = Debug|Any CPU
		{6D5D74C7-8D7E-A011-EFF3-3F97303DA413}.Release|Any CPU.ActiveCfg = Release|Any CPU
		{6D5D74C7-8D7E-A011-EFF3-3F97303DA413}.Release|Any CPU.Build.0 = Release|Any CPU
		{C177EE18-4939-48C4-00FA-ACEB77202FD1}.Debug|Any CPU.ActiveCfg = Debug|Any CPU
		{C177EE18-4939-48C4-00FA-ACEB77202FD1}.Debug|Any CPU.Build.0 = Debug|Any CPU
		{C177EE18-4939-48C4-00FA-ACEB77202FD1}.Release|Any CPU.ActiveCfg = Release|Any CPU
		{C177EE18-4939-48C4-00FA-ACEB77202FD1}.Release|Any CPU.Build.0 = Release|Any CPU
		{71F85379-7972-BDA5-C4D1-45ECC321AA15}.Debug|Any CPU.ActiveCfg = Debug|Any CPU
		{71F85379-7972-BDA5-C4D1-45ECC321AA15}.Debug|Any CPU.Build.0 = Debug|Any CPU
		{71F85379-7972-BDA5-C4D1-45ECC321AA15}.Release|Any CPU.ActiveCfg = Release|Any CPU
		{71F85379-7972-BDA5-C4D1-45ECC321AA15}.Release|Any CPU.Build.0 = Release|Any CPU
		{756A14F4-4AF8-D266-34C2-FEDBEAB12EE1}.Debug|Any CPU.ActiveCfg = Debug|Any CPU
		{756A14F4-4AF8-D266-34C2-FEDBEAB12EE1}.Debug|Any CPU.Build.0 = Debug|Any CPU
		{756A14F4-4AF8-D266-34C2-FEDBEAB12EE1}.Release|Any CPU.ActiveCfg = Release|Any CPU
		{756A14F4-4AF8-D266-34C2-FEDBEAB12EE1}.Release|Any CPU.Build.0 = Release|Any CPU
		{FDCBD4A5-F15D-B508-EDCB-229BEC5B0B16}.Debug|Any CPU.ActiveCfg = Debug|Any CPU
		{FDCBD4A5-F15D-B508-EDCB-229BEC5B0B16}.Debug|Any CPU.Build.0 = Debug|Any CPU
		{FDCBD4A5-F15D-B508-EDCB-229BEC5B0B16}.Release|Any CPU.ActiveCfg = Release|Any CPU
		{FDCBD4A5-F15D-B508-EDCB-229BEC5B0B16}.Release|Any CPU.Build.0 = Release|Any CPU
		{7C6797BD-88BC-1BB6-4514-ADFA0A615027}.Debug|Any CPU.ActiveCfg = Debug|Any CPU
		{7C6797BD-88BC-1BB6-4514-ADFA0A615027}.Debug|Any CPU.Build.0 = Debug|Any CPU
		{7C6797BD-88BC-1BB6-4514-ADFA0A615027}.Release|Any CPU.ActiveCfg = Release|Any CPU
		{7C6797BD-88BC-1BB6-4514-ADFA0A615027}.Release|Any CPU.Build.0 = Release|Any CPU
		{50CB8902-44BC-9CAC-DBCA-79B389639D82}.Debug|Any CPU.ActiveCfg = Debug|Any CPU
		{50CB8902-44BC-9CAC-DBCA-79B389639D82}.Debug|Any CPU.Build.0 = Debug|Any CPU
		{50CB8902-44BC-9CAC-DBCA-79B389639D82}.Release|Any CPU.ActiveCfg = Release|Any CPU
		{50CB8902-44BC-9CAC-DBCA-79B389639D82}.Release|Any CPU.Build.0 = Release|Any CPU
		{685A79C3-C646-C267-4B82-412A914B784C}.Debug|Any CPU.ActiveCfg = Debug|Any CPU
		{685A79C3-C646-C267-4B82-412A914B784C}.Debug|Any CPU.Build.0 = Debug|Any CPU
		{685A79C3-C646-C267-4B82-412A914B784C}.Release|Any CPU.ActiveCfg = Release|Any CPU
		{685A79C3-C646-C267-4B82-412A914B784C}.Release|Any CPU.Build.0 = Release|Any CPU
		{5E6C2964-EF9E-8FDA-CAA8-0720025C5145}.Debug|Any CPU.ActiveCfg = Debug|Any CPU
		{5E6C2964-EF9E-8FDA-CAA8-0720025C5145}.Debug|Any CPU.Build.0 = Debug|Any CPU
		{5E6C2964-EF9E-8FDA-CAA8-0720025C5145}.Release|Any CPU.ActiveCfg = Release|Any CPU
		{5E6C2964-EF9E-8FDA-CAA8-0720025C5145}.Release|Any CPU.Build.0 = Release|Any CPU
		{4B38DABA-55F6-6A0C-E7F1-3A259B2F6BCB}.Debug|Any CPU.ActiveCfg = Debug|Any CPU
		{4B38DABA-55F6-6A0C-E7F1-3A259B2F6BCB}.Debug|Any CPU.Build.0 = Debug|Any CPU
		{4B38DABA-55F6-6A0C-E7F1-3A259B2F6BCB}.Release|Any CPU.ActiveCfg = Release|Any CPU
		{4B38DABA-55F6-6A0C-E7F1-3A259B2F6BCB}.Release|Any CPU.Build.0 = Release|Any CPU
		{04A5A125-A989-492A-D2FF-B687FB0B0446}.Debug|Any CPU.ActiveCfg = Debug|Any CPU
		{04A5A125-A989-492A-D2FF-B687FB0B0446}.Debug|Any CPU.Build.0 = Debug|Any CPU
		{04A5A125-A989-492A-D2FF-B687FB0B0446}.Release|Any CPU.ActiveCfg = Release|Any CPU
		{04A5A125-A989-492A-D2FF-B687FB0B0446}.Release|Any CPU.Build.0 = Release|Any CPU
		{583C4CDC-697B-5E5F-D126-10E6BE42E0B3}.Debug|Any CPU.ActiveCfg = Debug|Any CPU
		{583C4CDC-697B-5E5F-D126-10E6BE42E0B3}.Debug|Any CPU.Build.0 = Debug|Any CPU
		{583C4CDC-697B-5E5F-D126-10E6BE42E0B3}.Release|Any CPU.ActiveCfg = Release|Any CPU
		{583C4CDC-697B-5E5F-D126-10E6BE42E0B3}.Release|Any CPU.Build.0 = Release|Any CPU
		{4FD08D45-D102-E042-8ADE-B39D269ECFFC}.Debug|Any CPU.ActiveCfg = Debug|Any CPU
		{4FD08D45-D102-E042-8ADE-B39D269ECFFC}.Debug|Any CPU.Build.0 = Debug|Any CPU
		{4FD08D45-D102-E042-8ADE-B39D269ECFFC}.Release|Any CPU.ActiveCfg = Release|Any CPU
		{4FD08D45-D102-E042-8ADE-B39D269ECFFC}.Release|Any CPU.Build.0 = Release|Any CPU
		{B6254A49-E669-1EC1-5902-B0021A75A113}.Debug|Any CPU.ActiveCfg = Debug|Any CPU
		{B6254A49-E669-1EC1-5902-B0021A75A113}.Debug|Any CPU.Build.0 = Debug|Any CPU
		{B6254A49-E669-1EC1-5902-B0021A75A113}.Release|Any CPU.ActiveCfg = Release|Any CPU
		{B6254A49-E669-1EC1-5902-B0021A75A113}.Release|Any CPU.Build.0 = Release|Any CPU
		{E4E96FA8-E512-F586-AF7A-9BB3D1CB3A78}.Debug|Any CPU.ActiveCfg = Debug|Any CPU
		{E4E96FA8-E512-F586-AF7A-9BB3D1CB3A78}.Debug|Any CPU.Build.0 = Debug|Any CPU
		{E4E96FA8-E512-F586-AF7A-9BB3D1CB3A78}.Release|Any CPU.ActiveCfg = Release|Any CPU
		{E4E96FA8-E512-F586-AF7A-9BB3D1CB3A78}.Release|Any CPU.Build.0 = Release|Any CPU
		{CF0284F1-99A2-0E00-F570-97C829EA488A}.Debug|Any CPU.ActiveCfg = Debug|Any CPU
		{CF0284F1-99A2-0E00-F570-97C829EA488A}.Debug|Any CPU.Build.0 = Debug|Any CPU
		{CF0284F1-99A2-0E00-F570-97C829EA488A}.Release|Any CPU.ActiveCfg = Release|Any CPU
		{CF0284F1-99A2-0E00-F570-97C829EA488A}.Release|Any CPU.Build.0 = Release|Any CPU
		{BE69B28E-D5FA-EBEF-A367-71CE555888EB}.Debug|Any CPU.ActiveCfg = Debug|Any CPU
		{BE69B28E-D5FA-EBEF-A367-71CE555888EB}.Debug|Any CPU.Build.0 = Debug|Any CPU
		{BE69B28E-D5FA-EBEF-A367-71CE555888EB}.Release|Any CPU.ActiveCfg = Release|Any CPU
		{BE69B28E-D5FA-EBEF-A367-71CE555888EB}.Release|Any CPU.Build.0 = Release|Any CPU
		{DF618644-0832-E3D8-E75C-C7EECC4744D2}.Debug|Any CPU.ActiveCfg = Debug|Any CPU
		{DF618644-0832-E3D8-E75C-C7EECC4744D2}.Debug|Any CPU.Build.0 = Debug|Any CPU
		{DF618644-0832-E3D8-E75C-C7EECC4744D2}.Release|Any CPU.ActiveCfg = Release|Any CPU
		{DF618644-0832-E3D8-E75C-C7EECC4744D2}.Release|Any CPU.Build.0 = Release|Any CPU
		{0D19A0DC-71B9-8B64-3B60-00F7104A73F3}.Debug|Any CPU.ActiveCfg = Debug|Any CPU
		{0D19A0DC-71B9-8B64-3B60-00F7104A73F3}.Debug|Any CPU.Build.0 = Debug|Any CPU
		{0D19A0DC-71B9-8B64-3B60-00F7104A73F3}.Release|Any CPU.ActiveCfg = Release|Any CPU
		{0D19A0DC-71B9-8B64-3B60-00F7104A73F3}.Release|Any CPU.Build.0 = Release|Any CPU
		{DA231B9B-2B44-4B70-F2BA-33FE636C47A7}.Debug|Any CPU.ActiveCfg = Debug|Any CPU
		{DA231B9B-2B44-4B70-F2BA-33FE636C47A7}.Debug|Any CPU.Build.0 = Debug|Any CPU
		{DA231B9B-2B44-4B70-F2BA-33FE636C47A7}.Release|Any CPU.ActiveCfg = Release|Any CPU
		{DA231B9B-2B44-4B70-F2BA-33FE636C47A7}.Release|Any CPU.Build.0 = Release|Any CPU
		{89A62191-5D55-F17E-A4DE-CC4571AC0870}.Debug|Any CPU.ActiveCfg = Debug|Any CPU
		{89A62191-5D55-F17E-A4DE-CC4571AC0870}.Debug|Any CPU.Build.0 = Debug|Any CPU
		{89A62191-5D55-F17E-A4DE-CC4571AC0870}.Release|Any CPU.ActiveCfg = Release|Any CPU
		{89A62191-5D55-F17E-A4DE-CC4571AC0870}.Release|Any CPU.Build.0 = Release|Any CPU
		{21C50A70-11F3-72DB-A714-26FE4DD13C0D}.Debug|Any CPU.ActiveCfg = Debug|Any CPU
		{21C50A70-11F3-72DB-A714-26FE4DD13C0D}.Debug|Any CPU.Build.0 = Debug|Any CPU
		{21C50A70-11F3-72DB-A714-26FE4DD13C0D}.Release|Any CPU.ActiveCfg = Release|Any CPU
		{21C50A70-11F3-72DB-A714-26FE4DD13C0D}.Release|Any CPU.Build.0 = Release|Any CPU
		{93AF1B83-D18D-322F-B7C2-0C6E9A354F09}.Debug|Any CPU.ActiveCfg = Debug|Any CPU
		{93AF1B83-D18D-322F-B7C2-0C6E9A354F09}.Debug|Any CPU.Build.0 = Debug|Any CPU
		{93AF1B83-D18D-322F-B7C2-0C6E9A354F09}.Release|Any CPU.ActiveCfg = Release|Any CPU
		{93AF1B83-D18D-322F-B7C2-0C6E9A354F09}.Release|Any CPU.Build.0 = Release|Any CPU
		{C2ADDF6D-A6BE-18F8-3271-259EB2015F68}.Debug|Any CPU.ActiveCfg = Debug|Any CPU
		{C2ADDF6D-A6BE-18F8-3271-259EB2015F68}.Debug|Any CPU.Build.0 = Debug|Any CPU
		{C2ADDF6D-A6BE-18F8-3271-259EB2015F68}.Release|Any CPU.ActiveCfg = Release|Any CPU
		{C2ADDF6D-A6BE-18F8-3271-259EB2015F68}.Release|Any CPU.Build.0 = Release|Any CPU
		{C6139500-203C-5350-6C71-0630D757BF4C}.Debug|Any CPU.ActiveCfg = Debug|Any CPU
		{C6139500-203C-5350-6C71-0630D757BF4C}.Debug|Any CPU.Build.0 = Debug|Any CPU
		{C6139500-203C-5350-6C71-0630D757BF4C}.Release|Any CPU.ActiveCfg = Release|Any CPU
		{C6139500-203C-5350-6C71-0630D757BF4C}.Release|Any CPU.Build.0 = Release|Any CPU
		{87E3F7AE-35DB-9E41-7940-B163D2251744}.Debug|Any CPU.ActiveCfg = Debug|Any CPU
		{87E3F7AE-35DB-9E41-7940-B163D2251744}.Debug|Any CPU.Build.0 = Debug|Any CPU
		{87E3F7AE-35DB-9E41-7940-B163D2251744}.Release|Any CPU.ActiveCfg = Release|Any CPU
		{87E3F7AE-35DB-9E41-7940-B163D2251744}.Release|Any CPU.Build.0 = Release|Any CPU
		{EAE058CA-66F8-6DDB-2372-7F5D18DE797F}.Debug|Any CPU.ActiveCfg = Debug|Any CPU
		{EAE058CA-66F8-6DDB-2372-7F5D18DE797F}.Debug|Any CPU.Build.0 = Debug|Any CPU
		{EAE058CA-66F8-6DDB-2372-7F5D18DE797F}.Release|Any CPU.ActiveCfg = Release|Any CPU
		{EAE058CA-66F8-6DDB-2372-7F5D18DE797F}.Release|Any CPU.Build.0 = Release|Any CPU
		{C7E73865-4A94-4E77-BCE1-ADABA5D876CA}.Debug|Any CPU.ActiveCfg = Debug|Any CPU
		{C7E73865-4A94-4E77-BCE1-ADABA5D876CA}.Debug|Any CPU.Build.0 = Debug|Any CPU
		{C7E73865-4A94-4E77-BCE1-ADABA5D876CA}.Release|Any CPU.ActiveCfg = Release|Any CPU
		{C7E73865-4A94-4E77-BCE1-ADABA5D876CA}.Release|Any CPU.Build.0 = Release|Any CPU
		{7DE87E7D-222E-6157-BEDB-803D7CE7A963}.Debug|Any CPU.ActiveCfg = Debug|Any CPU
		{7DE87E7D-222E-6157-BEDB-803D7CE7A963}.Debug|Any CPU.Build.0 = Debug|Any CPU
		{7DE87E7D-222E-6157-BEDB-803D7CE7A963}.Release|Any CPU.ActiveCfg = Release|Any CPU
		{7DE87E7D-222E-6157-BEDB-803D7CE7A963}.Release|Any CPU.Build.0 = Release|Any CPU
		{EC5D71AF-A132-E15B-B40B-AF3BAD2F2392}.Debug|Any CPU.ActiveCfg = Debug|Any CPU
		{EC5D71AF-A132-E15B-B40B-AF3BAD2F2392}.Debug|Any CPU.Build.0 = Debug|Any CPU
		{EC5D71AF-A132-E15B-B40B-AF3BAD2F2392}.Release|Any CPU.ActiveCfg = Release|Any CPU
		{EC5D71AF-A132-E15B-B40B-AF3BAD2F2392}.Release|Any CPU.Build.0 = Release|Any CPU
		{FA7C19BB-D32A-ACB8-F097-50A4BFA3D4E8}.Debug|Any CPU.ActiveCfg = Debug|Any CPU
		{FA7C19BB-D32A-ACB8-F097-50A4BFA3D4E8}.Debug|Any CPU.Build.0 = Debug|Any CPU
		{FA7C19BB-D32A-ACB8-F097-50A4BFA3D4E8}.Release|Any CPU.ActiveCfg = Release|Any CPU
		{FA7C19BB-D32A-ACB8-F097-50A4BFA3D4E8}.Release|Any CPU.Build.0 = Release|Any CPU
		{7F744CF1-3EC0-F81B-1502-5D8ED52C68FA}.Debug|Any CPU.ActiveCfg = Debug|Any CPU
		{7F744CF1-3EC0-F81B-1502-5D8ED52C68FA}.Debug|Any CPU.Build.0 = Debug|Any CPU
		{7F744CF1-3EC0-F81B-1502-5D8ED52C68FA}.Release|Any CPU.ActiveCfg = Release|Any CPU
		{7F744CF1-3EC0-F81B-1502-5D8ED52C68FA}.Release|Any CPU.Build.0 = Release|Any CPU
		{142CDF19-059D-D7B4-EC8E-E77F05BBCA7B}.Debug|Any CPU.ActiveCfg = Debug|Any CPU
		{142CDF19-059D-D7B4-EC8E-E77F05BBCA7B}.Debug|Any CPU.Build.0 = Debug|Any CPU
		{142CDF19-059D-D7B4-EC8E-E77F05BBCA7B}.Release|Any CPU.ActiveCfg = Release|Any CPU
		{142CDF19-059D-D7B4-EC8E-E77F05BBCA7B}.Release|Any CPU.Build.0 = Release|Any CPU
		{5A30F7C1-8D9A-7E17-878A-877EEBFFF64B}.Debug|Any CPU.ActiveCfg = Debug|Any CPU
		{5A30F7C1-8D9A-7E17-878A-877EEBFFF64B}.Debug|Any CPU.Build.0 = Debug|Any CPU
		{5A30F7C1-8D9A-7E17-878A-877EEBFFF64B}.Release|Any CPU.ActiveCfg = Release|Any CPU
		{5A30F7C1-8D9A-7E17-878A-877EEBFFF64B}.Release|Any CPU.Build.0 = Release|Any CPU
		{4A93E440-0C1E-429B-8A50-C1CE789E31D5}.Debug|Any CPU.ActiveCfg = Debug|Any CPU
		{4A93E440-0C1E-429B-8A50-C1CE789E31D5}.Debug|Any CPU.Build.0 = Debug|Any CPU
		{4A93E440-0C1E-429B-8A50-C1CE789E31D5}.Release|Any CPU.ActiveCfg = Release|Any CPU
		{4A93E440-0C1E-429B-8A50-C1CE789E31D5}.Release|Any CPU.Build.0 = Release|Any CPU
		{BD063B1D-E7BF-479D-8586-728E4589A118}.Debug|Any CPU.ActiveCfg = Debug|Any CPU
		{BD063B1D-E7BF-479D-8586-728E4589A118}.Debug|Any CPU.Build.0 = Debug|Any CPU
		{BD063B1D-E7BF-479D-8586-728E4589A118}.Release|Any CPU.ActiveCfg = Release|Any CPU
		{BD063B1D-E7BF-479D-8586-728E4589A118}.Release|Any CPU.Build.0 = Release|Any CPU
		{F009E5BC-9AF9-4464-B3D9-81A43B98858A}.Debug|Any CPU.ActiveCfg = Debug|Any CPU
		{F009E5BC-9AF9-4464-B3D9-81A43B98858A}.Debug|Any CPU.Build.0 = Debug|Any CPU
		{F009E5BC-9AF9-4464-B3D9-81A43B98858A}.Release|Any CPU.ActiveCfg = Release|Any CPU
		{F009E5BC-9AF9-4464-B3D9-81A43B98858A}.Release|Any CPU.Build.0 = Release|Any CPU
		{BA2B45E7-6264-43C2-B869-9E65B67FF47F}.Debug|Any CPU.ActiveCfg = Debug|Any CPU
		{BA2B45E7-6264-43C2-B869-9E65B67FF47F}.Debug|Any CPU.Build.0 = Debug|Any CPU
		{BA2B45E7-6264-43C2-B869-9E65B67FF47F}.Release|Any CPU.ActiveCfg = Release|Any CPU
		{BA2B45E7-6264-43C2-B869-9E65B67FF47F}.Release|Any CPU.Build.0 = Release|Any CPU
		{0229BF2E-0837-4CC5-8AE1-79FA56ED7308}.Debug|Any CPU.ActiveCfg = Debug|Any CPU
		{0229BF2E-0837-4CC5-8AE1-79FA56ED7308}.Debug|Any CPU.Build.0 = Debug|Any CPU
		{0229BF2E-0837-4CC5-8AE1-79FA56ED7308}.Release|Any CPU.ActiveCfg = Release|Any CPU
		{0229BF2E-0837-4CC5-8AE1-79FA56ED7308}.Release|Any CPU.Build.0 = Release|Any CPU
	EndGlobalSection
	GlobalSection(SolutionProperties) = preSolution
		HideSolutionNode = FALSE
	EndGlobalSection
	GlobalSection(NestedProjects) = preSolution
		{543726BC-0328-31D9-01BB-5BCFF9423B19} = {02EA681E-C7D8-13C7-8484-4AC65E1B71E8}
		{1AD9E145-9F7D-55CD-B22D-2F1301C5D9C1} = {02EA681E-C7D8-13C7-8484-4AC65E1B71E8}
		{6384FB0B-FAA4-C339-BF16-FE8D7A8FB718} = {02EA681E-C7D8-13C7-8484-4AC65E1B71E8}
		{91BF1671-383A-4CED-A915-C6084EFEE62B} = {02EA681E-C7D8-13C7-8484-4AC65E1B71E8}
		{F8F9B7C9-6056-E24E-8292-8A8633F0A70C} = {91BF1671-383A-4CED-A915-C6084EFEE62B}
		{30D008E0-37F4-2BD2-FFC9-05EF16B73C58} = {91BF1671-383A-4CED-A915-C6084EFEE62B}
		{195877B0-03D7-BB08-A19A-46B9F46614C4} = {91BF1671-383A-4CED-A915-C6084EFEE62B}
		{9D819A78-1323-B420-6A29-0B7F7425A834} = {02EA681E-C7D8-13C7-8484-4AC65E1B71E8}
		{BC5B44CF-21F9-3CAB-8AC5-436765DD2001} = {02EA681E-C7D8-13C7-8484-4AC65E1B71E8}
		{E68C294C-EADE-51D4-1800-A22CC894A31B} = {02EA681E-C7D8-13C7-8484-4AC65E1B71E8}
		{E9BBF3DF-EE02-4AEF-825E-0D5BFAA3A473} = {3A8CA435-D303-46CA-8470-C14C3741F546}
		{A9BCC03D-4E4E-4920-87D6-1D8111094385} = {3A8CA435-D303-46CA-8470-C14C3741F546}
		{8C70D9BD-F36D-4F71-B75C-E4387C612BAF} = {3A8CA435-D303-46CA-8470-C14C3741F546}
		{A338EB6E-FBD5-42DE-BB9E-53F92E03B6C5} = {3A8CA435-D303-46CA-8470-C14C3741F546}
		{C50EA5DC-3A24-4F06-8F70-828A8263D41E} = {3A8CA435-D303-46CA-8470-C14C3741F546}
		{2DB6EFD8-2E77-458C-9DDF-CD95266B5068} = {3A8CA435-D303-46CA-8470-C14C3741F546}
		{DCC143B3-122E-4019-8A43-2E01AC53AA60} = {3A8CA435-D303-46CA-8470-C14C3741F546}
		{17F1EE8E-7EE6-45B9-8474-5D37D515AD4D} = {3A8CA435-D303-46CA-8470-C14C3741F546}
		{EFD05773-D803-4467-9516-D23729B8A269} = {3A8CA435-D303-46CA-8470-C14C3741F546}
		{165EC4E3-23EA-4100-8053-8D7C1A9F62A3} = {3A8CA435-D303-46CA-8470-C14C3741F546}
		{5BB55F20-C9E0-40DC-94FA-F9D362C7BFCC} = {3A8CA435-D303-46CA-8470-C14C3741F546}
		{3AE194B0-72C7-45AA-82B1-0C87630781C1} = {3A8CA435-D303-46CA-8470-C14C3741F546}
		{071242E4-B642-4427-907A-62C5345581F9} = {3A8CA435-D303-46CA-8470-C14C3741F546}
		{0FC1AFB6-415B-4B63-A3D1-AF7FBC5FB6E3} = {3A8CA435-D303-46CA-8470-C14C3741F546}
		{A368B924-EE8D-44F1-AB2B-891FBBB28CE5} = {3A8CA435-D303-46CA-8470-C14C3741F546}
		{92ACA774-2375-44A3-8D07-B209F3923665} = {3FEA3951-F94A-426B-B492-7895D1020250}
		{5C9DCBFA-CDD7-4CCD-BD60-84E18F67B80B} = {3FEA3951-F94A-426B-B492-7895D1020250}
		{3B6E483D-B97B-4CBF-8C48-3384F3089115} = {3FEA3951-F94A-426B-B492-7895D1020250}
		{F44B50EF-10B7-498F-841B-B90B892ED205} = {3FEA3951-F94A-426B-B492-7895D1020250}
		{373ECFFD-3571-49B3-A2A1-DC1F4FC38071} = {3FEA3951-F94A-426B-B492-7895D1020250}
		{C7E26339-38E5-4437-A5B1-B5D92F369B3F} = {3FEA3951-F94A-426B-B492-7895D1020250}
		{6BB8AEFB-6C64-4CC9-93A4-5E9CA5905269} = {3FEA3951-F94A-426B-B492-7895D1020250}
		{2CD11B0D-88C7-4257-ACD8-FADCF3A7505F} = {3FEA3951-F94A-426B-B492-7895D1020250}
		{EEC318CD-716B-4C8F-B2AF-16E77EA4956B} = {3FEA3951-F94A-426B-B492-7895D1020250}
		{E45356F2-5884-4320-9BC0-EB650803D6CE} = {3FEA3951-F94A-426B-B492-7895D1020250}
		{9AE35981-18A0-4038-85E9-B83E18E31A8B} = {3FEA3951-F94A-426B-B492-7895D1020250}
		{AE6405ED-932D-4306-8CD5-1739544B2297} = {3FEA3951-F94A-426B-B492-7895D1020250}
		{E1B939A2-3608-4D73-8D53-29D71BE86AC8} = {3FEA3951-F94A-426B-B492-7895D1020250}
		{E99FDD17-3E6E-4F34-B0FF-E3B5D7B1121E} = {3FEA3951-F94A-426B-B492-7895D1020250}
		{3250856E-F40B-4EB9-8910-7A5A70BB1299} = {3FEA3951-F94A-426B-B492-7895D1020250}
		{82A79FD8-359C-43A9-B920-0B53F32B887D} = {3250856E-F40B-4EB9-8910-7A5A70BB1299}
		{7D2E8813-BEE4-47F8-8552-A8255D5E4082} = {3250856E-F40B-4EB9-8910-7A5A70BB1299}
		{D68A1992-22A1-4ABA-B372-2C44A3CCD0F8} = {3250856E-F40B-4EB9-8910-7A5A70BB1299}
		{FE6E9A0A-DA26-4BA5-B64D-325A96AA55E1} = {3250856E-F40B-4EB9-8910-7A5A70BB1299}
		{64963614-8034-43EA-8AF4-7427E5A4E4C9} = {3250856E-F40B-4EB9-8910-7A5A70BB1299}
		{0337AE2D-E5AB-FDA6-842F-E9B0BFF900DD} = {BD0785B4-6A59-496F-A166-508E112CF8EC}
		{2F7AC10F-7BE4-42AA-58A4-460F462F5536} = {BD0785B4-6A59-496F-A166-508E112CF8EC}
		{57E74570-7C91-F1B4-A1E0-67ADA230F791} = {BD0785B4-6A59-496F-A166-508E112CF8EC}
		{D76485D5-FC2B-B95F-8AB2-AA6387467AF0} = {BD0785B4-6A59-496F-A166-508E112CF8EC}
		{E5B29E86-DA38-3A53-7797-1FC95BD42037} = {27725B9C-D6CA-4B1E-9A68-FFE6125B9576}
		{90A83E29-7327-AB00-49DB-E20DF33CAA59} = {27725B9C-D6CA-4B1E-9A68-FFE6125B9576}
		{4120D887-C229-695B-C262-5C40262217F5} = {27725B9C-D6CA-4B1E-9A68-FFE6125B9576}
		{6D5D74C7-8D7E-A011-EFF3-3F97303DA413} = {86A4874A-8683-47D2-89A7-1D15ECB75A78}
		{C177EE18-4939-48C4-00FA-ACEB77202FD1} = {86A4874A-8683-47D2-89A7-1D15ECB75A78}
		{71F85379-7972-BDA5-C4D1-45ECC321AA15} = {86A4874A-8683-47D2-89A7-1D15ECB75A78}
		{756A14F4-4AF8-D266-34C2-FEDBEAB12EE1} = {86A4874A-8683-47D2-89A7-1D15ECB75A78}
		{FDCBD4A5-F15D-B508-EDCB-229BEC5B0B16} = {86A4874A-8683-47D2-89A7-1D15ECB75A78}
		{7C6797BD-88BC-1BB6-4514-ADFA0A615027} = {86A4874A-8683-47D2-89A7-1D15ECB75A78}
		{50CB8902-44BC-9CAC-DBCA-79B389639D82} = {86A4874A-8683-47D2-89A7-1D15ECB75A78}
		{685A79C3-C646-C267-4B82-412A914B784C} = {86A4874A-8683-47D2-89A7-1D15ECB75A78}
		{5E6C2964-EF9E-8FDA-CAA8-0720025C5145} = {86A4874A-8683-47D2-89A7-1D15ECB75A78}
		{4B38DABA-55F6-6A0C-E7F1-3A259B2F6BCB} = {B39D9D59-A41E-48CA-93B7-5CAB34DFBFD8}
		{04A5A125-A989-492A-D2FF-B687FB0B0446} = {B39D9D59-A41E-48CA-93B7-5CAB34DFBFD8}
		{583C4CDC-697B-5E5F-D126-10E6BE42E0B3} = {B39D9D59-A41E-48CA-93B7-5CAB34DFBFD8}
		{4FD08D45-D102-E042-8ADE-B39D269ECFFC} = {B39D9D59-A41E-48CA-93B7-5CAB34DFBFD8}
		{B6254A49-E669-1EC1-5902-B0021A75A113} = {010F9E01-B0E6-4F8F-A41B-6313327407E9}
		{E4E96FA8-E512-F586-AF7A-9BB3D1CB3A78} = {010F9E01-B0E6-4F8F-A41B-6313327407E9}
		{CF0284F1-99A2-0E00-F570-97C829EA488A} = {010F9E01-B0E6-4F8F-A41B-6313327407E9}
		{BE69B28E-D5FA-EBEF-A367-71CE555888EB} = {010F9E01-B0E6-4F8F-A41B-6313327407E9}
		{DF618644-0832-E3D8-E75C-C7EECC4744D2} = {010F9E01-B0E6-4F8F-A41B-6313327407E9}
		{0D19A0DC-71B9-8B64-3B60-00F7104A73F3} = {010F9E01-B0E6-4F8F-A41B-6313327407E9}
		{DA231B9B-2B44-4B70-F2BA-33FE636C47A7} = {A4EB5B9A-9261-4E55-BE73-8E2AE041CE5A}
		{89A62191-5D55-F17E-A4DE-CC4571AC0870} = {A4EB5B9A-9261-4E55-BE73-8E2AE041CE5A}
		{21C50A70-11F3-72DB-A714-26FE4DD13C0D} = {A4EB5B9A-9261-4E55-BE73-8E2AE041CE5A}
		{93AF1B83-D18D-322F-B7C2-0C6E9A354F09} = {A4EB5B9A-9261-4E55-BE73-8E2AE041CE5A}
		{C2ADDF6D-A6BE-18F8-3271-259EB2015F68} = {A4EB5B9A-9261-4E55-BE73-8E2AE041CE5A}
		{C6139500-203C-5350-6C71-0630D757BF4C} = {A4EB5B9A-9261-4E55-BE73-8E2AE041CE5A}
		{CAF1CB45-E17A-4CAB-BEE1-9F330BBB35DA} = {0BDC2FF8-D941-4954-839C-4458714E544F}
		{87E3F7AE-35DB-9E41-7940-B163D2251744} = {CAF1CB45-E17A-4CAB-BEE1-9F330BBB35DA}
		{EAE058CA-66F8-6DDB-2372-7F5D18DE797F} = {CAF1CB45-E17A-4CAB-BEE1-9F330BBB35DA}
		{C7E73865-4A94-4E77-BCE1-ADABA5D876CA} = {0BDC2FF8-D941-4954-839C-4458714E544F}
		{7DE87E7D-222E-6157-BEDB-803D7CE7A963} = {0BDC2FF8-D941-4954-839C-4458714E544F}
		{B3698B22-478E-4088-B68D-D766C6C9E62A} = {0BDC2FF8-D941-4954-839C-4458714E544F}
		{EC5D71AF-A132-E15B-B40B-AF3BAD2F2392} = {B3698B22-478E-4088-B68D-D766C6C9E62A}
		{FA7C19BB-D32A-ACB8-F097-50A4BFA3D4E8} = {B3698B22-478E-4088-B68D-D766C6C9E62A}
		{7F744CF1-3EC0-F81B-1502-5D8ED52C68FA} = {0BDC2FF8-D941-4954-839C-4458714E544F}
		{142CDF19-059D-D7B4-EC8E-E77F05BBCA7B} = {0BDC2FF8-D941-4954-839C-4458714E544F}
		{5A30F7C1-8D9A-7E17-878A-877EEBFFF64B} = {0BDC2FF8-D941-4954-839C-4458714E544F}
		{AFE614F6-CC19-447B-98BC-3E49B59FE13C} = {0BDC2FF8-D941-4954-839C-4458714E544F}
		{4A93E440-0C1E-429B-8A50-C1CE789E31D5} = {AFE614F6-CC19-447B-98BC-3E49B59FE13C}
		{BD063B1D-E7BF-479D-8586-728E4589A118} = {AFE614F6-CC19-447B-98BC-3E49B59FE13C}
		{F009E5BC-9AF9-4464-B3D9-81A43B98858A} = {0BDC2FF8-D941-4954-839C-4458714E544F}
		{BA2B45E7-6264-43C2-B869-9E65B67FF47F} = {0BDC2FF8-D941-4954-839C-4458714E544F}
		{0229BF2E-0837-4CC5-8AE1-79FA56ED7308} = {0BDC2FF8-D941-4954-839C-4458714E544F}
	EndGlobalSection
	GlobalSection(ExtensibilityGlobals) = postSolution
		SolutionGuid = {84BD3171-5DD3-4B6A-BE45-9CDA0C7B6FE3}
	EndGlobalSection
EndGlobal
