
Microsoft Visual Studio Solution File, Format Version 12.00
# Visual Studio Version 17
VisualStudioVersion = 17.13.35931.197
MinimumVisualStudioVersion = 10.0.40219.1
Project("{F184B08F-C81C-45F6-A57F-5ABD9991F28F}") = "GettingStarted", "Introduction\Getting Started\GettingStarted.vbproj", "{C3958F51-1182-4EBB-17F5-F57ECFA831B5}"
EndProject
Project("{2150E333-8FDC-42A3-9474-1A3956D46DE8}") = "Introduction", "Introduction", "{02EA681E-C7D8-13C7-8484-4AC65E1B71E8}"
EndProject
Project("{F184B08F-C81C-45F6-A57F-5ABD9991F28F}") = "Reading", "Introduction\Reading\Reading.vbproj", "{87217922-555F-B640-ECA2-AF4E4A39F34C}"
EndProject
Project("{F184B08F-C81C-45F6-A57F-5ABD9991F28F}") = "Writing", "Introduction\Writing\Writing.vbproj", "{244720E4-70C3-DACA-E767-EE9D618E74A8}"
EndProject
Project("{F184B08F-C81C-45F6-A57F-5ABD9991F28F}") = "Templates", "Introduction\Templates\Templates.vbproj", "{669009BF-96B7-BBE1-D4A9-CFC0CC9190C7}"
EndProject
Project("{F184B08F-C81C-45F6-A57F-5ABD9991F28F}") = "Preservation", "Introduction\Preservation\Preservation.vbproj", "{52E2DE58-FAA8-F6AE-6432-841BF18619A5}"
EndProject
Project("{F184B08F-C81C-45F6-A57F-5ABD9991F28F}") = "Performance", "Introduction\Performance\Performance.vbproj", "{7AA5C46F-9B68-F5A4-3213-031628659603}"
EndProject
Project("{2150E333-8FDC-42A3-9474-1A3956D46DE8}") = "Printing", "Printing", "{DDB22414-AFA2-4E17-9A65-0C1CEF8D0685}"
EndProject
Project("{F184B08F-C81C-45F6-A57F-5ABD9991F28F}") = "PrintInConsole", "Introduction\Printing\Printing in Console\PrintInConsole.vbproj", "{9D69E972-C31C-AA4F-B667-DF08462C2F5A}"
EndProject
Project("{F184B08F-C81C-45F6-A57F-5ABD9991F28F}") = "PrintInWinForms", "Introduction\Printing\Printing in WinForms\PrintInWinForms.vbproj", "{523769AE-9A52-43F5-8120-02E857821B1D}"
EndProject
Project("{F184B08F-C81C-45F6-A57F-5ABD9991F28F}") = "PrintInWpf", "Introduction\Printing\Printing in WPF\PrintInWpf.vbproj", "{7373C27D-2732-4C39-9272-BCD3355905E2}"
EndProject
Project("{2150E333-8FDC-42A3-9474-1A3956D46DE8}") = "Elements", "Elements", "{528D7B74-4684-403A-97F9-358BC9D429F6}"
EndProject
Project("{F184B08F-C81C-45F6-A57F-5ABD9991F28F}") = "Barcodes", "Elements\Barcodes\Barcodes.vbproj", "{D3305DF2-219D-3962-8512-DE351E7CE40B}"
EndProject
Project("{F184B08F-C81C-45F6-A57F-5ABD9991F28F}") = "BookmarksAndHyperlinks", "Elements\Bookmarks and Hyperlinks\BookmarksAndHyperlinks.vbproj", "{3FAFAAFF-60C2-E06F-4CF7-0C4CEFA4693A}"
EndProject
Project("{F184B08F-C81C-45F6-A57F-5ABD9991F28F}") = "Breaks", "Elements\Breaks\Breaks.vbproj", "{228B57A6-F4F9-A6AB-EACC-6E2B0AE8F20C}"
EndProject
Project("{F184B08F-C81C-45F6-A57F-5ABD9991F28F}") = "Charts", "Elements\Charts\Charts.vbproj", "{2D203402-F2E1-38FF-7D65-55CB2C6AF724}"
EndProject
Project("{F184B08F-C81C-45F6-A57F-5ABD9991F28F}") = "Comments", "Elements\Comments\Comments.vbproj", "{9771ED1F-F350-8732-B25D-0E14584B0E52}"
EndProject
Project("{F184B08F-C81C-45F6-A57F-5ABD9991F28F}") = "ContentControls", "Elements\Content Controls\ContentControls.vbproj", "{77EAC968-2DBF-3924-0314-16D7137D89EE}"
EndProject
Project("{F184B08F-C81C-45F6-A57F-5ABD9991F28F}") = "DocumentProperties", "Elements\Document Properties\DocumentProperties.vbproj", "{2CE7515F-3A26-03FC-ABB1-4740EBAAEA8D}"
EndProject
Project("{F184B08F-C81C-45F6-A57F-5ABD9991F28F}") = "Fields", "Elements\Fields\Fields.vbproj", "{A31F296B-51EE-FA61-C8EB-984486E53827}"
EndProject
Project("{F184B08F-C81C-45F6-A57F-5ABD9991F28F}") = "FootnotesAndEndnotes", "Elements\Footnotes and Endnotes\FootnotesAndEndnotes.vbproj", "{689E0C30-F2E6-3F2B-FC5C-578F4BBCAEB4}"
EndProject
Project("{F184B08F-C81C-45F6-A57F-5ABD9991F28F}") = "HeadersAndFooters", "Elements\Headers and Footers\HeadersAndFooters.vbproj", "{041FCC35-7E7F-6631-C756-498EA8B56FB7}"
EndProject
Project("{F184B08F-C81C-45F6-A57F-5ABD9991F28F}") = "Pictures", "Elements\Pictures\Pictures.vbproj", "{3F81AB07-DC6B-5D9B-5306-AA1A00FDF9E1}"
EndProject
Project("{F184B08F-C81C-45F6-A57F-5ABD9991F28F}") = "Shapes", "Elements\Shapes\Shapes.vbproj", "{0CCD48FD-E880-70E9-5CE6-D3C3B62AA93B}"
EndProject
Project("{F184B08F-C81C-45F6-A57F-5ABD9991F28F}") = "TableOfContent", "Elements\Table Of Content\TableOfContent.vbproj", "{33AB265C-0624-1FAB-D58E-D090E39A49FA}"
EndProject
Project("{F184B08F-C81C-45F6-A57F-5ABD9991F28F}") = "TextBoxes", "Elements\Text Boxes\TextBoxes.vbproj", "{5822B88F-E49C-648D-D776-A54BEEF94C15}"
EndProject
Project("{F184B08F-C81C-45F6-A57F-5ABD9991F28F}") = "Watermarks", "Elements\Watermarks\Watermarks.vbproj", "{EC698A8D-9F62-4568-21FA-1968E3D4D884}"
EndProject
Project("{2150E333-8FDC-42A3-9474-1A3956D46DE8}") = "Features", "Features", "{66EB02BC-002E-4DB7-9F65-9A431ADC826B}"
EndProject
Project("{F184B08F-C81C-45F6-A57F-5ABD9991F28F}") = "AutoHyphenation", "Features\Auto Hyphenation\AutoHyphenation.vbproj", "{81FD5F7C-74E3-AAE4-6896-4BE79DBCFDEB}"
EndProject
Project("{F184B08F-C81C-45F6-A57F-5ABD9991F28F}") = "Cloning", "Features\Cloning\Cloning.vbproj", "{DCE0D133-4D53-8A79-9511-CCBB8BC50C0C}"
EndProject
Project("{F184B08F-C81C-45F6-A57F-5ABD9991F28F}") = "Combining", "Features\Combining\Combining.vbproj", "{88700968-1B00-092A-E5A6-8FD646A71043}"
EndProject
Project("{F184B08F-C81C-45F6-A57F-5ABD9991F28F}") = "ContentManipulation", "Features\Content Manipulation\ContentManipulation.vbproj", "{A27541A1-C7F0-50E4-56D8-316C8AAAF8A1}"
EndProject
Project("{F184B08F-C81C-45F6-A57F-5ABD9991F28F}") = "FindAndReplace", "Features\Find and Replace\FindAndReplace.vbproj", "{480F5086-4B33-1469-D8E8-2230567FBEB9}"
EndProject
Project("{F184B08F-C81C-45F6-A57F-5ABD9991F28F}") = "Fonts", "Features\Fonts\Fonts.vbproj", "{7454EBF0-472B-71C1-4383-FD4B190E2860}"
EndProject
Project("{F184B08F-C81C-45F6-A57F-5ABD9991F28F}") = "Iterating", "Features\Iterating\Iterating.vbproj", "{A921F4F3-A8AF-6482-9C64-B6FA095570B3}"
EndProject
Project("{F184B08F-C81C-45F6-A57F-5ABD9991F28F}") = "PageExtraction", "Features\Page Extraction\PageExtraction.vbproj", "{ABA3341C-A632-D94D-ADA8-739A66B1EED2}"
EndProject
Project("{F184B08F-C81C-45F6-A57F-5ABD9991F28F}") = "PageSetup", "Features\Page Setup\PageSetup.vbproj", "{E50ACD8A-EAFA-53ED-1F8C-FBD6D35C3843}"
EndProject
Project("{2150E333-8FDC-42A3-9474-1A3956D46DE8}") = "Progress Reporting and Cancellation", "Progress Reporting and Cancellation", "{2AF3D4DE-F155-46AA-88D7-F15F44B84FD1}"
EndProject
Project("{F184B08F-C81C-45F6-A57F-5ABD9991F28F}") = "CancellationInConsole", "Features\Progress Reporting and Cancellation\Cancellation in Console\CancellationInConsole.vbproj", "{4A90AADA-1EE7-CA84-0185-738A4DBB8697}"
EndProject
Project("{F184B08F-C81C-45F6-A57F-5ABD9991F28F}") = "CancellationInWpf", "Features\Progress Reporting and Cancellation\Cancellation in WPF\CancellationInWpf.vbproj", "{DD8E6270-16F0-4686-B4B5-23B319258511}"
EndProject
Project("{F184B08F-C81C-45F6-A57F-5ABD9991F28F}") = "ProgressReportingInConsole", "Features\Progress Reporting and Cancellation\Progress Reporting in Console\ProgressReportingInConsole.vbproj", "{81A0197C-4B27-2E51-6946-42D42234C441}"
EndProject
Project("{F184B08F-C81C-45F6-A57F-5ABD9991F28F}") = "ProgressReportingInWindowsForms", "Features\Progress Reporting and Cancellation\Progress Reporting in WindowsForms\ProgressReportingInWindowsForms.vbproj", "{F739C5F2-A529-4381-AB93-93662F64404C}"
EndProject
Project("{F184B08F-C81C-45F6-A57F-5ABD9991F28F}") = "ProgressReportingInWpf", "Features\Progress Reporting and Cancellation\Progress Reporting in WPF\ProgressReportingInWpf.vbproj", "{5FC557FB-0756-4A27-9498-B08A31CE9D26}"
EndProject
Project("{F184B08F-C81C-45F6-A57F-5ABD9991F28F}") = "RightToLeftText", "Features\Right-to-left Text\RightToLeftText.vbproj", "{CDE4D863-5834-DC7F-8AEC-C640E31AE699}"
EndProject
Project("{F184B08F-C81C-45F6-A57F-5ABD9991F28F}") = "TrackChanges", "Features\Track Changes\TrackChanges.vbproj", "{7B0F953A-E371-05B7-F01A-35A3BBD80127}"
EndProject
Project("{F184B08F-C81C-45F6-A57F-5ABD9991F28F}") = "UnitConversion", "Features\Unit Conversion\UnitConversion.vbproj", "{CDB4930F-98B1-3234-DBCD-9531CE992696}"
EndProject
Project("{F184B08F-C81C-45F6-A57F-5ABD9991F28F}") = "VbaMacros", "Features\VBA Macros\VbaMacros.vbproj", "{E82E9B1C-6B4D-2FD0-0D13-EA1AD5A25841}"
EndProject
Project("{F184B08F-C81C-45F6-A57F-5ABD9991F28F}") = "ViewOptions", "Features\View Options\ViewOptions.vbproj", "{95189EEE-F674-ABE7-358E-AF3592CF7770}"
EndProject
Project("{2150E333-8FDC-42A3-9474-1A3956D46DE8}") = "Formatting", "Formatting", "{BEEFB0BD-0BBB-4B29-8B78-76600620E6F4}"
EndProject
Project("{F184B08F-C81C-45F6-A57F-5ABD9991F28F}") = "CharacterFormatting", "Formatting\Character Formatting\CharacterFormatting.vbproj", "{AA223B66-C702-83BC-B917-2472EFA359BD}"
EndProject
Project("{F184B08F-C81C-45F6-A57F-5ABD9991F28F}") = "ParagraphFormatting", "Formatting\Paragraph Formatting\ParagraphFormatting.vbproj", "{DD715FE4-CBB4-0DBB-2357-2DEB75FF7187}"
EndProject
Project("{F184B08F-C81C-45F6-A57F-5ABD9991F28F}") = "Lists", "Formatting\Lists\Lists.vbproj", "{9B290E23-3C28-C281-FE28-AEF94565421A}"
EndProject
Project("{F184B08F-C81C-45F6-A57F-5ABD9991F28F}") = "Styles", "Formatting\Styles\Styles.vbproj", "{E5801067-5AE5-8CD3-2B62-7B56F430A82B}"
EndProject
Project("{2150E333-8FDC-42A3-9474-1A3956D46DE8}") = "Forms", "Forms", "{B93D2433-25D7-418C-9C82-06E8A274674B}"
EndProject
Project("{F184B08F-C81C-45F6-A57F-5ABD9991F28F}") = "CreateForm", "Forms\Create Form\CreateForm.vbproj", "{606AD6B1-C57B-EED3-25A6-5E68B7B13D86}"
EndProject
Project("{F184B08F-C81C-45F6-A57F-5ABD9991F28F}") = "ReadForm", "Forms\Read Form\ReadForm.vbproj", "{13F97917-203A-ACB1-00D0-CE2ECDBFCB44}"
EndProject
Project("{F184B08F-C81C-45F6-A57F-5ABD9991F28F}") = "UpdateForm", "Forms\Update Form\UpdateForm.vbproj", "{A76A0790-2F75-6DC5-A3EE-555BB9A74685}"
EndProject
Project("{2150E333-8FDC-42A3-9474-1A3956D46DE8}") = "Mail Merge", "Mail Merge", "{B71951B4-D370-4335-ACA5-98D2FF3D544E}"
EndProject
Project("{F184B08F-C81C-45F6-A57F-5ABD9991F28F}") = "ClearOptions", "Mail Merge\Clear Options\ClearOptions.vbproj", "{F6709108-3000-6328-5B65-D6F889C12051}"
EndProject
Project("{F184B08F-C81C-45F6-A57F-5ABD9991F28F}") = "CustomizeMerge", "Mail Merge\Customize Merge\CustomizeMerge.vbproj", "{CD7F0642-73DD-D5C7-E493-8B2EFBEC18E5}"
EndProject
Project("{F184B08F-C81C-45F6-A57F-5ABD9991F28F}") = "IfFields", "Mail Merge\If Fields\IfFields.vbproj", "{48E2F0C7-0BC3-4DA6-5860-B2BBE3D14D41}"
EndProject
Project("{F184B08F-C81C-45F6-A57F-5ABD9991F28F}") = "MergeBarcodes", "Mail Merge\Merge Barcodes\MergeBarcodes.vbproj", "{771BBCF4-4B6A-2E21-A6BE-38BBBCF80EA8}"
EndProject
Project("{F184B08F-C81C-45F6-A57F-5ABD9991F28F}") = "MergeFields", "Mail Merge\Merge Fields\MergeFields.vbproj", "{9EC0EB5E-DC91-4999-2D58-CCD3F7CAE8D6}"
EndProject
Project("{F184B08F-C81C-45F6-A57F-5ABD9991F28F}") = "MergeLabels", "Mail Merge\Merge Labels\MergeLabels.vbproj", "{3D13E04E-A974-A9F4-65F1-1F4E5EA23495}"
EndProject
Project("{F184B08F-C81C-45F6-A57F-5ABD9991F28F}") = "MergePictures", "Mail Merge\Merge Pictures\MergePictures.vbproj", "{2A4B8880-A8B3-3D1A-5DCC-1F0273600D53}"
EndProject
Project("{F184B08F-C81C-45F6-A57F-5ABD9991F28F}") = "MergeRanges", "Mail Merge\Merge Ranges\MergeRanges.vbproj", "{2BA2CF61-21FB-A76B-4862-8D518E58267E}"
EndProject
Project("{F184B08F-C81C-45F6-A57F-5ABD9991F28F}") = "NestedMerge", "Mail Merge\Nested Merge\NestedMerge.vbproj", "{17C3EA34-6AD9-2584-184C-081E437607A8}"
EndProject
Project("{2150E333-8FDC-42A3-9474-1A3956D46DE8}") = "Tables", "Tables", "{14F480C1-F17C-4DC2-9AA9-7E5DEF650E0F}"
EndProject
Project("{F184B08F-C81C-45F6-A57F-5ABD9991F28F}") = "MergeCells", "Tables\Merge Cells\MergeCells.vbproj", "{0997A715-8A51-E68C-4B9E-3E74AF729A73}"
EndProject
Project("{F184B08F-C81C-45F6-A57F-5ABD9991F28F}") = "TableFormatting", "Tables\Table Formatting\TableFormatting.vbproj", "{0EF5B679-9A26-3A46-69C9-A38CAD0B6EBE}"
EndProject
Project("{F184B08F-C81C-45F6-A57F-5ABD9991F28F}") = "TableStyles", "Tables\Table Styles\TableStyles.vbproj", "{2E0E73E5-53C6-35CE-F900-54E316C66CD2}"
EndProject
Project("{F184B08F-C81C-45F6-A57F-5ABD9991F28F}") = "CreateTable", "Tables\Create Table\CreateTable.vbproj", "{9E66A186-3EA6-1504-028E-AD03ADFF013C}"
EndProject
Project("{2150E333-8FDC-42A3-9474-1A3956D46DE8}") = "Protection", "Protection", "{62A39076-B467-4F70-A6DA-32576533D0F3}"
EndProject
Project("{F184B08F-C81C-45F6-A57F-5ABD9991F28F}") = "DocxDigitalSignature", "Protection\DOCX Digital Signature\DocxDigitalSignature.vbproj", "{E3567E4B-6AFA-307B-B2E9-D56FE83330AF}"
EndProject
Project("{F184B08F-C81C-45F6-A57F-5ABD9991F28F}") = "DocxEncryption", "Protection\DOCX Encryption\DocxEncryption.vbproj", "{4A2460A1-7AC0-3ABB-0384-2C000BBBA3F5}"
EndProject
Project("{F184B08F-C81C-45F6-A57F-5ABD9991F28F}") = "DocxWriteProtection", "Protection\DOCX Write Protection\DocxWriteProtection.vbproj", "{C3792E74-563B-9E98-585D-5A99D7548D1E}"
EndProject
Project("{F184B08F-C81C-45F6-A57F-5ABD9991F28F}") = "PdfDigitalSignature", "Protection\PDF Digital Signature\PdfDigitalSignature.vbproj", "{9083A96B-CED1-0DE7-93EF-80C67F034BB6}"
EndProject
Project("{F184B08F-C81C-45F6-A57F-5ABD9991F28F}") = "PdfEncryption", "Protection\PDF Encryption\PdfEncryption.vbproj", "{985DD704-E073-461F-166C-A9FC257AB96D}"
EndProject
Project("{F184B08F-C81C-45F6-A57F-5ABD9991F28F}") = "RestrictEditing", "Protection\Restrict Editing\RestrictEditing.vbproj", "{6AE9233B-F772-8A67-49C5-F96E9B508252}"
EndProject
Project("{2150E333-8FDC-42A3-9474-1A3956D46DE8}") = "Conversion", "Conversion", "{45768B9E-3315-49C9-8A31-DF790C4704C0}"
EndProject
Project("{F184B08F-C81C-45F6-A57F-5ABD9991F28F}") = "ConvertDocxToPdf", "Conversion\Convert DOCX to PDF\ConvertDocxToPdf.vbproj", "{9535829F-04E6-0965-2F8E-8C4A2CA54B10}"
EndProject
Project("{F184B08F-C81C-45F6-A57F-5ABD9991F28F}") = "ConvertPdfToDocx", "Conversion\Convert PDF to DOCX\ConvertPdfToDocx.vbproj", "{BCC1C721-55B3-3B64-BF8B-07D263511F7C}"
EndProject
Project("{F184B08F-C81C-45F6-A57F-5ABD9991F28F}") = "ExtractTextFromPdf", "Conversion\Extract Text from PDF\ExtractTextFromPdf.vbproj", "{102ACAB6-3C29-60E6-F28C-A5831684C538}"
EndProject
Project("{F184B08F-C81C-45F6-A57F-5ABD9991F28F}") = "ConvertHtmlToPdf", "Conversion\Convert HTML to PDF\ConvertHtmlToPdf.vbproj", "{611E06B8-B646-13B6-8A4B-0E02BF951FD2}"
EndProject
Project("{F184B08F-C81C-45F6-A57F-5ABD9991F28F}") = "ConvertDocxToImage", "Conversion\Convert DOCX to Image\ConvertDocxToImage.vbproj", "{6B3A4957-A5CF-F5B2-76B0-8B9B71091FD5}"
EndProject
Project("{F184B08F-C81C-45F6-A57F-5ABD9991F28F}") = "ConvertToAndFromHtml", "Conversion\Convert to and from HTML\ConvertToAndFromHtml.vbproj", "{2FE07F66-50CA-DAB2-7C1A-6F8FB144112D}"
EndProject
Project("{2150E333-8FDC-42A3-9474-1A3956D46DE8}") = "Platforms", "Platforms", "{09602D53-DDAA-4EE7-BE17-6A1FCA2B521F}"
EndProject
Project("{F184B08F-C81C-45F6-A57F-5ABD9991F28F}") = "AzureFunction", "Platforms\Azure\AzureFunction.vbproj", "{B90841FA-4159-0781-3A1B-36D53EF98862}"
EndProject
Project("{F184B08F-C81C-45F6-A57F-5ABD9991F28F}") = "DocumentDocker", "Platforms\Docker\DocumentDocker.vbproj", "{D21959B4-D86F-BE01-0FE6-B682BBE9C180}"
EndProject
Project("{F184B08F-C81C-45F6-A57F-5ABD9991F28F}") = "WpfRichTextEditor", "Platforms\Word Editor in WPF\WpfRichTextEditor.vbproj", "{B5028236-A94C-4CA2-AA88-647ECF4236E7}"
EndProject
Project("{2150E333-8FDC-42A3-9474-1A3956D46DE8}") = "WPF", "WPF", "{1DDC2350-7640-416E-81BD-43F328A00075}"
EndProject
Project("{F184B08F-C81C-45F6-A57F-5ABD9991F28F}") = "WpfExportToImageSource", "Platforms\WPF\Export to ImageSource\WpfExportToImageSource.vbproj", "{A557C74B-0E48-4CC0-9E1A-5FEF7F4EA542}"
EndProject
Project("{F184B08F-C81C-45F6-A57F-5ABD9991F28F}") = "WpfExportToXpsDocument", "Platforms\WPF\Export to XpsDocument\WpfExportToXpsDocument.vbproj", "{6F85609F-511C-462A-A52A-5F0F6816E7DD}"
EndProject
Global
	GlobalSection(SolutionConfigurationPlatforms) = preSolution
		Debug|Any CPU = Debug|Any CPU
		Release|Any CPU = Release|Any CPU
	EndGlobalSection
	GlobalSection(ProjectConfigurationPlatforms) = postSolution
		{C3958F51-1182-4EBB-17F5-F57ECFA831B5}.Debug|Any CPU.ActiveCfg = Debug|Any CPU
		{C3958F51-1182-4EBB-17F5-F57ECFA831B5}.Debug|Any CPU.Build.0 = Debug|Any CPU
		{C3958F51-1182-4EBB-17F5-F57ECFA831B5}.Release|Any CPU.ActiveCfg = Release|Any CPU
		{C3958F51-1182-4EBB-17F5-F57ECFA831B5}.Release|Any CPU.Build.0 = Release|Any CPU
		{87217922-555F-B640-ECA2-AF4E4A39F34C}.Debug|Any CPU.ActiveCfg = Debug|Any CPU
		{87217922-555F-B640-ECA2-AF4E4A39F34C}.Debug|Any CPU.Build.0 = Debug|Any CPU
		{87217922-555F-B640-ECA2-AF4E4A39F34C}.Release|Any CPU.ActiveCfg = Release|Any CPU
		{87217922-555F-B640-ECA2-AF4E4A39F34C}.Release|Any CPU.Build.0 = Release|Any CPU
		{244720E4-70C3-DACA-E767-EE9D618E74A8}.Debug|Any CPU.ActiveCfg = Debug|Any CPU
		{244720E4-70C3-DACA-E767-EE9D618E74A8}.Debug|Any CPU.Build.0 = Debug|Any CPU
		{244720E4-70C3-DACA-E767-EE9D618E74A8}.Release|Any CPU.ActiveCfg = Release|Any CPU
		{244720E4-70C3-DACA-E767-EE9D618E74A8}.Release|Any CPU.Build.0 = Release|Any CPU
		{669009BF-96B7-BBE1-D4A9-CFC0CC9190C7}.Debug|Any CPU.ActiveCfg = Debug|Any CPU
		{669009BF-96B7-BBE1-D4A9-CFC0CC9190C7}.Debug|Any CPU.Build.0 = Debug|Any CPU
		{669009BF-96B7-BBE1-D4A9-CFC0CC9190C7}.Release|Any CPU.ActiveCfg = Release|Any CPU
		{669009BF-96B7-BBE1-D4A9-CFC0CC9190C7}.Release|Any CPU.Build.0 = Release|Any CPU
		{52E2DE58-FAA8-F6AE-6432-841BF18619A5}.Debug|Any CPU.ActiveCfg = Debug|Any CPU
		{52E2DE58-FAA8-F6AE-6432-841BF18619A5}.Debug|Any CPU.Build.0 = Debug|Any CPU
		{52E2DE58-FAA8-F6AE-6432-841BF18619A5}.Release|Any CPU.ActiveCfg = Release|Any CPU
		{52E2DE58-FAA8-F6AE-6432-841BF18619A5}.Release|Any CPU.Build.0 = Release|Any CPU
		{7AA5C46F-9B68-F5A4-3213-031628659603}.Debug|Any CPU.ActiveCfg = Debug|Any CPU
		{7AA5C46F-9B68-F5A4-3213-031628659603}.Debug|Any CPU.Build.0 = Debug|Any CPU
		{7AA5C46F-9B68-F5A4-3213-031628659603}.Release|Any CPU.ActiveCfg = Release|Any CPU
		{7AA5C46F-9B68-F5A4-3213-031628659603}.Release|Any CPU.Build.0 = Release|Any CPU
		{9D69E972-C31C-AA4F-B667-DF08462C2F5A}.Debug|Any CPU.ActiveCfg = Debug|Any CPU
		{9D69E972-C31C-AA4F-B667-DF08462C2F5A}.Debug|Any CPU.Build.0 = Debug|Any CPU
		{9D69E972-C31C-AA4F-B667-DF08462C2F5A}.Release|Any CPU.ActiveCfg = Release|Any CPU
		{9D69E972-C31C-AA4F-B667-DF08462C2F5A}.Release|Any CPU.Build.0 = Release|Any CPU
		{523769AE-9A52-43F5-8120-02E857821B1D}.Debug|Any CPU.ActiveCfg = Debug|Any CPU
		{523769AE-9A52-43F5-8120-02E857821B1D}.Debug|Any CPU.Build.0 = Debug|Any CPU
		{523769AE-9A52-43F5-8120-02E857821B1D}.Release|Any CPU.ActiveCfg = Release|Any CPU
		{523769AE-9A52-43F5-8120-02E857821B1D}.Release|Any CPU.Build.0 = Release|Any CPU
		{7373C27D-2732-4C39-9272-BCD3355905E2}.Debug|Any CPU.ActiveCfg = Debug|Any CPU
		{7373C27D-2732-4C39-9272-BCD3355905E2}.Debug|Any CPU.Build.0 = Debug|Any CPU
		{7373C27D-2732-4C39-9272-BCD3355905E2}.Release|Any CPU.ActiveCfg = Release|Any CPU
		{7373C27D-2732-4C39-9272-BCD3355905E2}.Release|Any CPU.Build.0 = Release|Any CPU
		{D3305DF2-219D-3962-8512-DE351E7CE40B}.Debug|Any CPU.ActiveCfg = Debug|Any CPU
		{D3305DF2-219D-3962-8512-DE351E7CE40B}.Debug|Any CPU.Build.0 = Debug|Any CPU
		{D3305DF2-219D-3962-8512-DE351E7CE40B}.Release|Any CPU.ActiveCfg = Release|Any CPU
		{D3305DF2-219D-3962-8512-DE351E7CE40B}.Release|Any CPU.Build.0 = Release|Any CPU
		{3FAFAAFF-60C2-E06F-4CF7-0C4CEFA4693A}.Debug|Any CPU.ActiveCfg = Debug|Any CPU
		{3FAFAAFF-60C2-E06F-4CF7-0C4CEFA4693A}.Debug|Any CPU.Build.0 = Debug|Any CPU
		{3FAFAAFF-60C2-E06F-4CF7-0C4CEFA4693A}.Release|Any CPU.ActiveCfg = Release|Any CPU
		{3FAFAAFF-60C2-E06F-4CF7-0C4CEFA4693A}.Release|Any CPU.Build.0 = Release|Any CPU
		{228B57A6-F4F9-A6AB-EACC-6E2B0AE8F20C}.Debug|Any CPU.ActiveCfg = Debug|Any CPU
		{228B57A6-F4F9-A6AB-EACC-6E2B0AE8F20C}.Debug|Any CPU.Build.0 = Debug|Any CPU
		{228B57A6-F4F9-A6AB-EACC-6E2B0AE8F20C}.Release|Any CPU.ActiveCfg = Release|Any CPU
		{228B57A6-F4F9-A6AB-EACC-6E2B0AE8F20C}.Release|Any CPU.Build.0 = Release|Any CPU
		{2D203402-F2E1-38FF-7D65-55CB2C6AF724}.Debug|Any CPU.ActiveCfg = Debug|Any CPU
		{2D203402-F2E1-38FF-7D65-55CB2C6AF724}.Debug|Any CPU.Build.0 = Debug|Any CPU
		{2D203402-F2E1-38FF-7D65-55CB2C6AF724}.Release|Any CPU.ActiveCfg = Release|Any CPU
		{2D203402-F2E1-38FF-7D65-55CB2C6AF724}.Release|Any CPU.Build.0 = Release|Any CPU
		{9771ED1F-F350-8732-B25D-0E14584B0E52}.Debug|Any CPU.ActiveCfg = Debug|Any CPU
		{9771ED1F-F350-8732-B25D-0E14584B0E52}.Debug|Any CPU.Build.0 = Debug|Any CPU
		{9771ED1F-F350-8732-B25D-0E14584B0E52}.Release|Any CPU.ActiveCfg = Release|Any CPU
		{9771ED1F-F350-8732-B25D-0E14584B0E52}.Release|Any CPU.Build.0 = Release|Any CPU
		{77EAC968-2DBF-3924-0314-16D7137D89EE}.Debug|Any CPU.ActiveCfg = Debug|Any CPU
		{77EAC968-2DBF-3924-0314-16D7137D89EE}.Debug|Any CPU.Build.0 = Debug|Any CPU
		{77EAC968-2DBF-3924-0314-16D7137D89EE}.Release|Any CPU.ActiveCfg = Release|Any CPU
		{77EAC968-2DBF-3924-0314-16D7137D89EE}.Release|Any CPU.Build.0 = Release|Any CPU
		{2CE7515F-3A26-03FC-ABB1-4740EBAAEA8D}.Debug|Any CPU.ActiveCfg = Debug|Any CPU
		{2CE7515F-3A26-03FC-ABB1-4740EBAAEA8D}.Debug|Any CPU.Build.0 = Debug|Any CPU
		{2CE7515F-3A26-03FC-ABB1-4740EBAAEA8D}.Release|Any CPU.ActiveCfg = Release|Any CPU
		{2CE7515F-3A26-03FC-ABB1-4740EBAAEA8D}.Release|Any CPU.Build.0 = Release|Any CPU
		{A31F296B-51EE-FA61-C8EB-984486E53827}.Debug|Any CPU.ActiveCfg = Debug|Any CPU
		{A31F296B-51EE-FA61-C8EB-984486E53827}.Debug|Any CPU.Build.0 = Debug|Any CPU
		{A31F296B-51EE-FA61-C8EB-984486E53827}.Release|Any CPU.ActiveCfg = Release|Any CPU
		{A31F296B-51EE-FA61-C8EB-984486E53827}.Release|Any CPU.Build.0 = Release|Any CPU
		{689E0C30-F2E6-3F2B-FC5C-578F4BBCAEB4}.Debug|Any CPU.ActiveCfg = Debug|Any CPU
		{689E0C30-F2E6-3F2B-FC5C-578F4BBCAEB4}.Debug|Any CPU.Build.0 = Debug|Any CPU
		{689E0C30-F2E6-3F2B-FC5C-578F4BBCAEB4}.Release|Any CPU.ActiveCfg = Release|Any CPU
		{689E0C30-F2E6-3F2B-FC5C-578F4BBCAEB4}.Release|Any CPU.Build.0 = Release|Any CPU
		{041FCC35-7E7F-6631-C756-498EA8B56FB7}.Debug|Any CPU.ActiveCfg = Debug|Any CPU
		{041FCC35-7E7F-6631-C756-498EA8B56FB7}.Debug|Any CPU.Build.0 = Debug|Any CPU
		{041FCC35-7E7F-6631-C756-498EA8B56FB7}.Release|Any CPU.ActiveCfg = Release|Any CPU
		{041FCC35-7E7F-6631-C756-498EA8B56FB7}.Release|Any CPU.Build.0 = Release|Any CPU
		{3F81AB07-DC6B-5D9B-5306-AA1A00FDF9E1}.Debug|Any CPU.ActiveCfg = Debug|Any CPU
		{3F81AB07-DC6B-5D9B-5306-AA1A00FDF9E1}.Debug|Any CPU.Build.0 = Debug|Any CPU
		{3F81AB07-DC6B-5D9B-5306-AA1A00FDF9E1}.Release|Any CPU.ActiveCfg = Release|Any CPU
		{3F81AB07-DC6B-5D9B-5306-AA1A00FDF9E1}.Release|Any CPU.Build.0 = Release|Any CPU
		{0CCD48FD-E880-70E9-5CE6-D3C3B62AA93B}.Debug|Any CPU.ActiveCfg = Debug|Any CPU
		{0CCD48FD-E880-70E9-5CE6-D3C3B62AA93B}.Debug|Any CPU.Build.0 = Debug|Any CPU
		{0CCD48FD-E880-70E9-5CE6-D3C3B62AA93B}.Release|Any CPU.ActiveCfg = Release|Any CPU
		{0CCD48FD-E880-70E9-5CE6-D3C3B62AA93B}.Release|Any CPU.Build.0 = Release|Any CPU
		{33AB265C-0624-1FAB-D58E-D090E39A49FA}.Debug|Any CPU.ActiveCfg = Debug|Any CPU
		{33AB265C-0624-1FAB-D58E-D090E39A49FA}.Debug|Any CPU.Build.0 = Debug|Any CPU
		{33AB265C-0624-1FAB-D58E-D090E39A49FA}.Release|Any CPU.ActiveCfg = Release|Any CPU
		{33AB265C-0624-1FAB-D58E-D090E39A49FA}.Release|Any CPU.Build.0 = Release|Any CPU
		{5822B88F-E49C-648D-D776-A54BEEF94C15}.Debug|Any CPU.ActiveCfg = Debug|Any CPU
		{5822B88F-E49C-648D-D776-A54BEEF94C15}.Debug|Any CPU.Build.0 = Debug|Any CPU
		{5822B88F-E49C-648D-D776-A54BEEF94C15}.Release|Any CPU.ActiveCfg = Release|Any CPU
		{5822B88F-E49C-648D-D776-A54BEEF94C15}.Release|Any CPU.Build.0 = Release|Any CPU
		{EC698A8D-9F62-4568-21FA-1968E3D4D884}.Debug|Any CPU.ActiveCfg = Debug|Any CPU
		{EC698A8D-9F62-4568-21FA-1968E3D4D884}.Debug|Any CPU.Build.0 = Debug|Any CPU
		{EC698A8D-9F62-4568-21FA-1968E3D4D884}.Release|Any CPU.ActiveCfg = Release|Any CPU
		{EC698A8D-9F62-4568-21FA-1968E3D4D884}.Release|Any CPU.Build.0 = Release|Any CPU
		{81FD5F7C-74E3-AAE4-6896-4BE79DBCFDEB}.Debug|Any CPU.ActiveCfg = Debug|Any CPU
		{81FD5F7C-74E3-AAE4-6896-4BE79DBCFDEB}.Debug|Any CPU.Build.0 = Debug|Any CPU
		{81FD5F7C-74E3-AAE4-6896-4BE79DBCFDEB}.Release|Any CPU.ActiveCfg = Release|Any CPU
		{81FD5F7C-74E3-AAE4-6896-4BE79DBCFDEB}.Release|Any CPU.Build.0 = Release|Any CPU
		{DCE0D133-4D53-8A79-9511-CCBB8BC50C0C}.Debug|Any CPU.ActiveCfg = Debug|Any CPU
		{DCE0D133-4D53-8A79-9511-CCBB8BC50C0C}.Debug|Any CPU.Build.0 = Debug|Any CPU
		{DCE0D133-4D53-8A79-9511-CCBB8BC50C0C}.Release|Any CPU.ActiveCfg = Release|Any CPU
		{DCE0D133-4D53-8A79-9511-CCBB8BC50C0C}.Release|Any CPU.Build.0 = Release|Any CPU
		{88700968-1B00-092A-E5A6-8FD646A71043}.Debug|Any CPU.ActiveCfg = Debug|Any CPU
		{88700968-1B00-092A-E5A6-8FD646A71043}.Debug|Any CPU.Build.0 = Debug|Any CPU
		{88700968-1B00-092A-E5A6-8FD646A71043}.Release|Any CPU.ActiveCfg = Release|Any CPU
		{88700968-1B00-092A-E5A6-8FD646A71043}.Release|Any CPU.Build.0 = Release|Any CPU
		{A27541A1-C7F0-50E4-56D8-316C8AAAF8A1}.Debug|Any CPU.ActiveCfg = Debug|Any CPU
		{A27541A1-C7F0-50E4-56D8-316C8AAAF8A1}.Debug|Any CPU.Build.0 = Debug|Any CPU
		{A27541A1-C7F0-50E4-56D8-316C8AAAF8A1}.Release|Any CPU.ActiveCfg = Release|Any CPU
		{A27541A1-C7F0-50E4-56D8-316C8AAAF8A1}.Release|Any CPU.Build.0 = Release|Any CPU
		{480F5086-4B33-1469-D8E8-2230567FBEB9}.Debug|Any CPU.ActiveCfg = Debug|Any CPU
		{480F5086-4B33-1469-D8E8-2230567FBEB9}.Debug|Any CPU.Build.0 = Debug|Any CPU
		{480F5086-4B33-1469-D8E8-2230567FBEB9}.Release|Any CPU.ActiveCfg = Release|Any CPU
		{480F5086-4B33-1469-D8E8-2230567FBEB9}.Release|Any CPU.Build.0 = Release|Any CPU
		{7454EBF0-472B-71C1-4383-FD4B190E2860}.Debug|Any CPU.ActiveCfg = Debug|Any CPU
		{7454EBF0-472B-71C1-4383-FD4B190E2860}.Debug|Any CPU.Build.0 = Debug|Any CPU
		{7454EBF0-472B-71C1-4383-FD4B190E2860}.Release|Any CPU.ActiveCfg = Release|Any CPU
		{7454EBF0-472B-71C1-4383-FD4B190E2860}.Release|Any CPU.Build.0 = Release|Any CPU
		{A921F4F3-A8AF-6482-9C64-B6FA095570B3}.Debug|Any CPU.ActiveCfg = Debug|Any CPU
		{A921F4F3-A8AF-6482-9C64-B6FA095570B3}.Debug|Any CPU.Build.0 = Debug|Any CPU
		{A921F4F3-A8AF-6482-9C64-B6FA095570B3}.Release|Any CPU.ActiveCfg = Release|Any CPU
		{A921F4F3-A8AF-6482-9C64-B6FA095570B3}.Release|Any CPU.Build.0 = Release|Any CPU
		{ABA3341C-A632-D94D-ADA8-739A66B1EED2}.Debug|Any CPU.ActiveCfg = Debug|Any CPU
		{ABA3341C-A632-D94D-ADA8-739A66B1EED2}.Debug|Any CPU.Build.0 = Debug|Any CPU
		{ABA3341C-A632-D94D-ADA8-739A66B1EED2}.Release|Any CPU.ActiveCfg = Release|Any CPU
		{ABA3341C-A632-D94D-ADA8-739A66B1EED2}.Release|Any CPU.Build.0 = Release|Any CPU
		{E50ACD8A-EAFA-53ED-1F8C-FBD6D35C3843}.Debug|Any CPU.ActiveCfg = Debug|Any CPU
		{E50ACD8A-EAFA-53ED-1F8C-FBD6D35C3843}.Debug|Any CPU.Build.0 = Debug|Any CPU
		{E50ACD8A-EAFA-53ED-1F8C-FBD6D35C3843}.Release|Any CPU.ActiveCfg = Release|Any CPU
		{E50ACD8A-EAFA-53ED-1F8C-FBD6D35C3843}.Release|Any CPU.Build.0 = Release|Any CPU
		{4A90AADA-1EE7-CA84-0185-738A4DBB8697}.Debug|Any CPU.ActiveCfg = Debug|Any CPU
		{4A90AADA-1EE7-CA84-0185-738A4DBB8697}.Debug|Any CPU.Build.0 = Debug|Any CPU
		{4A90AADA-1EE7-CA84-0185-738A4DBB8697}.Release|Any CPU.ActiveCfg = Release|Any CPU
		{4A90AADA-1EE7-CA84-0185-738A4DBB8697}.Release|Any CPU.Build.0 = Release|Any CPU
		{DD8E6270-16F0-4686-B4B5-23B319258511}.Debug|Any CPU.ActiveCfg = Debug|Any CPU
		{DD8E6270-16F0-4686-B4B5-23B319258511}.Debug|Any CPU.Build.0 = Debug|Any CPU
		{DD8E6270-16F0-4686-B4B5-23B319258511}.Release|Any CPU.ActiveCfg = Release|Any CPU
		{DD8E6270-16F0-4686-B4B5-23B319258511}.Release|Any CPU.Build.0 = Release|Any CPU
		{81A0197C-4B27-2E51-6946-42D42234C441}.Debug|Any CPU.ActiveCfg = Debug|Any CPU
		{81A0197C-4B27-2E51-6946-42D42234C441}.Debug|Any CPU.Build.0 = Debug|Any CPU
		{81A0197C-4B27-2E51-6946-42D42234C441}.Release|Any CPU.ActiveCfg = Release|Any CPU
		{81A0197C-4B27-2E51-6946-42D42234C441}.Release|Any CPU.Build.0 = Release|Any CPU
		{F739C5F2-A529-4381-AB93-93662F64404C}.Debug|Any CPU.ActiveCfg = Debug|Any CPU
		{F739C5F2-A529-4381-AB93-93662F64404C}.Debug|Any CPU.Build.0 = Debug|Any CPU
		{F739C5F2-A529-4381-AB93-93662F64404C}.Release|Any CPU.ActiveCfg = Release|Any CPU
		{F739C5F2-A529-4381-AB93-93662F64404C}.Release|Any CPU.Build.0 = Release|Any CPU
		{5FC557FB-0756-4A27-9498-B08A31CE9D26}.Debug|Any CPU.ActiveCfg = Debug|Any CPU
		{5FC557FB-0756-4A27-9498-B08A31CE9D26}.Debug|Any CPU.Build.0 = Debug|Any CPU
		{5FC557FB-0756-4A27-9498-B08A31CE9D26}.Release|Any CPU.ActiveCfg = Release|Any CPU
		{5FC557FB-0756-4A27-9498-B08A31CE9D26}.Release|Any CPU.Build.0 = Release|Any CPU
		{CDE4D863-5834-DC7F-8AEC-C640E31AE699}.Debug|Any CPU.ActiveCfg = Debug|Any CPU
		{CDE4D863-5834-DC7F-8AEC-C640E31AE699}.Debug|Any CPU.Build.0 = Debug|Any CPU
		{CDE4D863-5834-DC7F-8AEC-C640E31AE699}.Release|Any CPU.ActiveCfg = Release|Any CPU
		{CDE4D863-5834-DC7F-8AEC-C640E31AE699}.Release|Any CPU.Build.0 = Release|Any CPU
		{7B0F953A-E371-05B7-F01A-35A3BBD80127}.Debug|Any CPU.ActiveCfg = Debug|Any CPU
		{7B0F953A-E371-05B7-F01A-35A3BBD80127}.Debug|Any CPU.Build.0 = Debug|Any CPU
		{7B0F953A-E371-05B7-F01A-35A3BBD80127}.Release|Any CPU.ActiveCfg = Release|Any CPU
		{7B0F953A-E371-05B7-F01A-35A3BBD80127}.Release|Any CPU.Build.0 = Release|Any CPU
		{CDB4930F-98B1-3234-DBCD-9531CE992696}.Debug|Any CPU.ActiveCfg = Debug|Any CPU
		{CDB4930F-98B1-3234-DBCD-9531CE992696}.Debug|Any CPU.Build.0 = Debug|Any CPU
		{CDB4930F-98B1-3234-DBCD-9531CE992696}.Release|Any CPU.ActiveCfg = Release|Any CPU
		{CDB4930F-98B1-3234-DBCD-9531CE992696}.Release|Any CPU.Build.0 = Release|Any CPU
		{E82E9B1C-6B4D-2FD0-0D13-EA1AD5A25841}.Debug|Any CPU.ActiveCfg = Debug|Any CPU
		{E82E9B1C-6B4D-2FD0-0D13-EA1AD5A25841}.Debug|Any CPU.Build.0 = Debug|Any CPU
		{E82E9B1C-6B4D-2FD0-0D13-EA1AD5A25841}.Release|Any CPU.ActiveCfg = Release|Any CPU
		{E82E9B1C-6B4D-2FD0-0D13-EA1AD5A25841}.Release|Any CPU.Build.0 = Release|Any CPU
		{95189EEE-F674-ABE7-358E-AF3592CF7770}.Debug|Any CPU.ActiveCfg = Debug|Any CPU
		{95189EEE-F674-ABE7-358E-AF3592CF7770}.Debug|Any CPU.Build.0 = Debug|Any CPU
		{95189EEE-F674-ABE7-358E-AF3592CF7770}.Release|Any CPU.ActiveCfg = Release|Any CPU
		{95189EEE-F674-ABE7-358E-AF3592CF7770}.Release|Any CPU.Build.0 = Release|Any CPU
		{AA223B66-C702-83BC-B917-2472EFA359BD}.Debug|Any CPU.ActiveCfg = Debug|Any CPU
		{AA223B66-C702-83BC-B917-2472EFA359BD}.Debug|Any CPU.Build.0 = Debug|Any CPU
		{AA223B66-C702-83BC-B917-2472EFA359BD}.Release|Any CPU.ActiveCfg = Release|Any CPU
		{AA223B66-C702-83BC-B917-2472EFA359BD}.Release|Any CPU.Build.0 = Release|Any CPU
		{DD715FE4-CBB4-0DBB-2357-2DEB75FF7187}.Debug|Any CPU.ActiveCfg = Debug|Any CPU
		{DD715FE4-CBB4-0DBB-2357-2DEB75FF7187}.Debug|Any CPU.Build.0 = Debug|Any CPU
		{DD715FE4-CBB4-0DBB-2357-2DEB75FF7187}.Release|Any CPU.ActiveCfg = Release|Any CPU
		{DD715FE4-CBB4-0DBB-2357-2DEB75FF7187}.Release|Any CPU.Build.0 = Release|Any CPU
		{9B290E23-3C28-C281-FE28-AEF94565421A}.Debug|Any CPU.ActiveCfg = Debug|Any CPU
		{9B290E23-3C28-C281-FE28-AEF94565421A}.Debug|Any CPU.Build.0 = Debug|Any CPU
		{9B290E23-3C28-C281-FE28-AEF94565421A}.Release|Any CPU.ActiveCfg = Release|Any CPU
		{9B290E23-3C28-C281-FE28-AEF94565421A}.Release|Any CPU.Build.0 = Release|Any CPU
		{E5801067-5AE5-8CD3-2B62-7B56F430A82B}.Debug|Any CPU.ActiveCfg = Debug|Any CPU
		{E5801067-5AE5-8CD3-2B62-7B56F430A82B}.Debug|Any CPU.Build.0 = Debug|Any CPU
		{E5801067-5AE5-8CD3-2B62-7B56F430A82B}.Release|Any CPU.ActiveCfg = Release|Any CPU
		{E5801067-5AE5-8CD3-2B62-7B56F430A82B}.Release|Any CPU.Build.0 = Release|Any CPU
		{606AD6B1-C57B-EED3-25A6-5E68B7B13D86}.Debug|Any CPU.ActiveCfg = Debug|Any CPU
		{606AD6B1-C57B-EED3-25A6-5E68B7B13D86}.Debug|Any CPU.Build.0 = Debug|Any CPU
		{606AD6B1-C57B-EED3-25A6-5E68B7B13D86}.Release|Any CPU.ActiveCfg = Release|Any CPU
		{606AD6B1-C57B-EED3-25A6-5E68B7B13D86}.Release|Any CPU.Build.0 = Release|Any CPU
		{13F97917-203A-ACB1-00D0-CE2ECDBFCB44}.Debug|Any CPU.ActiveCfg = Debug|Any CPU
		{13F97917-203A-ACB1-00D0-CE2ECDBFCB44}.Debug|Any CPU.Build.0 = Debug|Any CPU
		{13F97917-203A-ACB1-00D0-CE2ECDBFCB44}.Release|Any CPU.ActiveCfg = Release|Any CPU
		{13F97917-203A-ACB1-00D0-CE2ECDBFCB44}.Release|Any CPU.Build.0 = Release|Any CPU
		{A76A0790-2F75-6DC5-A3EE-555BB9A74685}.Debug|Any CPU.ActiveCfg = Debug|Any CPU
		{A76A0790-2F75-6DC5-A3EE-555BB9A74685}.Debug|Any CPU.Build.0 = Debug|Any CPU
		{A76A0790-2F75-6DC5-A3EE-555BB9A74685}.Release|Any CPU.ActiveCfg = Release|Any CPU
		{A76A0790-2F75-6DC5-A3EE-555BB9A74685}.Release|Any CPU.Build.0 = Release|Any CPU
		{F6709108-3000-6328-5B65-D6F889C12051}.Debug|Any CPU.ActiveCfg = Debug|Any CPU
		{F6709108-3000-6328-5B65-D6F889C12051}.Debug|Any CPU.Build.0 = Debug|Any CPU
		{F6709108-3000-6328-5B65-D6F889C12051}.Release|Any CPU.ActiveCfg = Release|Any CPU
		{F6709108-3000-6328-5B65-D6F889C12051}.Release|Any CPU.Build.0 = Release|Any CPU
		{CD7F0642-73DD-D5C7-E493-8B2EFBEC18E5}.Debug|Any CPU.ActiveCfg = Debug|Any CPU
		{CD7F0642-73DD-D5C7-E493-8B2EFBEC18E5}.Debug|Any CPU.Build.0 = Debug|Any CPU
		{CD7F0642-73DD-D5C7-E493-8B2EFBEC18E5}.Release|Any CPU.ActiveCfg = Release|Any CPU
		{CD7F0642-73DD-D5C7-E493-8B2EFBEC18E5}.Release|Any CPU.Build.0 = Release|Any CPU
		{48E2F0C7-0BC3-4DA6-5860-B2BBE3D14D41}.Debug|Any CPU.ActiveCfg = Debug|Any CPU
		{48E2F0C7-0BC3-4DA6-5860-B2BBE3D14D41}.Debug|Any CPU.Build.0 = Debug|Any CPU
		{48E2F0C7-0BC3-4DA6-5860-B2BBE3D14D41}.Release|Any CPU.ActiveCfg = Release|Any CPU
		{48E2F0C7-0BC3-4DA6-5860-B2BBE3D14D41}.Release|Any CPU.Build.0 = Release|Any CPU
		{771BBCF4-4B6A-2E21-A6BE-38BBBCF80EA8}.Debug|Any CPU.ActiveCfg = Debug|Any CPU
		{771BBCF4-4B6A-2E21-A6BE-38BBBCF80EA8}.Debug|Any CPU.Build.0 = Debug|Any CPU
		{771BBCF4-4B6A-2E21-A6BE-38BBBCF80EA8}.Release|Any CPU.ActiveCfg = Release|Any CPU
		{771BBCF4-4B6A-2E21-A6BE-38BBBCF80EA8}.Release|Any CPU.Build.0 = Release|Any CPU
		{9EC0EB5E-DC91-4999-2D58-CCD3F7CAE8D6}.Debug|Any CPU.ActiveCfg = Debug|Any CPU
		{9EC0EB5E-DC91-4999-2D58-CCD3F7CAE8D6}.Debug|Any CPU.Build.0 = Debug|Any CPU
		{9EC0EB5E-DC91-4999-2D58-CCD3F7CAE8D6}.Release|Any CPU.ActiveCfg = Release|Any CPU
		{9EC0EB5E-DC91-4999-2D58-CCD3F7CAE8D6}.Release|Any CPU.Build.0 = Release|Any CPU
		{3D13E04E-A974-A9F4-65F1-1F4E5EA23495}.Debug|Any CPU.ActiveCfg = Debug|Any CPU
		{3D13E04E-A974-A9F4-65F1-1F4E5EA23495}.Debug|Any CPU.Build.0 = Debug|Any CPU
		{3D13E04E-A974-A9F4-65F1-1F4E5EA23495}.Release|Any CPU.ActiveCfg = Release|Any CPU
		{3D13E04E-A974-A9F4-65F1-1F4E5EA23495}.Release|Any CPU.Build.0 = Release|Any CPU
		{2A4B8880-A8B3-3D1A-5DCC-1F0273600D53}.Debug|Any CPU.ActiveCfg = Debug|Any CPU
		{2A4B8880-A8B3-3D1A-5DCC-1F0273600D53}.Debug|Any CPU.Build.0 = Debug|Any CPU
		{2A4B8880-A8B3-3D1A-5DCC-1F0273600D53}.Release|Any CPU.ActiveCfg = Release|Any CPU
		{2A4B8880-A8B3-3D1A-5DCC-1F0273600D53}.Release|Any CPU.Build.0 = Release|Any CPU
		{2BA2CF61-21FB-A76B-4862-8D518E58267E}.Debug|Any CPU.ActiveCfg = Debug|Any CPU
		{2BA2CF61-21FB-A76B-4862-8D518E58267E}.Debug|Any CPU.Build.0 = Debug|Any CPU
		{2BA2CF61-21FB-A76B-4862-8D518E58267E}.Release|Any CPU.ActiveCfg = Release|Any CPU
		{2BA2CF61-21FB-A76B-4862-8D518E58267E}.Release|Any CPU.Build.0 = Release|Any CPU
		{17C3EA34-6AD9-2584-184C-081E437607A8}.Debug|Any CPU.ActiveCfg = Debug|Any CPU
		{17C3EA34-6AD9-2584-184C-081E437607A8}.Debug|Any CPU.Build.0 = Debug|Any CPU
		{17C3EA34-6AD9-2584-184C-081E437607A8}.Release|Any CPU.ActiveCfg = Release|Any CPU
		{17C3EA34-6AD9-2584-184C-081E437607A8}.Release|Any CPU.Build.0 = Release|Any CPU
		{0997A715-8A51-E68C-4B9E-3E74AF729A73}.Debug|Any CPU.ActiveCfg = Debug|Any CPU
		{0997A715-8A51-E68C-4B9E-3E74AF729A73}.Debug|Any CPU.Build.0 = Debug|Any CPU
		{0997A715-8A51-E68C-4B9E-3E74AF729A73}.Release|Any CPU.ActiveCfg = Release|Any CPU
		{0997A715-8A51-E68C-4B9E-3E74AF729A73}.Release|Any CPU.Build.0 = Release|Any CPU
		{0EF5B679-9A26-3A46-69C9-A38CAD0B6EBE}.Debug|Any CPU.ActiveCfg = Debug|Any CPU
		{0EF5B679-9A26-3A46-69C9-A38CAD0B6EBE}.Debug|Any CPU.Build.0 = Debug|Any CPU
		{0EF5B679-9A26-3A46-69C9-A38CAD0B6EBE}.Release|Any CPU.ActiveCfg = Release|Any CPU
		{0EF5B679-9A26-3A46-69C9-A38CAD0B6EBE}.Release|Any CPU.Build.0 = Release|Any CPU
		{2E0E73E5-53C6-35CE-F900-54E316C66CD2}.Debug|Any CPU.ActiveCfg = Debug|Any CPU
		{2E0E73E5-53C6-35CE-F900-54E316C66CD2}.Debug|Any CPU.Build.0 = Debug|Any CPU
		{2E0E73E5-53C6-35CE-F900-54E316C66CD2}.Release|Any CPU.ActiveCfg = Release|Any CPU
		{2E0E73E5-53C6-35CE-F900-54E316C66CD2}.Release|Any CPU.Build.0 = Release|Any CPU
		{9E66A186-3EA6-1504-028E-AD03ADFF013C}.Debug|Any CPU.ActiveCfg = Debug|Any CPU
		{9E66A186-3EA6-1504-028E-AD03ADFF013C}.Debug|Any CPU.Build.0 = Debug|Any CPU
		{9E66A186-3EA6-1504-028E-AD03ADFF013C}.Release|Any CPU.ActiveCfg = Release|Any CPU
		{9E66A186-3EA6-1504-028E-AD03ADFF013C}.Release|Any CPU.Build.0 = Release|Any CPU
		{E3567E4B-6AFA-307B-B2E9-D56FE83330AF}.Debug|Any CPU.ActiveCfg = Debug|Any CPU
		{E3567E4B-6AFA-307B-B2E9-D56FE83330AF}.Debug|Any CPU.Build.0 = Debug|Any CPU
		{E3567E4B-6AFA-307B-B2E9-D56FE83330AF}.Release|Any CPU.ActiveCfg = Release|Any CPU
		{E3567E4B-6AFA-307B-B2E9-D56FE83330AF}.Release|Any CPU.Build.0 = Release|Any CPU
		{4A2460A1-7AC0-3ABB-0384-2C000BBBA3F5}.Debug|Any CPU.ActiveCfg = Debug|Any CPU
		{4A2460A1-7AC0-3ABB-0384-2C000BBBA3F5}.Debug|Any CPU.Build.0 = Debug|Any CPU
		{4A2460A1-7AC0-3ABB-0384-2C000BBBA3F5}.Release|Any CPU.ActiveCfg = Release|Any CPU
		{4A2460A1-7AC0-3ABB-0384-2C000BBBA3F5}.Release|Any CPU.Build.0 = Release|Any CPU
		{C3792E74-563B-9E98-585D-5A99D7548D1E}.Debug|Any CPU.ActiveCfg = Debug|Any CPU
		{C3792E74-563B-9E98-585D-5A99D7548D1E}.Debug|Any CPU.Build.0 = Debug|Any CPU
		{C3792E74-563B-9E98-585D-5A99D7548D1E}.Release|Any CPU.ActiveCfg = Release|Any CPU
		{C3792E74-563B-9E98-585D-5A99D7548D1E}.Release|Any CPU.Build.0 = Release|Any CPU
		{9083A96B-CED1-0DE7-93EF-80C67F034BB6}.Debug|Any CPU.ActiveCfg = Debug|Any CPU
		{9083A96B-CED1-0DE7-93EF-80C67F034BB6}.Debug|Any CPU.Build.0 = Debug|Any CPU
		{9083A96B-CED1-0DE7-93EF-80C67F034BB6}.Release|Any CPU.ActiveCfg = Release|Any CPU
		{9083A96B-CED1-0DE7-93EF-80C67F034BB6}.Release|Any CPU.Build.0 = Release|Any CPU
		{985DD704-E073-461F-166C-A9FC257AB96D}.Debug|Any CPU.ActiveCfg = Debug|Any CPU
		{985DD704-E073-461F-166C-A9FC257AB96D}.Debug|Any CPU.Build.0 = Debug|Any CPU
		{985DD704-E073-461F-166C-A9FC257AB96D}.Release|Any CPU.ActiveCfg = Release|Any CPU
		{985DD704-E073-461F-166C-A9FC257AB96D}.Release|Any CPU.Build.0 = Release|Any CPU
		{6AE9233B-F772-8A67-49C5-F96E9B508252}.Debug|Any CPU.ActiveCfg = Debug|Any CPU
		{6AE9233B-F772-8A67-49C5-F96E9B508252}.Debug|Any CPU.Build.0 = Debug|Any CPU
		{6AE9233B-F772-8A67-49C5-F96E9B508252}.Release|Any CPU.ActiveCfg = Release|Any CPU
		{6AE9233B-F772-8A67-49C5-F96E9B508252}.Release|Any CPU.Build.0 = Release|Any CPU
		{9535829F-04E6-0965-2F8E-8C4A2CA54B10}.Debug|Any CPU.ActiveCfg = Debug|Any CPU
		{9535829F-04E6-0965-2F8E-8C4A2CA54B10}.Debug|Any CPU.Build.0 = Debug|Any CPU
		{9535829F-04E6-0965-2F8E-8C4A2CA54B10}.Release|Any CPU.ActiveCfg = Release|Any CPU
		{9535829F-04E6-0965-2F8E-8C4A2CA54B10}.Release|Any CPU.Build.0 = Release|Any CPU
		{BCC1C721-55B3-3B64-BF8B-07D263511F7C}.Debug|Any CPU.ActiveCfg = Debug|Any CPU
		{BCC1C721-55B3-3B64-BF8B-07D263511F7C}.Debug|Any CPU.Build.0 = Debug|Any CPU
		{BCC1C721-55B3-3B64-BF8B-07D263511F7C}.Release|Any CPU.ActiveCfg = Release|Any CPU
		{BCC1C721-55B3-3B64-BF8B-07D263511F7C}.Release|Any CPU.Build.0 = Release|Any CPU
		{102ACAB6-3C29-60E6-F28C-A5831684C538}.Debug|Any CPU.ActiveCfg = Debug|Any CPU
		{102ACAB6-3C29-60E6-F28C-A5831684C538}.Debug|Any CPU.Build.0 = Debug|Any CPU
		{102ACAB6-3C29-60E6-F28C-A5831684C538}.Release|Any CPU.ActiveCfg = Release|Any CPU
		{102ACAB6-3C29-60E6-F28C-A5831684C538}.Release|Any CPU.Build.0 = Release|Any CPU
		{611E06B8-B646-13B6-8A4B-0E02BF951FD2}.Debug|Any CPU.ActiveCfg = Debug|Any CPU
		{611E06B8-B646-13B6-8A4B-0E02BF951FD2}.Debug|Any CPU.Build.0 = Debug|Any CPU
		{611E06B8-B646-13B6-8A4B-0E02BF951FD2}.Release|Any CPU.ActiveCfg = Release|Any CPU
		{611E06B8-B646-13B6-8A4B-0E02BF951FD2}.Release|Any CPU.Build.0 = Release|Any CPU
		{6B3A4957-A5CF-F5B2-76B0-8B9B71091FD5}.Debug|Any CPU.ActiveCfg = Debug|Any CPU
		{6B3A4957-A5CF-F5B2-76B0-8B9B71091FD5}.Debug|Any CPU.Build.0 = Debug|Any CPU
		{6B3A4957-A5CF-F5B2-76B0-8B9B71091FD5}.Release|Any CPU.ActiveCfg = Release|Any CPU
		{6B3A4957-A5CF-F5B2-76B0-8B9B71091FD5}.Release|Any CPU.Build.0 = Release|Any CPU
		{2FE07F66-50CA-DAB2-7C1A-6F8FB144112D}.Debug|Any CPU.ActiveCfg = Debug|Any CPU
		{2FE07F66-50CA-DAB2-7C1A-6F8FB144112D}.Debug|Any CPU.Build.0 = Debug|Any CPU
		{2FE07F66-50CA-DAB2-7C1A-6F8FB144112D}.Release|Any CPU.ActiveCfg = Release|Any CPU
		{2FE07F66-50CA-DAB2-7C1A-6F8FB144112D}.Release|Any CPU.Build.0 = Release|Any CPU
		{B90841FA-4159-0781-3A1B-36D53EF98862}.Debug|Any CPU.ActiveCfg = Debug|Any CPU
		{B90841FA-4159-0781-3A1B-36D53EF98862}.Debug|Any CPU.Build.0 = Debug|Any CPU
		{B90841FA-4159-0781-3A1B-36D53EF98862}.Release|Any CPU.ActiveCfg = Release|Any CPU
		{B90841FA-4159-0781-3A1B-36D53EF98862}.Release|Any CPU.Build.0 = Release|Any CPU
		{D21959B4-D86F-BE01-0FE6-B682BBE9C180}.Debug|Any CPU.ActiveCfg = Debug|Any CPU
		{D21959B4-D86F-BE01-0FE6-B682BBE9C180}.Debug|Any CPU.Build.0 = Debug|Any CPU
		{D21959B4-D86F-BE01-0FE6-B682BBE9C180}.Release|Any CPU.ActiveCfg = Release|Any CPU
		{D21959B4-D86F-BE01-0FE6-B682BBE9C180}.Release|Any CPU.Build.0 = Release|Any CPU
		{B5028236-A94C-4CA2-AA88-647ECF4236E7}.Debug|Any CPU.ActiveCfg = Debug|Any CPU
		{B5028236-A94C-4CA2-AA88-647ECF4236E7}.Debug|Any CPU.Build.0 = Debug|Any CPU
		{B5028236-A94C-4CA2-AA88-647ECF4236E7}.Release|Any CPU.ActiveCfg = Release|Any CPU
		{B5028236-A94C-4CA2-AA88-647ECF4236E7}.Release|Any CPU.Build.0 = Release|Any CPU
		{A557C74B-0E48-4CC0-9E1A-5FEF7F4EA542}.Debug|Any CPU.ActiveCfg = Debug|Any CPU
		{A557C74B-0E48-4CC0-9E1A-5FEF7F4EA542}.Debug|Any CPU.Build.0 = Debug|Any CPU
		{A557C74B-0E48-4CC0-9E1A-5FEF7F4EA542}.Release|Any CPU.ActiveCfg = Release|Any CPU
		{A557C74B-0E48-4CC0-9E1A-5FEF7F4EA542}.Release|Any CPU.Build.0 = Release|Any CPU
		{6F85609F-511C-462A-A52A-5F0F6816E7DD}.Debug|Any CPU.ActiveCfg = Debug|Any CPU
		{6F85609F-511C-462A-A52A-5F0F6816E7DD}.Debug|Any CPU.Build.0 = Debug|Any CPU
		{6F85609F-511C-462A-A52A-5F0F6816E7DD}.Release|Any CPU.ActiveCfg = Release|Any CPU
		{6F85609F-511C-462A-A52A-5F0F6816E7DD}.Release|Any CPU.Build.0 = Release|Any CPU
	EndGlobalSection
	GlobalSection(SolutionProperties) = preSolution
		HideSolutionNode = FALSE
	EndGlobalSection
	GlobalSection(NestedProjects) = preSolution
		{C3958F51-1182-4EBB-17F5-F57ECFA831B5} = {02EA681E-C7D8-13C7-8484-4AC65E1B71E8}
		{87217922-555F-B640-ECA2-AF4E4A39F34C} = {02EA681E-C7D8-13C7-8484-4AC65E1B71E8}
		{244720E4-70C3-DACA-E767-EE9D618E74A8} = {02EA681E-C7D8-13C7-8484-4AC65E1B71E8}
		{669009BF-96B7-BBE1-D4A9-CFC0CC9190C7} = {02EA681E-C7D8-13C7-8484-4AC65E1B71E8}
		{52E2DE58-FAA8-F6AE-6432-841BF18619A5} = {02EA681E-C7D8-13C7-8484-4AC65E1B71E8}
		{7AA5C46F-9B68-F5A4-3213-031628659603} = {02EA681E-C7D8-13C7-8484-4AC65E1B71E8}
		{DDB22414-AFA2-4E17-9A65-0C1CEF8D0685} = {02EA681E-C7D8-13C7-8484-4AC65E1B71E8}
		{9D69E972-C31C-AA4F-B667-DF08462C2F5A} = {DDB22414-AFA2-4E17-9A65-0C1CEF8D0685}
		{523769AE-9A52-43F5-8120-02E857821B1D} = {DDB22414-AFA2-4E17-9A65-0C1CEF8D0685}
		{7373C27D-2732-4C39-9272-BCD3355905E2} = {DDB22414-AFA2-4E17-9A65-0C1CEF8D0685}
		{D3305DF2-219D-3962-8512-DE351E7CE40B} = {528D7B74-4684-403A-97F9-358BC9D429F6}
		{3FAFAAFF-60C2-E06F-4CF7-0C4CEFA4693A} = {528D7B74-4684-403A-97F9-358BC9D429F6}
		{228B57A6-F4F9-A6AB-EACC-6E2B0AE8F20C} = {528D7B74-4684-403A-97F9-358BC9D429F6}
		{2D203402-F2E1-38FF-7D65-55CB2C6AF724} = {528D7B74-4684-403A-97F9-358BC9D429F6}
		{9771ED1F-F350-8732-B25D-0E14584B0E52} = {528D7B74-4684-403A-97F9-358BC9D429F6}
		{77EAC968-2DBF-3924-0314-16D7137D89EE} = {528D7B74-4684-403A-97F9-358BC9D429F6}
		{2CE7515F-3A26-03FC-ABB1-4740EBAAEA8D} = {528D7B74-4684-403A-97F9-358BC9D429F6}
		{A31F296B-51EE-FA61-C8EB-984486E53827} = {528D7B74-4684-403A-97F9-358BC9D429F6}
		{689E0C30-F2E6-3F2B-FC5C-578F4BBCAEB4} = {528D7B74-4684-403A-97F9-358BC9D429F6}
		{041FCC35-7E7F-6631-C756-498EA8B56FB7} = {528D7B74-4684-403A-97F9-358BC9D429F6}
		{3F81AB07-DC6B-5D9B-5306-AA1A00FDF9E1} = {528D7B74-4684-403A-97F9-358BC9D429F6}
		{0CCD48FD-E880-70E9-5CE6-D3C3B62AA93B} = {528D7B74-4684-403A-97F9-358BC9D429F6}
		{33AB265C-0624-1FAB-D58E-D090E39A49FA} = {528D7B74-4684-403A-97F9-358BC9D429F6}
		{5822B88F-E49C-648D-D776-A54BEEF94C15} = {528D7B74-4684-403A-97F9-358BC9D429F6}
		{EC698A8D-9F62-4568-21FA-1968E3D4D884} = {528D7B74-4684-403A-97F9-358BC9D429F6}
		{81FD5F7C-74E3-AAE4-6896-4BE79DBCFDEB} = {66EB02BC-002E-4DB7-9F65-9A431ADC826B}
		{DCE0D133-4D53-8A79-9511-CCBB8BC50C0C} = {66EB02BC-002E-4DB7-9F65-9A431ADC826B}
		{88700968-1B00-092A-E5A6-8FD646A71043} = {66EB02BC-002E-4DB7-9F65-9A431ADC826B}
		{A27541A1-C7F0-50E4-56D8-316C8AAAF8A1} = {66EB02BC-002E-4DB7-9F65-9A431ADC826B}
		{480F5086-4B33-1469-D8E8-2230567FBEB9} = {66EB02BC-002E-4DB7-9F65-9A431ADC826B}
		{7454EBF0-472B-71C1-4383-FD4B190E2860} = {66EB02BC-002E-4DB7-9F65-9A431ADC826B}
		{A921F4F3-A8AF-6482-9C64-B6FA095570B3} = {66EB02BC-002E-4DB7-9F65-9A431ADC826B}
		{ABA3341C-A632-D94D-ADA8-739A66B1EED2} = {66EB02BC-002E-4DB7-9F65-9A431ADC826B}
		{E50ACD8A-EAFA-53ED-1F8C-FBD6D35C3843} = {66EB02BC-002E-4DB7-9F65-9A431ADC826B}
		{2AF3D4DE-F155-46AA-88D7-F15F44B84FD1} = {66EB02BC-002E-4DB7-9F65-9A431ADC826B}
		{4A90AADA-1EE7-CA84-0185-738A4DBB8697} = {2AF3D4DE-F155-46AA-88D7-F15F44B84FD1}
		{DD8E6270-16F0-4686-B4B5-23B319258511} = {2AF3D4DE-F155-46AA-88D7-F15F44B84FD1}
		{81A0197C-4B27-2E51-6946-42D42234C441} = {2AF3D4DE-F155-46AA-88D7-F15F44B84FD1}
		{F739C5F2-A529-4381-AB93-93662F64404C} = {2AF3D4DE-F155-46AA-88D7-F15F44B84FD1}
		{5FC557FB-0756-4A27-9498-B08A31CE9D26} = {2AF3D4DE-F155-46AA-88D7-F15F44B84FD1}
		{CDE4D863-5834-DC7F-8AEC-C640E31AE699} = {66EB02BC-002E-4DB7-9F65-9A431ADC826B}
		{7B0F953A-E371-05B7-F01A-35A3BBD80127} = {66EB02BC-002E-4DB7-9F65-9A431ADC826B}
		{CDB4930F-98B1-3234-DBCD-9531CE992696} = {66EB02BC-002E-4DB7-9F65-9A431ADC826B}
		{E82E9B1C-6B4D-2FD0-0D13-EA1AD5A25841} = {66EB02BC-002E-4DB7-9F65-9A431ADC826B}
		{95189EEE-F674-ABE7-358E-AF3592CF7770} = {66EB02BC-002E-4DB7-9F65-9A431ADC826B}
		{AA223B66-C702-83BC-B917-2472EFA359BD} = {BEEFB0BD-0BBB-4B29-8B78-76600620E6F4}
		{DD715FE4-CBB4-0DBB-2357-2DEB75FF7187} = {BEEFB0BD-0BBB-4B29-8B78-76600620E6F4}
		{9B290E23-3C28-C281-FE28-AEF94565421A} = {BEEFB0BD-0BBB-4B29-8B78-76600620E6F4}
		{E5801067-5AE5-8CD3-2B62-7B56F430A82B} = {BEEFB0BD-0BBB-4B29-8B78-76600620E6F4}
		{606AD6B1-C57B-EED3-25A6-5E68B7B13D86} = {B93D2433-25D7-418C-9C82-06E8A274674B}
		{13F97917-203A-ACB1-00D0-CE2ECDBFCB44} = {B93D2433-25D7-418C-9C82-06E8A274674B}
		{A76A0790-2F75-6DC5-A3EE-555BB9A74685} = {B93D2433-25D7-418C-9C82-06E8A274674B}
		{F6709108-3000-6328-5B65-D6F889C12051} = {B71951B4-D370-4335-ACA5-98D2FF3D544E}
		{CD7F0642-73DD-D5C7-E493-8B2EFBEC18E5} = {B71951B4-D370-4335-ACA5-98D2FF3D544E}
		{48E2F0C7-0BC3-4DA6-5860-B2BBE3D14D41} = {B71951B4-D370-4335-ACA5-98D2FF3D544E}
		{771BBCF4-4B6A-2E21-A6BE-38BBBCF80EA8} = {B71951B4-D370-4335-ACA5-98D2FF3D544E}
		{9EC0EB5E-DC91-4999-2D58-CCD3F7CAE8D6} = {B71951B4-D370-4335-ACA5-98D2FF3D544E}
		{3D13E04E-A974-A9F4-65F1-1F4E5EA23495} = {B71951B4-D370-4335-ACA5-98D2FF3D544E}
		{2A4B8880-A8B3-3D1A-5DCC-1F0273600D53} = {B71951B4-D370-4335-ACA5-98D2FF3D544E}
		{2BA2CF61-21FB-A76B-4862-8D518E58267E} = {B71951B4-D370-4335-ACA5-98D2FF3D544E}
		{17C3EA34-6AD9-2584-184C-081E437607A8} = {B71951B4-D370-4335-ACA5-98D2FF3D544E}
		{0997A715-8A51-E68C-4B9E-3E74AF729A73} = {14F480C1-F17C-4DC2-9AA9-7E5DEF650E0F}
		{0EF5B679-9A26-3A46-69C9-A38CAD0B6EBE} = {14F480C1-F17C-4DC2-9AA9-7E5DEF650E0F}
		{2E0E73E5-53C6-35CE-F900-54E316C66CD2} = {14F480C1-F17C-4DC2-9AA9-7E5DEF650E0F}
		{9E66A186-3EA6-1504-028E-AD03ADFF013C} = {14F480C1-F17C-4DC2-9AA9-7E5DEF650E0F}
		{E3567E4B-6AFA-307B-B2E9-D56FE83330AF} = {62A39076-B467-4F70-A6DA-32576533D0F3}
		{4A2460A1-7AC0-3ABB-0384-2C000BBBA3F5} = {62A39076-B467-4F70-A6DA-32576533D0F3}
		{C3792E74-563B-9E98-585D-5A99D7548D1E} = {62A39076-B467-4F70-A6DA-32576533D0F3}
		{9083A96B-CED1-0DE7-93EF-80C67F034BB6} = {62A39076-B467-4F70-A6DA-32576533D0F3}
		{985DD704-E073-461F-166C-A9FC257AB96D} = {62A39076-B467-4F70-A6DA-32576533D0F3}
		{6AE9233B-F772-8A67-49C5-F96E9B508252} = {62A39076-B467-4F70-A6DA-32576533D0F3}
		{9535829F-04E6-0965-2F8E-8C4A2CA54B10} = {45768B9E-3315-49C9-8A31-DF790C4704C0}
		{BCC1C721-55B3-3B64-BF8B-07D263511F7C} = {45768B9E-3315-49C9-8A31-DF790C4704C0}
		{102ACAB6-3C29-60E6-F28C-A5831684C538} = {45768B9E-3315-49C9-8A31-DF790C4704C0}
		{611E06B8-B646-13B6-8A4B-0E02BF951FD2} = {45768B9E-3315-49C9-8A31-DF790C4704C0}
		{6B3A4957-A5CF-F5B2-76B0-8B9B71091FD5} = {45768B9E-3315-49C9-8A31-DF790C4704C0}
		{2FE07F66-50CA-DAB2-7C1A-6F8FB144112D} = {45768B9E-3315-49C9-8A31-DF790C4704C0}
		{B90841FA-4159-0781-3A1B-36D53EF98862} = {09602D53-DDAA-4EE7-BE17-6A1FCA2B521F}
		{D21959B4-D86F-BE01-0FE6-B682BBE9C180} = {09602D53-DDAA-4EE7-BE17-6A1FCA2B521F}
		{B5028236-A94C-4CA2-AA88-647ECF4236E7} = {09602D53-DDAA-4EE7-BE17-6A1FCA2B521F}
		{1DDC2350-7640-416E-81BD-43F328A00075} = {09602D53-DDAA-4EE7-BE17-6A1FCA2B521F}
		{A557C74B-0E48-4CC0-9E1A-5FEF7F4EA542} = {1DDC2350-7640-416E-81BD-43F328A00075}
		{6F85609F-511C-462A-A52A-5F0F6816E7DD} = {1DDC2350-7640-416E-81BD-43F328A00075}
	EndGlobalSection
	GlobalSection(ExtensibilityGlobals) = postSolution
		SolutionGuid = {1D145E40-A10F-4E91-BBD4-4AB7D5A016C8}
	EndGlobalSection
EndGlobal
